<?xml version="1.0" encoding="UTF-8"?>
<Project ToolsVersion="12.0" xmlns="http://schemas.microsoft.com/developer/msbuild/2003">
  <ItemGroup>
    <CustomBuild Include="E:\D\MITK-superbuild\ep\src\ITK\Modules\Filtering\AnisotropicSmoothing\CMakeLists.txt" />
  </ItemGroup>
  <ItemGroup>
    <None Include="E:\D\MITK-superbuild\ep\src\ITK\Modules\Filtering\AnisotropicSmoothing\include\itkAnisotropicDiffusionFunction.h">
      <Filter>Header Files</Filter>
    </None>
    <None Include="E:\D\MITK-superbuild\ep\src\ITK\Modules\Filtering\AnisotropicSmoothing\include\itkAnisotropicDiffusionImageFilter.h">
      <Filter>Header Files</Filter>
    </None>
    <None Include="E:\D\MITK-superbuild\ep\src\ITK\Modules\Filtering\AnisotropicSmoothing\include\itkCurvatureAnisotropicDiffusionImageFilter.h">
      <Filter>Header Files</Filter>
    </None>
    <None Include="E:\D\MITK-superbuild\ep\src\ITK\Modules\Filtering\AnisotropicSmoothing\include\itkCurvatureNDAnisotropicDiffusionFunction.h">
      <Filter>Header Files</Filter>
    </None>
    <None Include="E:\D\MITK-superbuild\ep\src\ITK\Modules\Filtering\AnisotropicSmoothing\include\itkGradientAnisotropicDiffusionImageFilter.h">
      <Filter>Header Files</Filter>
    </None>
    <None Include="E:\D\MITK-superbuild\ep\src\ITK\Modules\Filtering\AnisotropicSmoothing\include\itkGradientNDAnisotropicDiffusionFunction.h">
      <Filter>Header Files</Filter>
    </None>
    <None Include="E:\D\MITK-superbuild\ep\src\ITK\Modules\Filtering\AnisotropicSmoothing\include\itkScalarAnisotropicDiffusionFunction.h">
      <Filter>Header Files</Filter>
    </None>
    <None Include="E:\D\MITK-superbuild\ep\src\ITK\Modules\Filtering\AnisotropicSmoothing\include\itkVectorAnisotropicDiffusionFunction.h">
      <Filter>Header Files</Filter>
    </None>
    <None Include="E:\D\MITK-superbuild\ep\src\ITK\Modules\Filtering\AnisotropicSmoothing\include\itkVectorCurvatureAnisotropicDiffusionImageFilter.h">
      <Filter>Header Files</Filter>
    </None>
    <None Include="E:\D\MITK-superbuild\ep\src\ITK\Modules\Filtering\AnisotropicSmoothing\include\itkVectorCurvatureNDAnisotropicDiffusionFunction.h">
      <Filter>Header Files</Filter>
    </None>
    <None Include="E:\D\MITK-superbuild\ep\src\ITK\Modules\Filtering\AnisotropicSmoothing\include\itkVectorGradientAnisotropicDiffusionImageFilter.h">
      <Filter>Header Files</Filter>
    </None>
    <None Include="E:\D\MITK-superbuild\ep\src\ITK\Modules\Filtering\AnisotropicSmoothing\include\itkVectorGradientNDAnisotropicDiffusionFunction.h">
      <Filter>Header Files</Filter>
    </None>
    <None Include="E:\D\MITK-superbuild\ep\src\ITK\Modules\Filtering\AnisotropicSmoothing\include\itkAnisotropicDiffusionImageFilter.hxx">
      <Filter>Header Files</Filter>
    </None>
    <None Include="E:\D\MITK-superbuild\ep\src\ITK\Modules\Filtering\AnisotropicSmoothing\include\itkCurvatureNDAnisotropicDiffusionFunction.hxx">
      <Filter>Header Files</Filter>
    </None>
    <None Include="E:\D\MITK-superbuild\ep\src\ITK\Modules\Filtering\AnisotropicSmoothing\include\itkGradientNDAnisotropicDiffusionFunction.hxx">
      <Filter>Header Files</Filter>
    </None>
    <None Include="E:\D\MITK-superbuild\ep\src\ITK\Modules\Filtering\AnisotropicSmoothing\include\itkScalarAnisotropicDiffusionFunction.hxx">
      <Filter>Header Files</Filter>
    </None>
    <None Include="E:\D\MITK-superbuild\ep\src\ITK\Modules\Filtering\AnisotropicSmoothing\include\itkVectorAnisotropicDiffusionFunction.hxx">
      <Filter>Header Files</Filter>
    </None>
    <None Include="E:\D\MITK-superbuild\ep\src\ITK\Modules\Filtering\AnisotropicSmoothing\include\itkVectorCurvatureNDAnisotropicDiffusionFunction.hxx">
      <Filter>Header Files</Filter>
    </None>
    <None Include="E:\D\MITK-superbuild\ep\src\ITK\Modules\Filtering\AnisotropicSmoothing\include\itkVectorGradientNDAnisotropicDiffusionFunction.hxx">
      <Filter>Header Files</Filter>
    </None>
  </ItemGroup>
  <ItemGroup>
    <Filter Include="Header Files">
      <UniqueIdentifier>{6C223742-F5CF-3E04-B549-B8955F112D9A}</UniqueIdentifier>
    </Filter>
  </ItemGroup>
</Project>
