<?xml version="1.0" encoding="UTF-8"?>
<Project ToolsVersion="12.0" xmlns="http://schemas.microsoft.com/developer/msbuild/2003">
  <ItemGroup>
    <ClCompile Include="E:\D\MITK-superbuild\ep\src\VTK\Imaging\Fourier\vtkImageButterworthHighPass.cxx">
      <Filter>Source Files</Filter>
    </ClCompile>
    <ClCompile Include="E:\D\MITK-superbuild\ep\src\VTK\Imaging\Fourier\vtkImageButterworthLowPass.cxx">
      <Filter>Source Files</Filter>
    </ClCompile>
    <ClCompile Include="E:\D\MITK-superbuild\ep\src\VTK\Imaging\Fourier\vtkImageFFT.cxx">
      <Filter>Source Files</Filter>
    </ClCompile>
    <ClCompile Include="E:\D\MITK-superbuild\ep\src\VTK\Imaging\Fourier\vtkImageFourierCenter.cxx">
      <Filter>Source Files</Filter>
    </ClCompile>
    <ClCompile Include="E:\D\MITK-superbuild\ep\src\VTK\Imaging\Fourier\vtkImageFourierFilter.cxx">
      <Filter>Source Files</Filter>
    </ClCompile>
    <ClCompile Include="E:\D\MITK-superbuild\ep\src\VTK\Imaging\Fourier\vtkImageIdealHighPass.cxx">
      <Filter>Source Files</Filter>
    </ClCompile>
    <ClCompile Include="E:\D\MITK-superbuild\ep\src\VTK\Imaging\Fourier\vtkImageIdealLowPass.cxx">
      <Filter>Source Files</Filter>
    </ClCompile>
    <ClCompile Include="E:\D\MITK-superbuild\ep\src\VTK\Imaging\Fourier\vtkImageRFFT.cxx">
      <Filter>Source Files</Filter>
    </ClCompile>
    <ClCompile Include="E:\D\MITK-superbuild\ep\src\VTK\Imaging\Fourier\vtkTableFFT.cxx">
      <Filter>Source Files</Filter>
    </ClCompile>
    <ClCompile Include="E:\D\MITK-superbuild\ep\src\VTK-build\Imaging\Fourier\vtkImagingFourierInstantiator.cxx">
      <Filter>Source Files</Filter>
    </ClCompile>
  </ItemGroup>
  <ItemGroup>
    <ClInclude Include="E:\D\MITK-superbuild\ep\src\VTK\Imaging\Fourier\vtkImageButterworthHighPass.h">
      <Filter>Header Files</Filter>
    </ClInclude>
    <ClInclude Include="E:\D\MITK-superbuild\ep\src\VTK\Imaging\Fourier\vtkImageButterworthLowPass.h">
      <Filter>Header Files</Filter>
    </ClInclude>
    <ClInclude Include="E:\D\MITK-superbuild\ep\src\VTK\Imaging\Fourier\vtkImageFFT.h">
      <Filter>Header Files</Filter>
    </ClInclude>
    <ClInclude Include="E:\D\MITK-superbuild\ep\src\VTK\Imaging\Fourier\vtkImageFourierCenter.h">
      <Filter>Header Files</Filter>
    </ClInclude>
    <ClInclude Include="E:\D\MITK-superbuild\ep\src\VTK\Imaging\Fourier\vtkImageFourierFilter.h">
      <Filter>Header Files</Filter>
    </ClInclude>
    <ClInclude Include="E:\D\MITK-superbuild\ep\src\VTK\Imaging\Fourier\vtkImageIdealHighPass.h">
      <Filter>Header Files</Filter>
    </ClInclude>
    <ClInclude Include="E:\D\MITK-superbuild\ep\src\VTK\Imaging\Fourier\vtkImageIdealLowPass.h">
      <Filter>Header Files</Filter>
    </ClInclude>
    <ClInclude Include="E:\D\MITK-superbuild\ep\src\VTK\Imaging\Fourier\vtkImageRFFT.h">
      <Filter>Header Files</Filter>
    </ClInclude>
    <ClInclude Include="E:\D\MITK-superbuild\ep\src\VTK\Imaging\Fourier\vtkTableFFT.h">
      <Filter>Header Files</Filter>
    </ClInclude>
    <ClInclude Include="E:\D\MITK-superbuild\ep\src\VTK-build\Imaging\Fourier\vtkImagingFourierModule.h">
      <Filter>Header Files</Filter>
    </ClInclude>
    <ClInclude Include="E:\D\MITK-superbuild\ep\src\VTK-build\Imaging\Fourier\vtkImagingFourierInstantiator.h">
      <Filter>Header Files</Filter>
    </ClInclude>
  </ItemGroup>
  <ItemGroup>
    <CustomBuild Include="E:\D\MITK-superbuild\ep\src\VTK\Imaging\Fourier\CMakeLists.txt" />
  </ItemGroup>
  <ItemGroup>
    <Filter Include="Source Files">
      <UniqueIdentifier>{B8573E94-36CD-38B9-BB2A-4F9466D8DF17}</UniqueIdentifier>
    </Filter>
    <Filter Include="Header Files">
      <UniqueIdentifier>{2DE3B47B-2DB9-3535-836B-E2F8044C9462}</UniqueIdentifier>
    </Filter>
  </ItemGroup>
</Project>
