<?xml version="1.0" encoding="UTF-8"?>
<Project ToolsVersion="12.0" xmlns="http://schemas.microsoft.com/developer/msbuild/2003">
  <ItemGroup>
    <CustomBuild Include="E:\D\MITK-superbuild\ep\src\CTK-build\CMakeFiles\ff8ae3aab801be9a5663ab3da1986fe4\INSTALL_force.rule">
      <Filter>CMake Rules</Filter>
    </CustomBuild>
  </ItemGroup>
  <ItemGroup>
    <Filter Include="CMake Rules">
      <UniqueIdentifier>{DFA9691A-7D09-3DE4-B042-5A8DC8121D8F}</UniqueIdentifier>
    </Filter>
  </ItemGroup>
</Project>
