Microsoft Visual Studio Solution File, Format Version 12.00
# Visual Studio 2013
Project("{8BC9CEB8-8B4A-11D0-8D11-00A0C91BC942}") = "ALL_BUILD", "ALL_BUILD.vcxproj", "{AC7474D4-01F7-3B87-B283-3298B635F9FE}"
	ProjectSection(ProjectDependencies) = postProject
		{3DCDFC95-A70F-3A60-AD55-67FE7A898CAE} = {3DCDFC95-A70F-3A60-AD55-67FE7A898CAE}
		{E8B8DD73-C9FD-3DD0-BA04-61D49EC5BD00} = {E8B8DD73-C9FD-3DD0-BA04-61D49EC5BD00}
		{F2B4B4A9-3540-3475-9D25-B1023CD2AB25} = {F2B4B4A9-3540-3475-9D25-B1023CD2AB25}
		{362813B3-1EAC-3113-9882-5141FC341359} = {362813B3-1EAC-3113-9882-5141FC341359}
		{8F01F15D-273C-37A4-9280-B9F45C45121A} = {8F01F15D-273C-37A4-9280-B9F45C45121A}
		{BE5C7CCC-FCCD-3A0F-BBD3-BED559AF2788} = {BE5C7CCC-FCCD-3A0F-BBD3-BED559AF2788}
		{0DA63B72-254C-3242-9C4B-CF435EEC02B3} = {0DA63B72-254C-3242-9C4B-CF435EEC02B3}
		{2D5D2BEF-9F8E-3B77-8845-5A6D771D7EAB} = {2D5D2BEF-9F8E-3B77-8845-5A6D771D7EAB}
		{83247617-6785-3D5B-88C8-9EE60B3F095F} = {83247617-6785-3D5B-88C8-9EE60B3F095F}
		{6A5E59F8-976D-3421-85E3-535EADF4CA1D} = {6A5E59F8-976D-3421-85E3-535EADF4CA1D}
		{344ACD51-CE38-3023-A909-0711516B2E84} = {344ACD51-CE38-3023-A909-0711516B2E84}
		{591B03B8-3BAD-312B-B559-458CAAA4AB37} = {591B03B8-3BAD-312B-B559-458CAAA4AB37}
		{21FA1735-6862-3059-8466-C6E7CD58E3D8} = {21FA1735-6862-3059-8466-C6E7CD58E3D8}
		{713BB111-C93A-3F08-BEA4-9908D63C86B2} = {713BB111-C93A-3F08-BEA4-9908D63C86B2}
	EndProjectSection
EndProject
Project("{8BC9CEB8-8B4A-11D0-8D11-00A0C91BC942}") = "CTKCommandLineModulesBackendLocalProcess", "Libs\CommandLineModules\Backend\LocalProcess\CTKCommandLineModulesBackendLocalProcess.vcxproj", "{3DCDFC95-A70F-3A60-AD55-67FE7A898CAE}"
	ProjectSection(ProjectDependencies) = postProject
		{E8B8DD73-C9FD-3DD0-BA04-61D49EC5BD00} = {E8B8DD73-C9FD-3DD0-BA04-61D49EC5BD00}
		{362813B3-1EAC-3113-9882-5141FC341359} = {362813B3-1EAC-3113-9882-5141FC341359}
		{591B03B8-3BAD-312B-B559-458CAAA4AB37} = {591B03B8-3BAD-312B-B559-458CAAA4AB37}
	EndProjectSection
EndProject
Project("{8BC9CEB8-8B4A-11D0-8D11-00A0C91BC942}") = "CTKCommandLineModulesCore", "Libs\CommandLineModules\Core\CTKCommandLineModulesCore.vcxproj", "{E8B8DD73-C9FD-3DD0-BA04-61D49EC5BD00}"
	ProjectSection(ProjectDependencies) = postProject
		{362813B3-1EAC-3113-9882-5141FC341359} = {362813B3-1EAC-3113-9882-5141FC341359}
		{591B03B8-3BAD-312B-B559-458CAAA4AB37} = {591B03B8-3BAD-312B-B559-458CAAA4AB37}
	EndProjectSection
EndProject
Project("{8BC9CEB8-8B4A-11D0-8D11-00A0C91BC942}") = "CTKCommandLineModulesFrontendQtGui", "Libs\CommandLineModules\Frontend\QtGui\CTKCommandLineModulesFrontendQtGui.vcxproj", "{F2B4B4A9-3540-3475-9D25-B1023CD2AB25}"
	ProjectSection(ProjectDependencies) = postProject
		{E8B8DD73-C9FD-3DD0-BA04-61D49EC5BD00} = {E8B8DD73-C9FD-3DD0-BA04-61D49EC5BD00}
		{362813B3-1EAC-3113-9882-5141FC341359} = {362813B3-1EAC-3113-9882-5141FC341359}
		{591B03B8-3BAD-312B-B559-458CAAA4AB37} = {591B03B8-3BAD-312B-B559-458CAAA4AB37}
	EndProjectSection
EndProject
Project("{8BC9CEB8-8B4A-11D0-8D11-00A0C91BC942}") = "CTKCore", "Libs\Core\CTKCore.vcxproj", "{362813B3-1EAC-3113-9882-5141FC341359}"
	ProjectSection(ProjectDependencies) = postProject
		{591B03B8-3BAD-312B-B559-458CAAA4AB37} = {591B03B8-3BAD-312B-B559-458CAAA4AB37}
	EndProjectSection
EndProject
Project("{8BC9CEB8-8B4A-11D0-8D11-00A0C91BC942}") = "CTKDICOMCore", "Libs\DICOM\Core\CTKDICOMCore.vcxproj", "{8F01F15D-273C-37A4-9280-B9F45C45121A}"
	ProjectSection(ProjectDependencies) = postProject
		{362813B3-1EAC-3113-9882-5141FC341359} = {362813B3-1EAC-3113-9882-5141FC341359}
		{591B03B8-3BAD-312B-B559-458CAAA4AB37} = {591B03B8-3BAD-312B-B559-458CAAA4AB37}
	EndProjectSection
EndProject
Project("{8BC9CEB8-8B4A-11D0-8D11-00A0C91BC942}") = "CTKDICOMWidgets", "Libs\DICOM\Widgets\CTKDICOMWidgets.vcxproj", "{BE5C7CCC-FCCD-3A0F-BBD3-BED559AF2788}"
	ProjectSection(ProjectDependencies) = postProject
		{362813B3-1EAC-3113-9882-5141FC341359} = {362813B3-1EAC-3113-9882-5141FC341359}
		{8F01F15D-273C-37A4-9280-B9F45C45121A} = {8F01F15D-273C-37A4-9280-B9F45C45121A}
		{83247617-6785-3D5B-88C8-9EE60B3F095F} = {83247617-6785-3D5B-88C8-9EE60B3F095F}
		{591B03B8-3BAD-312B-B559-458CAAA4AB37} = {591B03B8-3BAD-312B-B559-458CAAA4AB37}
	EndProjectSection
EndProject
Project("{8BC9CEB8-8B4A-11D0-8D11-00A0C91BC942}") = "CTKDICOMWidgetsPlugins", "Libs\DICOM\Widgets\Plugins\CTKDICOMWidgetsPlugins.vcxproj", "{0DA63B72-254C-3242-9C4B-CF435EEC02B3}"
	ProjectSection(ProjectDependencies) = postProject
		{362813B3-1EAC-3113-9882-5141FC341359} = {362813B3-1EAC-3113-9882-5141FC341359}
		{8F01F15D-273C-37A4-9280-B9F45C45121A} = {8F01F15D-273C-37A4-9280-B9F45C45121A}
		{BE5C7CCC-FCCD-3A0F-BBD3-BED559AF2788} = {BE5C7CCC-FCCD-3A0F-BBD3-BED559AF2788}
		{83247617-6785-3D5B-88C8-9EE60B3F095F} = {83247617-6785-3D5B-88C8-9EE60B3F095F}
		{591B03B8-3BAD-312B-B559-458CAAA4AB37} = {591B03B8-3BAD-312B-B559-458CAAA4AB37}
	EndProjectSection
EndProject
Project("{8BC9CEB8-8B4A-11D0-8D11-00A0C91BC942}") = "CTKPluginFramework", "Libs\PluginFramework\CTKPluginFramework.vcxproj", "{2D5D2BEF-9F8E-3B77-8845-5A6D771D7EAB}"
	ProjectSection(ProjectDependencies) = postProject
		{362813B3-1EAC-3113-9882-5141FC341359} = {362813B3-1EAC-3113-9882-5141FC341359}
		{591B03B8-3BAD-312B-B559-458CAAA4AB37} = {591B03B8-3BAD-312B-B559-458CAAA4AB37}
	EndProjectSection
EndProject
Project("{8BC9CEB8-8B4A-11D0-8D11-00A0C91BC942}") = "CTKWidgets", "Libs\Widgets\CTKWidgets.vcxproj", "{83247617-6785-3D5B-88C8-9EE60B3F095F}"
	ProjectSection(ProjectDependencies) = postProject
		{362813B3-1EAC-3113-9882-5141FC341359} = {362813B3-1EAC-3113-9882-5141FC341359}
		{591B03B8-3BAD-312B-B559-458CAAA4AB37} = {591B03B8-3BAD-312B-B559-458CAAA4AB37}
	EndProjectSection
EndProject
Project("{8BC9CEB8-8B4A-11D0-8D11-00A0C91BC942}") = "CTKWidgetsPlugins", "Libs\Widgets\Plugins\CTKWidgetsPlugins.vcxproj", "{6A5E59F8-976D-3421-85E3-535EADF4CA1D}"
	ProjectSection(ProjectDependencies) = postProject
		{362813B3-1EAC-3113-9882-5141FC341359} = {362813B3-1EAC-3113-9882-5141FC341359}
		{83247617-6785-3D5B-88C8-9EE60B3F095F} = {83247617-6785-3D5B-88C8-9EE60B3F095F}
		{591B03B8-3BAD-312B-B559-458CAAA4AB37} = {591B03B8-3BAD-312B-B559-458CAAA4AB37}
	EndProjectSection
EndProject
Project("{8BC9CEB8-8B4A-11D0-8D11-00A0C91BC942}") = "CTKXNATCore", "Libs\XNAT\Core\CTKXNATCore.vcxproj", "{344ACD51-CE38-3023-A909-0711516B2E84}"
	ProjectSection(ProjectDependencies) = postProject
		{362813B3-1EAC-3113-9882-5141FC341359} = {362813B3-1EAC-3113-9882-5141FC341359}
		{591B03B8-3BAD-312B-B559-458CAAA4AB37} = {591B03B8-3BAD-312B-B559-458CAAA4AB37}
	EndProjectSection
EndProject
Project("{8BC9CEB8-8B4A-11D0-8D11-00A0C91BC942}") = "INSTALL", "INSTALL.vcxproj", "{B5C569EE-2024-32A5-B272-C39516D2B792}"
	ProjectSection(ProjectDependencies) = postProject
		{AC7474D4-01F7-3B87-B283-3298B635F9FE} = {AC7474D4-01F7-3B87-B283-3298B635F9FE}
		{591B03B8-3BAD-312B-B559-458CAAA4AB37} = {591B03B8-3BAD-312B-B559-458CAAA4AB37}
	EndProjectSection
EndProject
Project("{8BC9CEB8-8B4A-11D0-8D11-00A0C91BC942}") = "ZERO_CHECK", "ZERO_CHECK.vcxproj", "{591B03B8-3BAD-312B-B559-458CAAA4AB37}"
	ProjectSection(ProjectDependencies) = postProject
	EndProjectSection
EndProject
Project("{8BC9CEB8-8B4A-11D0-8D11-00A0C91BC942}") = "org_commontk_configadmin", "Plugins\org.commontk.configadmin\org_commontk_configadmin.vcxproj", "{21FA1735-6862-3059-8466-C6E7CD58E3D8}"
	ProjectSection(ProjectDependencies) = postProject
		{362813B3-1EAC-3113-9882-5141FC341359} = {362813B3-1EAC-3113-9882-5141FC341359}
		{2D5D2BEF-9F8E-3B77-8845-5A6D771D7EAB} = {2D5D2BEF-9F8E-3B77-8845-5A6D771D7EAB}
		{591B03B8-3BAD-312B-B559-458CAAA4AB37} = {591B03B8-3BAD-312B-B559-458CAAA4AB37}
	EndProjectSection
EndProject
Project("{8BC9CEB8-8B4A-11D0-8D11-00A0C91BC942}") = "org_commontk_eventadmin", "Plugins\org.commontk.eventadmin\org_commontk_eventadmin.vcxproj", "{713BB111-C93A-3F08-BEA4-9908D63C86B2}"
	ProjectSection(ProjectDependencies) = postProject
		{362813B3-1EAC-3113-9882-5141FC341359} = {362813B3-1EAC-3113-9882-5141FC341359}
		{2D5D2BEF-9F8E-3B77-8845-5A6D771D7EAB} = {2D5D2BEF-9F8E-3B77-8845-5A6D771D7EAB}
		{591B03B8-3BAD-312B-B559-458CAAA4AB37} = {591B03B8-3BAD-312B-B559-458CAAA4AB37}
	EndProjectSection
EndProject
Global
	GlobalSection(SolutionConfigurationPlatforms) = preSolution
		Debug|Win32 = Debug|Win32
		Release|Win32 = Release|Win32
		MinSizeRel|Win32 = MinSizeRel|Win32
		RelWithDebInfo|Win32 = RelWithDebInfo|Win32
	EndGlobalSection
	GlobalSection(ProjectConfigurationPlatforms) = postSolution
		{AC7474D4-01F7-3B87-B283-3298B635F9FE}.Debug|Win32.ActiveCfg = Debug|Win32
		{AC7474D4-01F7-3B87-B283-3298B635F9FE}.Debug|Win32.Build.0 = Debug|Win32
		{AC7474D4-01F7-3B87-B283-3298B635F9FE}.Release|Win32.ActiveCfg = Release|Win32
		{AC7474D4-01F7-3B87-B283-3298B635F9FE}.Release|Win32.Build.0 = Release|Win32
		{AC7474D4-01F7-3B87-B283-3298B635F9FE}.MinSizeRel|Win32.ActiveCfg = MinSizeRel|Win32
		{AC7474D4-01F7-3B87-B283-3298B635F9FE}.MinSizeRel|Win32.Build.0 = MinSizeRel|Win32
		{AC7474D4-01F7-3B87-B283-3298B635F9FE}.RelWithDebInfo|Win32.ActiveCfg = RelWithDebInfo|Win32
		{AC7474D4-01F7-3B87-B283-3298B635F9FE}.RelWithDebInfo|Win32.Build.0 = RelWithDebInfo|Win32
		{3DCDFC95-A70F-3A60-AD55-67FE7A898CAE}.Debug|Win32.ActiveCfg = Debug|Win32
		{3DCDFC95-A70F-3A60-AD55-67FE7A898CAE}.Debug|Win32.Build.0 = Debug|Win32
		{3DCDFC95-A70F-3A60-AD55-67FE7A898CAE}.Release|Win32.ActiveCfg = Release|Win32
		{3DCDFC95-A70F-3A60-AD55-67FE7A898CAE}.Release|Win32.Build.0 = Release|Win32
		{3DCDFC95-A70F-3A60-AD55-67FE7A898CAE}.MinSizeRel|Win32.ActiveCfg = MinSizeRel|Win32
		{3DCDFC95-A70F-3A60-AD55-67FE7A898CAE}.MinSizeRel|Win32.Build.0 = MinSizeRel|Win32
		{3DCDFC95-A70F-3A60-AD55-67FE7A898CAE}.RelWithDebInfo|Win32.ActiveCfg = RelWithDebInfo|Win32
		{3DCDFC95-A70F-3A60-AD55-67FE7A898CAE}.RelWithDebInfo|Win32.Build.0 = RelWithDebInfo|Win32
		{E8B8DD73-C9FD-3DD0-BA04-61D49EC5BD00}.Debug|Win32.ActiveCfg = Debug|Win32
		{E8B8DD73-C9FD-3DD0-BA04-61D49EC5BD00}.Debug|Win32.Build.0 = Debug|Win32
		{E8B8DD73-C9FD-3DD0-BA04-61D49EC5BD00}.Release|Win32.ActiveCfg = Release|Win32
		{E8B8DD73-C9FD-3DD0-BA04-61D49EC5BD00}.Release|Win32.Build.0 = Release|Win32
		{E8B8DD73-C9FD-3DD0-BA04-61D49EC5BD00}.MinSizeRel|Win32.ActiveCfg = MinSizeRel|Win32
		{E8B8DD73-C9FD-3DD0-BA04-61D49EC5BD00}.MinSizeRel|Win32.Build.0 = MinSizeRel|Win32
		{E8B8DD73-C9FD-3DD0-BA04-61D49EC5BD00}.RelWithDebInfo|Win32.ActiveCfg = RelWithDebInfo|Win32
		{E8B8DD73-C9FD-3DD0-BA04-61D49EC5BD00}.RelWithDebInfo|Win32.Build.0 = RelWithDebInfo|Win32
		{F2B4B4A9-3540-3475-9D25-B1023CD2AB25}.Debug|Win32.ActiveCfg = Debug|Win32
		{F2B4B4A9-3540-3475-9D25-B1023CD2AB25}.Debug|Win32.Build.0 = Debug|Win32
		{F2B4B4A9-3540-3475-9D25-B1023CD2AB25}.Release|Win32.ActiveCfg = Release|Win32
		{F2B4B4A9-3540-3475-9D25-B1023CD2AB25}.Release|Win32.Build.0 = Release|Win32
		{F2B4B4A9-3540-3475-9D25-B1023CD2AB25}.MinSizeRel|Win32.ActiveCfg = MinSizeRel|Win32
		{F2B4B4A9-3540-3475-9D25-B1023CD2AB25}.MinSizeRel|Win32.Build.0 = MinSizeRel|Win32
		{F2B4B4A9-3540-3475-9D25-B1023CD2AB25}.RelWithDebInfo|Win32.ActiveCfg = RelWithDebInfo|Win32
		{F2B4B4A9-3540-3475-9D25-B1023CD2AB25}.RelWithDebInfo|Win32.Build.0 = RelWithDebInfo|Win32
		{362813B3-1EAC-3113-9882-5141FC341359}.Debug|Win32.ActiveCfg = Debug|Win32
		{362813B3-1EAC-3113-9882-5141FC341359}.Debug|Win32.Build.0 = Debug|Win32
		{362813B3-1EAC-3113-9882-5141FC341359}.Release|Win32.ActiveCfg = Release|Win32
		{362813B3-1EAC-3113-9882-5141FC341359}.Release|Win32.Build.0 = Release|Win32
		{362813B3-1EAC-3113-9882-5141FC341359}.MinSizeRel|Win32.ActiveCfg = MinSizeRel|Win32
		{362813B3-1EAC-3113-9882-5141FC341359}.MinSizeRel|Win32.Build.0 = MinSizeRel|Win32
		{362813B3-1EAC-3113-9882-5141FC341359}.RelWithDebInfo|Win32.ActiveCfg = RelWithDebInfo|Win32
		{362813B3-1EAC-3113-9882-5141FC341359}.RelWithDebInfo|Win32.Build.0 = RelWithDebInfo|Win32
		{8F01F15D-273C-37A4-9280-B9F45C45121A}.Debug|Win32.ActiveCfg = Debug|Win32
		{8F01F15D-273C-37A4-9280-B9F45C45121A}.Debug|Win32.Build.0 = Debug|Win32
		{8F01F15D-273C-37A4-9280-B9F45C45121A}.Release|Win32.ActiveCfg = Release|Win32
		{8F01F15D-273C-37A4-9280-B9F45C45121A}.Release|Win32.Build.0 = Release|Win32
		{8F01F15D-273C-37A4-9280-B9F45C45121A}.MinSizeRel|Win32.ActiveCfg = MinSizeRel|Win32
		{8F01F15D-273C-37A4-9280-B9F45C45121A}.MinSizeRel|Win32.Build.0 = MinSizeRel|Win32
		{8F01F15D-273C-37A4-9280-B9F45C45121A}.RelWithDebInfo|Win32.ActiveCfg = RelWithDebInfo|Win32
		{8F01F15D-273C-37A4-9280-B9F45C45121A}.RelWithDebInfo|Win32.Build.0 = RelWithDebInfo|Win32
		{BE5C7CCC-FCCD-3A0F-BBD3-BED559AF2788}.Debug|Win32.ActiveCfg = Debug|Win32
		{BE5C7CCC-FCCD-3A0F-BBD3-BED559AF2788}.Debug|Win32.Build.0 = Debug|Win32
		{BE5C7CCC-FCCD-3A0F-BBD3-BED559AF2788}.Release|Win32.ActiveCfg = Release|Win32
		{BE5C7CCC-FCCD-3A0F-BBD3-BED559AF2788}.Release|Win32.Build.0 = Release|Win32
		{BE5C7CCC-FCCD-3A0F-BBD3-BED559AF2788}.MinSizeRel|Win32.ActiveCfg = MinSizeRel|Win32
		{BE5C7CCC-FCCD-3A0F-BBD3-BED559AF2788}.MinSizeRel|Win32.Build.0 = MinSizeRel|Win32
		{BE5C7CCC-FCCD-3A0F-BBD3-BED559AF2788}.RelWithDebInfo|Win32.ActiveCfg = RelWithDebInfo|Win32
		{BE5C7CCC-FCCD-3A0F-BBD3-BED559AF2788}.RelWithDebInfo|Win32.Build.0 = RelWithDebInfo|Win32
		{0DA63B72-254C-3242-9C4B-CF435EEC02B3}.Debug|Win32.ActiveCfg = Debug|Win32
		{0DA63B72-254C-3242-9C4B-CF435EEC02B3}.Debug|Win32.Build.0 = Debug|Win32
		{0DA63B72-254C-3242-9C4B-CF435EEC02B3}.Release|Win32.ActiveCfg = Release|Win32
		{0DA63B72-254C-3242-9C4B-CF435EEC02B3}.Release|Win32.Build.0 = Release|Win32
		{0DA63B72-254C-3242-9C4B-CF435EEC02B3}.MinSizeRel|Win32.ActiveCfg = MinSizeRel|Win32
		{0DA63B72-254C-3242-9C4B-CF435EEC02B3}.MinSizeRel|Win32.Build.0 = MinSizeRel|Win32
		{0DA63B72-254C-3242-9C4B-CF435EEC02B3}.RelWithDebInfo|Win32.ActiveCfg = RelWithDebInfo|Win32
		{0DA63B72-254C-3242-9C4B-CF435EEC02B3}.RelWithDebInfo|Win32.Build.0 = RelWithDebInfo|Win32
		{2D5D2BEF-9F8E-3B77-8845-5A6D771D7EAB}.Debug|Win32.ActiveCfg = Debug|Win32
		{2D5D2BEF-9F8E-3B77-8845-5A6D771D7EAB}.Debug|Win32.Build.0 = Debug|Win32
		{2D5D2BEF-9F8E-3B77-8845-5A6D771D7EAB}.Release|Win32.ActiveCfg = Release|Win32
		{2D5D2BEF-9F8E-3B77-8845-5A6D771D7EAB}.Release|Win32.Build.0 = Release|Win32
		{2D5D2BEF-9F8E-3B77-8845-5A6D771D7EAB}.MinSizeRel|Win32.ActiveCfg = MinSizeRel|Win32
		{2D5D2BEF-9F8E-3B77-8845-5A6D771D7EAB}.MinSizeRel|Win32.Build.0 = MinSizeRel|Win32
		{2D5D2BEF-9F8E-3B77-8845-5A6D771D7EAB}.RelWithDebInfo|Win32.ActiveCfg = RelWithDebInfo|Win32
		{2D5D2BEF-9F8E-3B77-8845-5A6D771D7EAB}.RelWithDebInfo|Win32.Build.0 = RelWithDebInfo|Win32
		{83247617-6785-3D5B-88C8-9EE60B3F095F}.Debug|Win32.ActiveCfg = Debug|Win32
		{83247617-6785-3D5B-88C8-9EE60B3F095F}.Debug|Win32.Build.0 = Debug|Win32
		{83247617-6785-3D5B-88C8-9EE60B3F095F}.Release|Win32.ActiveCfg = Release|Win32
		{83247617-6785-3D5B-88C8-9EE60B3F095F}.Release|Win32.Build.0 = Release|Win32
		{83247617-6785-3D5B-88C8-9EE60B3F095F}.MinSizeRel|Win32.ActiveCfg = MinSizeRel|Win32
		{83247617-6785-3D5B-88C8-9EE60B3F095F}.MinSizeRel|Win32.Build.0 = MinSizeRel|Win32
		{83247617-6785-3D5B-88C8-9EE60B3F095F}.RelWithDebInfo|Win32.ActiveCfg = RelWithDebInfo|Win32
		{83247617-6785-3D5B-88C8-9EE60B3F095F}.RelWithDebInfo|Win32.Build.0 = RelWithDebInfo|Win32
		{6A5E59F8-976D-3421-85E3-535EADF4CA1D}.Debug|Win32.ActiveCfg = Debug|Win32
		{6A5E59F8-976D-3421-85E3-535EADF4CA1D}.Debug|Win32.Build.0 = Debug|Win32
		{6A5E59F8-976D-3421-85E3-535EADF4CA1D}.Release|Win32.ActiveCfg = Release|Win32
		{6A5E59F8-976D-3421-85E3-535EADF4CA1D}.Release|Win32.Build.0 = Release|Win32
		{6A5E59F8-976D-3421-85E3-535EADF4CA1D}.MinSizeRel|Win32.ActiveCfg = MinSizeRel|Win32
		{6A5E59F8-976D-3421-85E3-535EADF4CA1D}.MinSizeRel|Win32.Build.0 = MinSizeRel|Win32
		{6A5E59F8-976D-3421-85E3-535EADF4CA1D}.RelWithDebInfo|Win32.ActiveCfg = RelWithDebInfo|Win32
		{6A5E59F8-976D-3421-85E3-535EADF4CA1D}.RelWithDebInfo|Win32.Build.0 = RelWithDebInfo|Win32
		{344ACD51-CE38-3023-A909-0711516B2E84}.Debug|Win32.ActiveCfg = Debug|Win32
		{344ACD51-CE38-3023-A909-0711516B2E84}.Debug|Win32.Build.0 = Debug|Win32
		{344ACD51-CE38-3023-A909-0711516B2E84}.Release|Win32.ActiveCfg = Release|Win32
		{344ACD51-CE38-3023-A909-0711516B2E84}.Release|Win32.Build.0 = Release|Win32
		{344ACD51-CE38-3023-A909-0711516B2E84}.MinSizeRel|Win32.ActiveCfg = MinSizeRel|Win32
		{344ACD51-CE38-3023-A909-0711516B2E84}.MinSizeRel|Win32.Build.0 = MinSizeRel|Win32
		{344ACD51-CE38-3023-A909-0711516B2E84}.RelWithDebInfo|Win32.ActiveCfg = RelWithDebInfo|Win32
		{344ACD51-CE38-3023-A909-0711516B2E84}.RelWithDebInfo|Win32.Build.0 = RelWithDebInfo|Win32
		{B5C569EE-2024-32A5-B272-C39516D2B792}.Debug|Win32.ActiveCfg = Debug|Win32
		{B5C569EE-2024-32A5-B272-C39516D2B792}.Release|Win32.ActiveCfg = Release|Win32
		{B5C569EE-2024-32A5-B272-C39516D2B792}.MinSizeRel|Win32.ActiveCfg = MinSizeRel|Win32
		{B5C569EE-2024-32A5-B272-C39516D2B792}.RelWithDebInfo|Win32.ActiveCfg = RelWithDebInfo|Win32
		{591B03B8-3BAD-312B-B559-458CAAA4AB37}.Debug|Win32.ActiveCfg = Debug|Win32
		{591B03B8-3BAD-312B-B559-458CAAA4AB37}.Debug|Win32.Build.0 = Debug|Win32
		{591B03B8-3BAD-312B-B559-458CAAA4AB37}.Release|Win32.ActiveCfg = Release|Win32
		{591B03B8-3BAD-312B-B559-458CAAA4AB37}.Release|Win32.Build.0 = Release|Win32
		{591B03B8-3BAD-312B-B559-458CAAA4AB37}.MinSizeRel|Win32.ActiveCfg = MinSizeRel|Win32
		{591B03B8-3BAD-312B-B559-458CAAA4AB37}.MinSizeRel|Win32.Build.0 = MinSizeRel|Win32
		{591B03B8-3BAD-312B-B559-458CAAA4AB37}.RelWithDebInfo|Win32.ActiveCfg = RelWithDebInfo|Win32
		{591B03B8-3BAD-312B-B559-458CAAA4AB37}.RelWithDebInfo|Win32.Build.0 = RelWithDebInfo|Win32
		{21FA1735-6862-3059-8466-C6E7CD58E3D8}.Debug|Win32.ActiveCfg = Debug|Win32
		{21FA1735-6862-3059-8466-C6E7CD58E3D8}.Debug|Win32.Build.0 = Debug|Win32
		{21FA1735-6862-3059-8466-C6E7CD58E3D8}.Release|Win32.ActiveCfg = Release|Win32
		{21FA1735-6862-3059-8466-C6E7CD58E3D8}.Release|Win32.Build.0 = Release|Win32
		{21FA1735-6862-3059-8466-C6E7CD58E3D8}.MinSizeRel|Win32.ActiveCfg = MinSizeRel|Win32
		{21FA1735-6862-3059-8466-C6E7CD58E3D8}.MinSizeRel|Win32.Build.0 = MinSizeRel|Win32
		{21FA1735-6862-3059-8466-C6E7CD58E3D8}.RelWithDebInfo|Win32.ActiveCfg = RelWithDebInfo|Win32
		{21FA1735-6862-3059-8466-C6E7CD58E3D8}.RelWithDebInfo|Win32.Build.0 = RelWithDebInfo|Win32
		{713BB111-C93A-3F08-BEA4-9908D63C86B2}.Debug|Win32.ActiveCfg = Debug|Win32
		{713BB111-C93A-3F08-BEA4-9908D63C86B2}.Debug|Win32.Build.0 = Debug|Win32
		{713BB111-C93A-3F08-BEA4-9908D63C86B2}.Release|Win32.ActiveCfg = Release|Win32
		{713BB111-C93A-3F08-BEA4-9908D63C86B2}.Release|Win32.Build.0 = Release|Win32
		{713BB111-C93A-3F08-BEA4-9908D63C86B2}.MinSizeRel|Win32.ActiveCfg = MinSizeRel|Win32
		{713BB111-C93A-3F08-BEA4-9908D63C86B2}.MinSizeRel|Win32.Build.0 = MinSizeRel|Win32
		{713BB111-C93A-3F08-BEA4-9908D63C86B2}.RelWithDebInfo|Win32.ActiveCfg = RelWithDebInfo|Win32
		{713BB111-C93A-3F08-BEA4-9908D63C86B2}.RelWithDebInfo|Win32.Build.0 = RelWithDebInfo|Win32
	EndGlobalSection
	GlobalSection(ExtensibilityGlobals) = postSolution
	EndGlobalSection
	GlobalSection(ExtensibilityAddIns) = postSolution
	EndGlobalSection
EndGlobal
