<?xml version="1.0" encoding="UTF-8"?>
<Project ToolsVersion="12.0" xmlns="http://schemas.microsoft.com/developer/msbuild/2003">
  <ItemGroup>
    <ClCompile Include="E:\D\MITK-superbuild\ep\src\CTK\Libs\Widgets\Plugins\ctkWidgetsPlugins.cpp">
      <Filter>Source Files</Filter>
    </ClCompile>
    <ClCompile Include="E:\D\MITK-superbuild\ep\src\CTK\Libs\Widgets\Plugins\ctkWidgetsAbstractPlugin.cpp">
      <Filter>Source Files</Filter>
    </ClCompile>
    <ClCompile Include="E:\D\MITK-superbuild\ep\src\CTK\Libs\Widgets\Plugins\ctkActionsWidgetPlugin.cpp">
      <Filter>Source Files</Filter>
    </ClCompile>
    <ClCompile Include="E:\D\MITK-superbuild\ep\src\CTK\Libs\Widgets\Plugins\ctkAxesWidgetPlugin.cpp">
      <Filter>Source Files</Filter>
    </ClCompile>
    <ClCompile Include="E:\D\MITK-superbuild\ep\src\CTK\Libs\Widgets\Plugins\ctkCheckableComboBoxPlugin.cpp">
      <Filter>Source Files</Filter>
    </ClCompile>
    <ClCompile Include="E:\D\MITK-superbuild\ep\src\CTK\Libs\Widgets\Plugins\ctkCheckablePushButtonPlugin.cpp">
      <Filter>Source Files</Filter>
    </ClCompile>
    <ClCompile Include="E:\D\MITK-superbuild\ep\src\CTK\Libs\Widgets\Plugins\ctkCheckBoxPlugin.cpp">
      <Filter>Source Files</Filter>
    </ClCompile>
    <ClCompile Include="E:\D\MITK-superbuild\ep\src\CTK\Libs\Widgets\Plugins\ctkCollapsibleButtonPlugin.cpp">
      <Filter>Source Files</Filter>
    </ClCompile>
    <ClCompile Include="E:\D\MITK-superbuild\ep\src\CTK\Libs\Widgets\Plugins\ctkCollapsibleGroupBoxPlugin.cpp">
      <Filter>Source Files</Filter>
    </ClCompile>
    <ClCompile Include="E:\D\MITK-superbuild\ep\src\CTK\Libs\Widgets\Plugins\ctkColorPickerButtonPlugin.cpp">
      <Filter>Source Files</Filter>
    </ClCompile>
    <ClCompile Include="E:\D\MITK-superbuild\ep\src\CTK\Libs\Widgets\Plugins\ctkComboBoxPlugin.cpp">
      <Filter>Source Files</Filter>
    </ClCompile>
    <ClCompile Include="E:\D\MITK-superbuild\ep\src\CTK\Libs\Widgets\Plugins\ctkCoordinatesWidgetPlugin.cpp">
      <Filter>Source Files</Filter>
    </ClCompile>
    <ClCompile Include="E:\D\MITK-superbuild\ep\src\CTK\Libs\Widgets\Plugins\ctkCrosshairLabelPlugin.cpp">
      <Filter>Source Files</Filter>
    </ClCompile>
    <ClCompile Include="E:\D\MITK-superbuild\ep\src\CTK\Libs\Widgets\Plugins\ctkDirectoryButtonPlugin.cpp">
      <Filter>Source Files</Filter>
    </ClCompile>
    <ClCompile Include="E:\D\MITK-superbuild\ep\src\CTK\Libs\Widgets\Plugins\ctkDoubleRangeSliderPlugin.cpp">
      <Filter>Source Files</Filter>
    </ClCompile>
    <ClCompile Include="E:\D\MITK-superbuild\ep\src\CTK\Libs\Widgets\Plugins\ctkDoubleSliderPlugin.cpp">
      <Filter>Source Files</Filter>
    </ClCompile>
    <ClCompile Include="E:\D\MITK-superbuild\ep\src\CTK\Libs\Widgets\Plugins\ctkDoubleSpinBoxPlugin.cpp">
      <Filter>Source Files</Filter>
    </ClCompile>
    <ClCompile Include="E:\D\MITK-superbuild\ep\src\CTK\Libs\Widgets\Plugins\ctkDynamicSpacerPlugin.cpp">
      <Filter>Source Files</Filter>
    </ClCompile>
    <ClCompile Include="E:\D\MITK-superbuild\ep\src\CTK\Libs\Widgets\Plugins\ctkExpandButtonPlugin.cpp">
      <Filter>Source Files</Filter>
    </ClCompile>
    <ClCompile Include="E:\D\MITK-superbuild\ep\src\CTK\Libs\Widgets\Plugins\ctkExpandableWidgetPlugin.cpp">
      <Filter>Source Files</Filter>
    </ClCompile>
    <ClCompile Include="E:\D\MITK-superbuild\ep\src\CTK\Libs\Widgets\Plugins\ctkFittedTextBrowserPlugin.cpp">
      <Filter>Source Files</Filter>
    </ClCompile>
    <ClCompile Include="E:\D\MITK-superbuild\ep\src\CTK\Libs\Widgets\Plugins\ctkFontButtonPlugin.cpp">
      <Filter>Source Files</Filter>
    </ClCompile>
    <ClCompile Include="E:\D\MITK-superbuild\ep\src\CTK\Libs\Widgets\Plugins\ctkLanguageComboBoxPlugin.cpp">
      <Filter>Source Files</Filter>
    </ClCompile>
    <ClCompile Include="E:\D\MITK-superbuild\ep\src\CTK\Libs\Widgets\Plugins\ctkMaterialPropertyPreviewLabelPlugin.cpp">
      <Filter>Source Files</Filter>
    </ClCompile>
    <ClCompile Include="E:\D\MITK-superbuild\ep\src\CTK\Libs\Widgets\Plugins\ctkMaterialPropertyWidgetPlugin.cpp">
      <Filter>Source Files</Filter>
    </ClCompile>
    <ClCompile Include="E:\D\MITK-superbuild\ep\src\CTK\Libs\Widgets\Plugins\ctkMatrixWidgetPlugin.cpp">
      <Filter>Source Files</Filter>
    </ClCompile>
    <ClCompile Include="E:\D\MITK-superbuild\ep\src\CTK\Libs\Widgets\Plugins\ctkMenuButtonPlugin.cpp">
      <Filter>Source Files</Filter>
    </ClCompile>
    <ClCompile Include="E:\D\MITK-superbuild\ep\src\CTK\Libs\Widgets\Plugins\ctkModalityWidgetPlugin.cpp">
      <Filter>Source Files</Filter>
    </ClCompile>
    <ClCompile Include="E:\D\MITK-superbuild\ep\src\CTK\Libs\Widgets\Plugins\ctkPathLineEditPlugin.cpp">
      <Filter>Source Files</Filter>
    </ClCompile>
    <ClCompile Include="E:\D\MITK-superbuild\ep\src\CTK\Libs\Widgets\Plugins\ctkPathListButtonsWidgetPlugin.cpp">
      <Filter>Source Files</Filter>
    </ClCompile>
    <ClCompile Include="E:\D\MITK-superbuild\ep\src\CTK\Libs\Widgets\Plugins\ctkPathListWidgetPlugin.cpp">
      <Filter>Source Files</Filter>
    </ClCompile>
    <ClCompile Include="E:\D\MITK-superbuild\ep\src\CTK\Libs\Widgets\Plugins\ctkPopupWidgetPlugin.cpp">
      <Filter>Source Files</Filter>
    </ClCompile>
    <ClCompile Include="E:\D\MITK-superbuild\ep\src\CTK\Libs\Widgets\Plugins\ctkPushButtonPlugin.cpp">
      <Filter>Source Files</Filter>
    </ClCompile>
    <ClCompile Include="E:\D\MITK-superbuild\ep\src\CTK\Libs\Widgets\Plugins\ctkRangeSliderPlugin.cpp">
      <Filter>Source Files</Filter>
    </ClCompile>
    <ClCompile Include="E:\D\MITK-superbuild\ep\src\CTK\Libs\Widgets\Plugins\ctkRangeWidgetPlugin.cpp">
      <Filter>Source Files</Filter>
    </ClCompile>
    <ClCompile Include="E:\D\MITK-superbuild\ep\src\CTK\Libs\Widgets\Plugins\ctkThumbnailLabelPlugin.cpp">
      <Filter>Source Files</Filter>
    </ClCompile>
    <ClCompile Include="E:\D\MITK-superbuild\ep\src\CTK\Libs\Widgets\Plugins\ctkTransferFunctionViewPlugin.cpp">
      <Filter>Source Files</Filter>
    </ClCompile>
    <ClCompile Include="E:\D\MITK-superbuild\ep\src\CTK\Libs\Widgets\Plugins\ctkTreeComboBoxPlugin.cpp">
      <Filter>Source Files</Filter>
    </ClCompile>
    <ClCompile Include="E:\D\MITK-superbuild\ep\src\CTK\Libs\Widgets\Plugins\ctkSearchBoxPlugin.cpp">
      <Filter>Source Files</Filter>
    </ClCompile>
    <ClCompile Include="E:\D\MITK-superbuild\ep\src\CTK\Libs\Widgets\Plugins\ctkSettingsPanelPlugin.cpp">
      <Filter>Source Files</Filter>
    </ClCompile>
    <ClCompile Include="E:\D\MITK-superbuild\ep\src\CTK\Libs\Widgets\Plugins\ctkSettingsDialogPlugin.cpp">
      <Filter>Source Files</Filter>
    </ClCompile>
    <ClCompile Include="E:\D\MITK-superbuild\ep\src\CTK\Libs\Widgets\Plugins\ctkSliderWidgetPlugin.cpp">
      <Filter>Source Files</Filter>
    </ClCompile>
    <ClCompile Include="E:\D\MITK-superbuild\ep\src\CTK\Libs\Widgets\Plugins\ctkWorkflowButtonBoxWidgetPlugin.cpp">
      <Filter>Source Files</Filter>
    </ClCompile>
    <ClCompile Include="E:\D\MITK-superbuild\ep\src\CTK\Libs\Widgets\Plugins\ctkWorkflowWidgetStepPlugin.cpp">
      <Filter>Source Files</Filter>
    </ClCompile>
    <ClCompile Include="E:\D\MITK-superbuild\ep\src\CTK-build\CTK-build\Libs\Widgets\Plugins\moc_ctkWidgetsPlugins.cpp">
      <Filter>Generated</Filter>
    </ClCompile>
    <ClCompile Include="E:\D\MITK-superbuild\ep\src\CTK-build\CTK-build\Libs\Widgets\Plugins\moc_ctkActionsWidgetPlugin.cpp">
      <Filter>Generated</Filter>
    </ClCompile>
    <ClCompile Include="E:\D\MITK-superbuild\ep\src\CTK-build\CTK-build\Libs\Widgets\Plugins\moc_ctkAxesWidgetPlugin.cpp">
      <Filter>Generated</Filter>
    </ClCompile>
    <ClCompile Include="E:\D\MITK-superbuild\ep\src\CTK-build\CTK-build\Libs\Widgets\Plugins\moc_ctkCheckableComboBoxPlugin.cpp">
      <Filter>Generated</Filter>
    </ClCompile>
    <ClCompile Include="E:\D\MITK-superbuild\ep\src\CTK-build\CTK-build\Libs\Widgets\Plugins\moc_ctkCheckablePushButtonPlugin.cpp">
      <Filter>Generated</Filter>
    </ClCompile>
    <ClCompile Include="E:\D\MITK-superbuild\ep\src\CTK-build\CTK-build\Libs\Widgets\Plugins\moc_ctkCheckBoxPlugin.cpp">
      <Filter>Generated</Filter>
    </ClCompile>
    <ClCompile Include="E:\D\MITK-superbuild\ep\src\CTK-build\CTK-build\Libs\Widgets\Plugins\moc_ctkCollapsibleButtonPlugin.cpp">
      <Filter>Generated</Filter>
    </ClCompile>
    <ClCompile Include="E:\D\MITK-superbuild\ep\src\CTK-build\CTK-build\Libs\Widgets\Plugins\moc_ctkCollapsibleGroupBoxPlugin.cpp">
      <Filter>Generated</Filter>
    </ClCompile>
    <ClCompile Include="E:\D\MITK-superbuild\ep\src\CTK-build\CTK-build\Libs\Widgets\Plugins\moc_ctkColorPickerButtonPlugin.cpp">
      <Filter>Generated</Filter>
    </ClCompile>
    <ClCompile Include="E:\D\MITK-superbuild\ep\src\CTK-build\CTK-build\Libs\Widgets\Plugins\moc_ctkComboBoxPlugin.cpp">
      <Filter>Generated</Filter>
    </ClCompile>
    <ClCompile Include="E:\D\MITK-superbuild\ep\src\CTK-build\CTK-build\Libs\Widgets\Plugins\moc_ctkCoordinatesWidgetPlugin.cpp">
      <Filter>Generated</Filter>
    </ClCompile>
    <ClCompile Include="E:\D\MITK-superbuild\ep\src\CTK-build\CTK-build\Libs\Widgets\Plugins\moc_ctkCrosshairLabelPlugin.cpp">
      <Filter>Generated</Filter>
    </ClCompile>
    <ClCompile Include="E:\D\MITK-superbuild\ep\src\CTK-build\CTK-build\Libs\Widgets\Plugins\moc_ctkDirectoryButtonPlugin.cpp">
      <Filter>Generated</Filter>
    </ClCompile>
    <ClCompile Include="E:\D\MITK-superbuild\ep\src\CTK-build\CTK-build\Libs\Widgets\Plugins\moc_ctkDoubleRangeSliderPlugin.cpp">
      <Filter>Generated</Filter>
    </ClCompile>
    <ClCompile Include="E:\D\MITK-superbuild\ep\src\CTK-build\CTK-build\Libs\Widgets\Plugins\moc_ctkDoubleSliderPlugin.cpp">
      <Filter>Generated</Filter>
    </ClCompile>
    <ClCompile Include="E:\D\MITK-superbuild\ep\src\CTK-build\CTK-build\Libs\Widgets\Plugins\moc_ctkDoubleSpinBoxPlugin.cpp">
      <Filter>Generated</Filter>
    </ClCompile>
    <ClCompile Include="E:\D\MITK-superbuild\ep\src\CTK-build\CTK-build\Libs\Widgets\Plugins\moc_ctkDynamicSpacerPlugin.cpp">
      <Filter>Generated</Filter>
    </ClCompile>
    <ClCompile Include="E:\D\MITK-superbuild\ep\src\CTK-build\CTK-build\Libs\Widgets\Plugins\moc_ctkExpandButtonPlugin.cpp">
      <Filter>Generated</Filter>
    </ClCompile>
    <ClCompile Include="E:\D\MITK-superbuild\ep\src\CTK-build\CTK-build\Libs\Widgets\Plugins\moc_ctkExpandableWidgetPlugin.cpp">
      <Filter>Generated</Filter>
    </ClCompile>
    <ClCompile Include="E:\D\MITK-superbuild\ep\src\CTK-build\CTK-build\Libs\Widgets\Plugins\moc_ctkFittedTextBrowserPlugin.cpp">
      <Filter>Generated</Filter>
    </ClCompile>
    <ClCompile Include="E:\D\MITK-superbuild\ep\src\CTK-build\CTK-build\Libs\Widgets\Plugins\moc_ctkFontButtonPlugin.cpp">
      <Filter>Generated</Filter>
    </ClCompile>
    <ClCompile Include="E:\D\MITK-superbuild\ep\src\CTK-build\CTK-build\Libs\Widgets\Plugins\moc_ctkLanguageComboBoxPlugin.cpp">
      <Filter>Generated</Filter>
    </ClCompile>
    <ClCompile Include="E:\D\MITK-superbuild\ep\src\CTK-build\CTK-build\Libs\Widgets\Plugins\moc_ctkMaterialPropertyWidgetPlugin.cpp">
      <Filter>Generated</Filter>
    </ClCompile>
    <ClCompile Include="E:\D\MITK-superbuild\ep\src\CTK-build\CTK-build\Libs\Widgets\Plugins\moc_ctkMaterialPropertyPreviewLabelPlugin.cpp">
      <Filter>Generated</Filter>
    </ClCompile>
    <ClCompile Include="E:\D\MITK-superbuild\ep\src\CTK-build\CTK-build\Libs\Widgets\Plugins\moc_ctkMatrixWidgetPlugin.cpp">
      <Filter>Generated</Filter>
    </ClCompile>
    <ClCompile Include="E:\D\MITK-superbuild\ep\src\CTK-build\CTK-build\Libs\Widgets\Plugins\moc_ctkMenuButtonPlugin.cpp">
      <Filter>Generated</Filter>
    </ClCompile>
    <ClCompile Include="E:\D\MITK-superbuild\ep\src\CTK-build\CTK-build\Libs\Widgets\Plugins\moc_ctkModalityWidgetPlugin.cpp">
      <Filter>Generated</Filter>
    </ClCompile>
    <ClCompile Include="E:\D\MITK-superbuild\ep\src\CTK-build\CTK-build\Libs\Widgets\Plugins\moc_ctkPathLineEditPlugin.cpp">
      <Filter>Generated</Filter>
    </ClCompile>
    <ClCompile Include="E:\D\MITK-superbuild\ep\src\CTK-build\CTK-build\Libs\Widgets\Plugins\moc_ctkPathListButtonsWidgetPlugin.cpp">
      <Filter>Generated</Filter>
    </ClCompile>
    <ClCompile Include="E:\D\MITK-superbuild\ep\src\CTK-build\CTK-build\Libs\Widgets\Plugins\moc_ctkPathListWidgetPlugin.cpp">
      <Filter>Generated</Filter>
    </ClCompile>
    <ClCompile Include="E:\D\MITK-superbuild\ep\src\CTK-build\CTK-build\Libs\Widgets\Plugins\moc_ctkPopupWidgetPlugin.cpp">
      <Filter>Generated</Filter>
    </ClCompile>
    <ClCompile Include="E:\D\MITK-superbuild\ep\src\CTK-build\CTK-build\Libs\Widgets\Plugins\moc_ctkPushButtonPlugin.cpp">
      <Filter>Generated</Filter>
    </ClCompile>
    <ClCompile Include="E:\D\MITK-superbuild\ep\src\CTK-build\CTK-build\Libs\Widgets\Plugins\moc_ctkRangeSliderPlugin.cpp">
      <Filter>Generated</Filter>
    </ClCompile>
    <ClCompile Include="E:\D\MITK-superbuild\ep\src\CTK-build\CTK-build\Libs\Widgets\Plugins\moc_ctkRangeWidgetPlugin.cpp">
      <Filter>Generated</Filter>
    </ClCompile>
    <ClCompile Include="E:\D\MITK-superbuild\ep\src\CTK-build\CTK-build\Libs\Widgets\Plugins\moc_ctkThumbnailLabelPlugin.cpp">
      <Filter>Generated</Filter>
    </ClCompile>
    <ClCompile Include="E:\D\MITK-superbuild\ep\src\CTK-build\CTK-build\Libs\Widgets\Plugins\moc_ctkTransferFunctionViewPlugin.cpp">
      <Filter>Generated</Filter>
    </ClCompile>
    <ClCompile Include="E:\D\MITK-superbuild\ep\src\CTK-build\CTK-build\Libs\Widgets\Plugins\moc_ctkTreeComboBoxPlugin.cpp">
      <Filter>Generated</Filter>
    </ClCompile>
    <ClCompile Include="E:\D\MITK-superbuild\ep\src\CTK-build\CTK-build\Libs\Widgets\Plugins\moc_ctkSearchBoxPlugin.cpp">
      <Filter>Generated</Filter>
    </ClCompile>
    <ClCompile Include="E:\D\MITK-superbuild\ep\src\CTK-build\CTK-build\Libs\Widgets\Plugins\moc_ctkSettingsPanelPlugin.cpp">
      <Filter>Generated</Filter>
    </ClCompile>
    <ClCompile Include="E:\D\MITK-superbuild\ep\src\CTK-build\CTK-build\Libs\Widgets\Plugins\moc_ctkSettingsDialogPlugin.cpp">
      <Filter>Generated</Filter>
    </ClCompile>
    <ClCompile Include="E:\D\MITK-superbuild\ep\src\CTK-build\CTK-build\Libs\Widgets\Plugins\moc_ctkSliderWidgetPlugin.cpp">
      <Filter>Generated</Filter>
    </ClCompile>
    <ClCompile Include="E:\D\MITK-superbuild\ep\src\CTK-build\CTK-build\Libs\Widgets\Plugins\moc_ctkWorkflowButtonBoxWidgetPlugin.cpp">
      <Filter>Generated</Filter>
    </ClCompile>
    <ClCompile Include="E:\D\MITK-superbuild\ep\src\CTK-build\CTK-build\Libs\Widgets\Plugins\moc_ctkWorkflowWidgetStepPlugin.cpp">
      <Filter>Generated</Filter>
    </ClCompile>
    <ClCompile Include="E:\D\MITK-superbuild\ep\src\CTK-build\CTK-build\Libs\Widgets\Plugins\qrc_ctkWidgetsPlugins.cpp">
      <Filter>Generated</Filter>
    </ClCompile>
  </ItemGroup>
  <ItemGroup>
    <ClInclude Include="E:\D\MITK-superbuild\ep\src\CTK\Libs\Widgets\Plugins\ctkWidgetsPlugins.h">
      <Filter>Header Files</Filter>
    </ClInclude>
    <ClInclude Include="E:\D\MITK-superbuild\ep\src\CTK\Libs\Widgets\Plugins\ctkWidgetsAbstractPlugin.h">
      <Filter>Header Files</Filter>
    </ClInclude>
    <ClInclude Include="E:\D\MITK-superbuild\ep\src\CTK\Libs\Widgets\Plugins\ctkActionsWidgetPlugin.h">
      <Filter>Header Files</Filter>
    </ClInclude>
    <ClInclude Include="E:\D\MITK-superbuild\ep\src\CTK\Libs\Widgets\Plugins\ctkAxesWidgetPlugin.h">
      <Filter>Header Files</Filter>
    </ClInclude>
    <ClInclude Include="E:\D\MITK-superbuild\ep\src\CTK\Libs\Widgets\Plugins\ctkCheckableComboBoxPlugin.h">
      <Filter>Header Files</Filter>
    </ClInclude>
    <ClInclude Include="E:\D\MITK-superbuild\ep\src\CTK\Libs\Widgets\Plugins\ctkCheckablePushButtonPlugin.h">
      <Filter>Header Files</Filter>
    </ClInclude>
    <ClInclude Include="E:\D\MITK-superbuild\ep\src\CTK\Libs\Widgets\Plugins\ctkCheckBoxPlugin.h">
      <Filter>Header Files</Filter>
    </ClInclude>
    <ClInclude Include="E:\D\MITK-superbuild\ep\src\CTK\Libs\Widgets\Plugins\ctkCollapsibleButtonPlugin.h">
      <Filter>Header Files</Filter>
    </ClInclude>
    <ClInclude Include="E:\D\MITK-superbuild\ep\src\CTK\Libs\Widgets\Plugins\ctkCollapsibleGroupBoxPlugin.h">
      <Filter>Header Files</Filter>
    </ClInclude>
    <ClInclude Include="E:\D\MITK-superbuild\ep\src\CTK\Libs\Widgets\Plugins\ctkColorPickerButtonPlugin.h">
      <Filter>Header Files</Filter>
    </ClInclude>
    <ClInclude Include="E:\D\MITK-superbuild\ep\src\CTK\Libs\Widgets\Plugins\ctkComboBoxPlugin.h">
      <Filter>Header Files</Filter>
    </ClInclude>
    <ClInclude Include="E:\D\MITK-superbuild\ep\src\CTK\Libs\Widgets\Plugins\ctkCoordinatesWidgetPlugin.h">
      <Filter>Header Files</Filter>
    </ClInclude>
    <ClInclude Include="E:\D\MITK-superbuild\ep\src\CTK\Libs\Widgets\Plugins\ctkCrosshairLabelPlugin.h">
      <Filter>Header Files</Filter>
    </ClInclude>
    <ClInclude Include="E:\D\MITK-superbuild\ep\src\CTK\Libs\Widgets\Plugins\ctkDirectoryButtonPlugin.h">
      <Filter>Header Files</Filter>
    </ClInclude>
    <ClInclude Include="E:\D\MITK-superbuild\ep\src\CTK\Libs\Widgets\Plugins\ctkDoubleRangeSliderPlugin.h">
      <Filter>Header Files</Filter>
    </ClInclude>
    <ClInclude Include="E:\D\MITK-superbuild\ep\src\CTK\Libs\Widgets\Plugins\ctkDoubleSliderPlugin.h">
      <Filter>Header Files</Filter>
    </ClInclude>
    <ClInclude Include="E:\D\MITK-superbuild\ep\src\CTK\Libs\Widgets\Plugins\ctkDoubleSpinBoxPlugin.h">
      <Filter>Header Files</Filter>
    </ClInclude>
    <ClInclude Include="E:\D\MITK-superbuild\ep\src\CTK\Libs\Widgets\Plugins\ctkDynamicSpacerPlugin.h">
      <Filter>Header Files</Filter>
    </ClInclude>
    <ClInclude Include="E:\D\MITK-superbuild\ep\src\CTK\Libs\Widgets\Plugins\ctkExpandButtonPlugin.h">
      <Filter>Header Files</Filter>
    </ClInclude>
    <ClInclude Include="E:\D\MITK-superbuild\ep\src\CTK\Libs\Widgets\Plugins\ctkExpandableWidgetPlugin.h">
      <Filter>Header Files</Filter>
    </ClInclude>
    <ClInclude Include="E:\D\MITK-superbuild\ep\src\CTK\Libs\Widgets\Plugins\ctkFittedTextBrowserPlugin.h">
      <Filter>Header Files</Filter>
    </ClInclude>
    <ClInclude Include="E:\D\MITK-superbuild\ep\src\CTK\Libs\Widgets\Plugins\ctkFontButtonPlugin.h">
      <Filter>Header Files</Filter>
    </ClInclude>
    <ClInclude Include="E:\D\MITK-superbuild\ep\src\CTK\Libs\Widgets\Plugins\ctkLanguageComboBoxPlugin.h">
      <Filter>Header Files</Filter>
    </ClInclude>
    <ClInclude Include="E:\D\MITK-superbuild\ep\src\CTK\Libs\Widgets\Plugins\ctkMaterialPropertyPreviewLabelPlugin.h">
      <Filter>Header Files</Filter>
    </ClInclude>
    <ClInclude Include="E:\D\MITK-superbuild\ep\src\CTK\Libs\Widgets\Plugins\ctkMaterialPropertyWidgetPlugin.h">
      <Filter>Header Files</Filter>
    </ClInclude>
    <ClInclude Include="E:\D\MITK-superbuild\ep\src\CTK\Libs\Widgets\Plugins\ctkMatrixWidgetPlugin.h">
      <Filter>Header Files</Filter>
    </ClInclude>
    <ClInclude Include="E:\D\MITK-superbuild\ep\src\CTK\Libs\Widgets\Plugins\ctkMenuButtonPlugin.h">
      <Filter>Header Files</Filter>
    </ClInclude>
    <ClInclude Include="E:\D\MITK-superbuild\ep\src\CTK\Libs\Widgets\Plugins\ctkModalityWidgetPlugin.h">
      <Filter>Header Files</Filter>
    </ClInclude>
    <ClInclude Include="E:\D\MITK-superbuild\ep\src\CTK\Libs\Widgets\Plugins\ctkPathLineEditPlugin.h">
      <Filter>Header Files</Filter>
    </ClInclude>
    <ClInclude Include="E:\D\MITK-superbuild\ep\src\CTK\Libs\Widgets\Plugins\ctkPathListButtonsWidgetPlugin.h">
      <Filter>Header Files</Filter>
    </ClInclude>
    <ClInclude Include="E:\D\MITK-superbuild\ep\src\CTK\Libs\Widgets\Plugins\ctkPathListWidgetPlugin.h">
      <Filter>Header Files</Filter>
    </ClInclude>
    <ClInclude Include="E:\D\MITK-superbuild\ep\src\CTK\Libs\Widgets\Plugins\ctkPopupWidgetPlugin.h">
      <Filter>Header Files</Filter>
    </ClInclude>
    <ClInclude Include="E:\D\MITK-superbuild\ep\src\CTK\Libs\Widgets\Plugins\ctkPushButtonPlugin.h">
      <Filter>Header Files</Filter>
    </ClInclude>
    <ClInclude Include="E:\D\MITK-superbuild\ep\src\CTK\Libs\Widgets\Plugins\ctkRangeSliderPlugin.h">
      <Filter>Header Files</Filter>
    </ClInclude>
    <ClInclude Include="E:\D\MITK-superbuild\ep\src\CTK\Libs\Widgets\Plugins\ctkRangeWidgetPlugin.h">
      <Filter>Header Files</Filter>
    </ClInclude>
    <ClInclude Include="E:\D\MITK-superbuild\ep\src\CTK\Libs\Widgets\Plugins\ctkThumbnailLabelPlugin.h">
      <Filter>Header Files</Filter>
    </ClInclude>
    <ClInclude Include="E:\D\MITK-superbuild\ep\src\CTK\Libs\Widgets\Plugins\ctkTransferFunctionViewPlugin.h">
      <Filter>Header Files</Filter>
    </ClInclude>
    <ClInclude Include="E:\D\MITK-superbuild\ep\src\CTK\Libs\Widgets\Plugins\ctkTreeComboBoxPlugin.h">
      <Filter>Header Files</Filter>
    </ClInclude>
    <ClInclude Include="E:\D\MITK-superbuild\ep\src\CTK\Libs\Widgets\Plugins\ctkSearchBoxPlugin.h">
      <Filter>Header Files</Filter>
    </ClInclude>
    <ClInclude Include="E:\D\MITK-superbuild\ep\src\CTK\Libs\Widgets\Plugins\ctkSettingsPanelPlugin.h">
      <Filter>Header Files</Filter>
    </ClInclude>
    <ClInclude Include="E:\D\MITK-superbuild\ep\src\CTK\Libs\Widgets\Plugins\ctkSettingsDialogPlugin.h">
      <Filter>Header Files</Filter>
    </ClInclude>
    <ClInclude Include="E:\D\MITK-superbuild\ep\src\CTK\Libs\Widgets\Plugins\ctkSliderWidgetPlugin.h">
      <Filter>Header Files</Filter>
    </ClInclude>
    <ClInclude Include="E:\D\MITK-superbuild\ep\src\CTK\Libs\Widgets\Plugins\ctkWorkflowButtonBoxWidgetPlugin.h">
      <Filter>Header Files</Filter>
    </ClInclude>
    <ClInclude Include="E:\D\MITK-superbuild\ep\src\CTK\Libs\Widgets\Plugins\ctkWorkflowWidgetStepPlugin.h">
      <Filter>Header Files</Filter>
    </ClInclude>
  </ItemGroup>
  <ItemGroup>
    <CustomBuild Include="E:\D\MITK-superbuild\ep\src\CTK\Libs\Widgets\Plugins\CMakeLists.txt" />
    <CustomBuild Include="E:\D\MITK-superbuild\ep\src\CTK-build\CTK-build\CMakeFiles\29184822b245794da849f41c6ac190e1\moc_ctkWidgetsPlugins.cpp.rule">
      <Filter>CMake Rules</Filter>
    </CustomBuild>
    <CustomBuild Include="E:\D\MITK-superbuild\ep\src\CTK-build\CTK-build\CMakeFiles\29184822b245794da849f41c6ac190e1\moc_ctkActionsWidgetPlugin.cpp.rule">
      <Filter>CMake Rules</Filter>
    </CustomBuild>
    <CustomBuild Include="E:\D\MITK-superbuild\ep\src\CTK-build\CTK-build\CMakeFiles\29184822b245794da849f41c6ac190e1\moc_ctkAxesWidgetPlugin.cpp.rule">
      <Filter>CMake Rules</Filter>
    </CustomBuild>
    <CustomBuild Include="E:\D\MITK-superbuild\ep\src\CTK-build\CTK-build\CMakeFiles\29184822b245794da849f41c6ac190e1\moc_ctkCheckableComboBoxPlugin.cpp.rule">
      <Filter>CMake Rules</Filter>
    </CustomBuild>
    <CustomBuild Include="E:\D\MITK-superbuild\ep\src\CTK-build\CTK-build\CMakeFiles\29184822b245794da849f41c6ac190e1\moc_ctkCheckablePushButtonPlugin.cpp.rule">
      <Filter>CMake Rules</Filter>
    </CustomBuild>
    <CustomBuild Include="E:\D\MITK-superbuild\ep\src\CTK-build\CTK-build\CMakeFiles\29184822b245794da849f41c6ac190e1\moc_ctkCheckBoxPlugin.cpp.rule">
      <Filter>CMake Rules</Filter>
    </CustomBuild>
    <CustomBuild Include="E:\D\MITK-superbuild\ep\src\CTK-build\CTK-build\CMakeFiles\29184822b245794da849f41c6ac190e1\moc_ctkCollapsibleButtonPlugin.cpp.rule">
      <Filter>CMake Rules</Filter>
    </CustomBuild>
    <CustomBuild Include="E:\D\MITK-superbuild\ep\src\CTK-build\CTK-build\CMakeFiles\29184822b245794da849f41c6ac190e1\moc_ctkCollapsibleGroupBoxPlugin.cpp.rule">
      <Filter>CMake Rules</Filter>
    </CustomBuild>
    <CustomBuild Include="E:\D\MITK-superbuild\ep\src\CTK-build\CTK-build\CMakeFiles\29184822b245794da849f41c6ac190e1\moc_ctkColorPickerButtonPlugin.cpp.rule">
      <Filter>CMake Rules</Filter>
    </CustomBuild>
    <CustomBuild Include="E:\D\MITK-superbuild\ep\src\CTK-build\CTK-build\CMakeFiles\29184822b245794da849f41c6ac190e1\moc_ctkComboBoxPlugin.cpp.rule">
      <Filter>CMake Rules</Filter>
    </CustomBuild>
    <CustomBuild Include="E:\D\MITK-superbuild\ep\src\CTK-build\CTK-build\CMakeFiles\29184822b245794da849f41c6ac190e1\moc_ctkCoordinatesWidgetPlugin.cpp.rule">
      <Filter>CMake Rules</Filter>
    </CustomBuild>
    <CustomBuild Include="E:\D\MITK-superbuild\ep\src\CTK-build\CTK-build\CMakeFiles\29184822b245794da849f41c6ac190e1\moc_ctkCrosshairLabelPlugin.cpp.rule">
      <Filter>CMake Rules</Filter>
    </CustomBuild>
    <CustomBuild Include="E:\D\MITK-superbuild\ep\src\CTK-build\CTK-build\CMakeFiles\29184822b245794da849f41c6ac190e1\moc_ctkDirectoryButtonPlugin.cpp.rule">
      <Filter>CMake Rules</Filter>
    </CustomBuild>
    <CustomBuild Include="E:\D\MITK-superbuild\ep\src\CTK-build\CTK-build\CMakeFiles\29184822b245794da849f41c6ac190e1\moc_ctkDoubleRangeSliderPlugin.cpp.rule">
      <Filter>CMake Rules</Filter>
    </CustomBuild>
    <CustomBuild Include="E:\D\MITK-superbuild\ep\src\CTK-build\CTK-build\CMakeFiles\29184822b245794da849f41c6ac190e1\moc_ctkDoubleSliderPlugin.cpp.rule">
      <Filter>CMake Rules</Filter>
    </CustomBuild>
    <CustomBuild Include="E:\D\MITK-superbuild\ep\src\CTK-build\CTK-build\CMakeFiles\29184822b245794da849f41c6ac190e1\moc_ctkDoubleSpinBoxPlugin.cpp.rule">
      <Filter>CMake Rules</Filter>
    </CustomBuild>
    <CustomBuild Include="E:\D\MITK-superbuild\ep\src\CTK-build\CTK-build\CMakeFiles\29184822b245794da849f41c6ac190e1\moc_ctkDynamicSpacerPlugin.cpp.rule">
      <Filter>CMake Rules</Filter>
    </CustomBuild>
    <CustomBuild Include="E:\D\MITK-superbuild\ep\src\CTK-build\CTK-build\CMakeFiles\29184822b245794da849f41c6ac190e1\moc_ctkExpandButtonPlugin.cpp.rule">
      <Filter>CMake Rules</Filter>
    </CustomBuild>
    <CustomBuild Include="E:\D\MITK-superbuild\ep\src\CTK-build\CTK-build\CMakeFiles\29184822b245794da849f41c6ac190e1\moc_ctkExpandableWidgetPlugin.cpp.rule">
      <Filter>CMake Rules</Filter>
    </CustomBuild>
    <CustomBuild Include="E:\D\MITK-superbuild\ep\src\CTK-build\CTK-build\CMakeFiles\29184822b245794da849f41c6ac190e1\moc_ctkFittedTextBrowserPlugin.cpp.rule">
      <Filter>CMake Rules</Filter>
    </CustomBuild>
    <CustomBuild Include="E:\D\MITK-superbuild\ep\src\CTK-build\CTK-build\CMakeFiles\29184822b245794da849f41c6ac190e1\moc_ctkFontButtonPlugin.cpp.rule">
      <Filter>CMake Rules</Filter>
    </CustomBuild>
    <CustomBuild Include="E:\D\MITK-superbuild\ep\src\CTK-build\CTK-build\CMakeFiles\29184822b245794da849f41c6ac190e1\moc_ctkLanguageComboBoxPlugin.cpp.rule">
      <Filter>CMake Rules</Filter>
    </CustomBuild>
    <CustomBuild Include="E:\D\MITK-superbuild\ep\src\CTK-build\CTK-build\CMakeFiles\29184822b245794da849f41c6ac190e1\moc_ctkMaterialPropertyWidgetPlugin.cpp.rule">
      <Filter>CMake Rules</Filter>
    </CustomBuild>
    <CustomBuild Include="E:\D\MITK-superbuild\ep\src\CTK-build\CTK-build\CMakeFiles\29184822b245794da849f41c6ac190e1\moc_ctkMaterialPropertyPreviewLabelPlugin.cpp.rule">
      <Filter>CMake Rules</Filter>
    </CustomBuild>
    <CustomBuild Include="E:\D\MITK-superbuild\ep\src\CTK-build\CTK-build\CMakeFiles\29184822b245794da849f41c6ac190e1\moc_ctkMatrixWidgetPlugin.cpp.rule">
      <Filter>CMake Rules</Filter>
    </CustomBuild>
    <CustomBuild Include="E:\D\MITK-superbuild\ep\src\CTK-build\CTK-build\CMakeFiles\29184822b245794da849f41c6ac190e1\moc_ctkMenuButtonPlugin.cpp.rule">
      <Filter>CMake Rules</Filter>
    </CustomBuild>
    <CustomBuild Include="E:\D\MITK-superbuild\ep\src\CTK-build\CTK-build\CMakeFiles\29184822b245794da849f41c6ac190e1\moc_ctkModalityWidgetPlugin.cpp.rule">
      <Filter>CMake Rules</Filter>
    </CustomBuild>
    <CustomBuild Include="E:\D\MITK-superbuild\ep\src\CTK-build\CTK-build\CMakeFiles\29184822b245794da849f41c6ac190e1\moc_ctkPathLineEditPlugin.cpp.rule">
      <Filter>CMake Rules</Filter>
    </CustomBuild>
    <CustomBuild Include="E:\D\MITK-superbuild\ep\src\CTK-build\CTK-build\CMakeFiles\29184822b245794da849f41c6ac190e1\moc_ctkPathListButtonsWidgetPlugin.cpp.rule">
      <Filter>CMake Rules</Filter>
    </CustomBuild>
    <CustomBuild Include="E:\D\MITK-superbuild\ep\src\CTK-build\CTK-build\CMakeFiles\29184822b245794da849f41c6ac190e1\moc_ctkPathListWidgetPlugin.cpp.rule">
      <Filter>CMake Rules</Filter>
    </CustomBuild>
    <CustomBuild Include="E:\D\MITK-superbuild\ep\src\CTK-build\CTK-build\CMakeFiles\29184822b245794da849f41c6ac190e1\moc_ctkPopupWidgetPlugin.cpp.rule">
      <Filter>CMake Rules</Filter>
    </CustomBuild>
    <CustomBuild Include="E:\D\MITK-superbuild\ep\src\CTK-build\CTK-build\CMakeFiles\29184822b245794da849f41c6ac190e1\moc_ctkPushButtonPlugin.cpp.rule">
      <Filter>CMake Rules</Filter>
    </CustomBuild>
    <CustomBuild Include="E:\D\MITK-superbuild\ep\src\CTK-build\CTK-build\CMakeFiles\29184822b245794da849f41c6ac190e1\moc_ctkRangeSliderPlugin.cpp.rule">
      <Filter>CMake Rules</Filter>
    </CustomBuild>
    <CustomBuild Include="E:\D\MITK-superbuild\ep\src\CTK-build\CTK-build\CMakeFiles\29184822b245794da849f41c6ac190e1\moc_ctkRangeWidgetPlugin.cpp.rule">
      <Filter>CMake Rules</Filter>
    </CustomBuild>
    <CustomBuild Include="E:\D\MITK-superbuild\ep\src\CTK-build\CTK-build\CMakeFiles\29184822b245794da849f41c6ac190e1\moc_ctkThumbnailLabelPlugin.cpp.rule">
      <Filter>CMake Rules</Filter>
    </CustomBuild>
    <CustomBuild Include="E:\D\MITK-superbuild\ep\src\CTK-build\CTK-build\CMakeFiles\29184822b245794da849f41c6ac190e1\moc_ctkTransferFunctionViewPlugin.cpp.rule">
      <Filter>CMake Rules</Filter>
    </CustomBuild>
    <CustomBuild Include="E:\D\MITK-superbuild\ep\src\CTK-build\CTK-build\CMakeFiles\29184822b245794da849f41c6ac190e1\moc_ctkTreeComboBoxPlugin.cpp.rule">
      <Filter>CMake Rules</Filter>
    </CustomBuild>
    <CustomBuild Include="E:\D\MITK-superbuild\ep\src\CTK-build\CTK-build\CMakeFiles\29184822b245794da849f41c6ac190e1\moc_ctkSearchBoxPlugin.cpp.rule">
      <Filter>CMake Rules</Filter>
    </CustomBuild>
    <CustomBuild Include="E:\D\MITK-superbuild\ep\src\CTK-build\CTK-build\CMakeFiles\29184822b245794da849f41c6ac190e1\moc_ctkSettingsPanelPlugin.cpp.rule">
      <Filter>CMake Rules</Filter>
    </CustomBuild>
    <CustomBuild Include="E:\D\MITK-superbuild\ep\src\CTK-build\CTK-build\CMakeFiles\29184822b245794da849f41c6ac190e1\moc_ctkSettingsDialogPlugin.cpp.rule">
      <Filter>CMake Rules</Filter>
    </CustomBuild>
    <CustomBuild Include="E:\D\MITK-superbuild\ep\src\CTK-build\CTK-build\CMakeFiles\29184822b245794da849f41c6ac190e1\moc_ctkSliderWidgetPlugin.cpp.rule">
      <Filter>CMake Rules</Filter>
    </CustomBuild>
    <CustomBuild Include="E:\D\MITK-superbuild\ep\src\CTK-build\CTK-build\CMakeFiles\29184822b245794da849f41c6ac190e1\moc_ctkWorkflowButtonBoxWidgetPlugin.cpp.rule">
      <Filter>CMake Rules</Filter>
    </CustomBuild>
    <CustomBuild Include="E:\D\MITK-superbuild\ep\src\CTK-build\CTK-build\CMakeFiles\29184822b245794da849f41c6ac190e1\moc_ctkWorkflowWidgetStepPlugin.cpp.rule">
      <Filter>CMake Rules</Filter>
    </CustomBuild>
    <CustomBuild Include="E:\D\MITK-superbuild\ep\src\CTK\Libs\Widgets\Plugins\Resources\ctkWidgetsPlugins.qrc">
      <Filter>Resources</Filter>
    </CustomBuild>
  </ItemGroup>
  <ItemGroup>
    <Filter Include="Source Files">
      <UniqueIdentifier>{E1DC2353-CFCD-3C1E-A786-25B489D8E12B}</UniqueIdentifier>
    </Filter>
    <Filter Include="Header Files">
      <UniqueIdentifier>{5B3800A7-E615-3358-B373-1B6B157DD83C}</UniqueIdentifier>
    </Filter>
    <Filter Include="CMake Rules">
      <UniqueIdentifier>{0B275B48-7A6E-3833-8375-16A6C39A6784}</UniqueIdentifier>
    </Filter>
    <Filter Include="Resources">
      <UniqueIdentifier>{BCA50815-07EF-3790-8857-FC6B32AB9F67}</UniqueIdentifier>
    </Filter>
    <Filter Include="Generated">
      <UniqueIdentifier>{413D60D0-55C9-3E7F-B4B3-E330D1E83D18}</UniqueIdentifier>
    </Filter>
  </ItemGroup>
</Project>
