Microsoft Visual Studio Solution File, Format Version 12.00
# Visual Studio 2013
Project("{8BC9CEB8-8B4A-11D0-8D11-00A0C91BC942}") = "ALL_BUILD", "ALL_BUILD.vcxproj", "{E944C262-7653-3F7D-B8E3-255981C35897}"
	ProjectSection(ProjectDependencies) = postProject
		{EAED6603-E392-3DF3-BE7D-0D3F7F92F9AD} = {EAED6603-E392-3DF3-BE7D-0D3F7F92F9AD}
		{A1E3A5C6-B543-37EB-A202-537F90A685E4} = {A1E3A5C6-B543-37EB-A202-537F90A685E4}
		{5F3C5F4B-5E49-3B83-AD0D-575AE4B9D0B7} = {5F3C5F4B-5E49-3B83-AD0D-575AE4B9D0B7}
		{FD8351B1-0E9F-33F4-9A21-757D9544A306} = {FD8351B1-0E9F-33F4-9A21-757D9544A306}
		{0990A5C6-4241-3B17-8B1F-1285F269A416} = {0990A5C6-4241-3B17-8B1F-1285F269A416}
		{F39C1070-4C2A-3B34-9F35-0AD1EEA53C20} = {F39C1070-4C2A-3B34-9F35-0AD1EEA53C20}
		{8510107E-827F-3383-9DBE-A771877A9E4B} = {8510107E-827F-3383-9DBE-A771877A9E4B}
		{364094B8-7C2A-3C7F-BE0D-DE81A0BEF295} = {364094B8-7C2A-3C7F-BE0D-DE81A0BEF295}
		{C58D8433-BA23-3885-8318-AD062205F0D6} = {C58D8433-BA23-3885-8318-AD062205F0D6}
		{73E231FA-71AC-35A0-8670-BBF81FADEE13} = {73E231FA-71AC-35A0-8670-BBF81FADEE13}
		{76B92E45-3A0C-3447-9BE3-CE4B85F27092} = {76B92E45-3A0C-3447-9BE3-CE4B85F27092}
		{B79C7879-7850-31C7-AEC0-5DD7C940749C} = {B79C7879-7850-31C7-AEC0-5DD7C940749C}
		{5315A041-CDB4-3493-B5CB-E86B22F1B122} = {5315A041-CDB4-3493-B5CB-E86B22F1B122}
		{8E3CD9E7-70C3-3592-910F-12C01979C767} = {8E3CD9E7-70C3-3592-910F-12C01979C767}
		{314210AE-D934-337F-A983-368A81AC5A15} = {314210AE-D934-337F-A983-368A81AC5A15}
		{BF0396D5-F30E-330C-800D-27976669BF6A} = {BF0396D5-F30E-330C-800D-27976669BF6A}
	EndProjectSection
EndProject
Project("{8BC9CEB8-8B4A-11D0-8D11-00A0C91BC942}") = "INSTALL", "INSTALL.vcxproj", "{4FB2CD58-B115-313C-8C2E-8ADF1948672A}"
	ProjectSection(ProjectDependencies) = postProject
		{E944C262-7653-3F7D-B8E3-255981C35897} = {E944C262-7653-3F7D-B8E3-255981C35897}
		{EAED6603-E392-3DF3-BE7D-0D3F7F92F9AD} = {EAED6603-E392-3DF3-BE7D-0D3F7F92F9AD}
	EndProjectSection
EndProject
Project("{8BC9CEB8-8B4A-11D0-8D11-00A0C91BC942}") = "PACKAGE", "PACKAGE.vcxproj", "{A5C934A5-E0D7-377B-B607-67404FB57C56}"
	ProjectSection(ProjectDependencies) = postProject
		{E944C262-7653-3F7D-B8E3-255981C35897} = {E944C262-7653-3F7D-B8E3-255981C35897}
		{EAED6603-E392-3DF3-BE7D-0D3F7F92F9AD} = {EAED6603-E392-3DF3-BE7D-0D3F7F92F9AD}
	EndProjectSection
EndProject
Project("{8BC9CEB8-8B4A-11D0-8D11-00A0C91BC942}") = "ZERO_CHECK", "ZERO_CHECK.vcxproj", "{EAED6603-E392-3DF3-BE7D-0D3F7F92F9AD}"
	ProjectSection(ProjectDependencies) = postProject
	EndProjectSection
EndProject
Project("{8BC9CEB8-8B4A-11D0-8D11-00A0C91BC942}") = "gdcmCommon", "Source\Common\gdcmCommon.vcxproj", "{A1E3A5C6-B543-37EB-A202-537F90A685E4}"
	ProjectSection(ProjectDependencies) = postProject
		{EAED6603-E392-3DF3-BE7D-0D3F7F92F9AD} = {EAED6603-E392-3DF3-BE7D-0D3F7F92F9AD}
	EndProjectSection
EndProject
Project("{8BC9CEB8-8B4A-11D0-8D11-00A0C91BC942}") = "gdcmDICT", "Source\DataDictionary\gdcmDICT.vcxproj", "{5F3C5F4B-5E49-3B83-AD0D-575AE4B9D0B7}"
	ProjectSection(ProjectDependencies) = postProject
		{EAED6603-E392-3DF3-BE7D-0D3F7F92F9AD} = {EAED6603-E392-3DF3-BE7D-0D3F7F92F9AD}
		{A1E3A5C6-B543-37EB-A202-537F90A685E4} = {A1E3A5C6-B543-37EB-A202-537F90A685E4}
		{FD8351B1-0E9F-33F4-9A21-757D9544A306} = {FD8351B1-0E9F-33F4-9A21-757D9544A306}
		{0990A5C6-4241-3B17-8B1F-1285F269A416} = {0990A5C6-4241-3B17-8B1F-1285F269A416}
	EndProjectSection
EndProject
Project("{8BC9CEB8-8B4A-11D0-8D11-00A0C91BC942}") = "gdcmDSED", "Source\DataStructureAndEncodingDefinition\gdcmDSED.vcxproj", "{FD8351B1-0E9F-33F4-9A21-757D9544A306}"
	ProjectSection(ProjectDependencies) = postProject
		{EAED6603-E392-3DF3-BE7D-0D3F7F92F9AD} = {EAED6603-E392-3DF3-BE7D-0D3F7F92F9AD}
		{A1E3A5C6-B543-37EB-A202-537F90A685E4} = {A1E3A5C6-B543-37EB-A202-537F90A685E4}
		{314210AE-D934-337F-A983-368A81AC5A15} = {314210AE-D934-337F-A983-368A81AC5A15}
	EndProjectSection
EndProject
Project("{8BC9CEB8-8B4A-11D0-8D11-00A0C91BC942}") = "gdcmIOD", "Source\InformationObjectDefinition\gdcmIOD.vcxproj", "{0990A5C6-4241-3B17-8B1F-1285F269A416}"
	ProjectSection(ProjectDependencies) = postProject
		{EAED6603-E392-3DF3-BE7D-0D3F7F92F9AD} = {EAED6603-E392-3DF3-BE7D-0D3F7F92F9AD}
		{A1E3A5C6-B543-37EB-A202-537F90A685E4} = {A1E3A5C6-B543-37EB-A202-537F90A685E4}
		{FD8351B1-0E9F-33F4-9A21-757D9544A306} = {FD8351B1-0E9F-33F4-9A21-757D9544A306}
		{C58D8433-BA23-3885-8318-AD062205F0D6} = {C58D8433-BA23-3885-8318-AD062205F0D6}
	EndProjectSection
EndProject
Project("{8BC9CEB8-8B4A-11D0-8D11-00A0C91BC942}") = "gdcmMEXD", "Source\MessageExchangeDefinition\gdcmMEXD.vcxproj", "{F39C1070-4C2A-3B34-9F35-0AD1EEA53C20}"
	ProjectSection(ProjectDependencies) = postProject
		{EAED6603-E392-3DF3-BE7D-0D3F7F92F9AD} = {EAED6603-E392-3DF3-BE7D-0D3F7F92F9AD}
		{A1E3A5C6-B543-37EB-A202-537F90A685E4} = {A1E3A5C6-B543-37EB-A202-537F90A685E4}
		{5F3C5F4B-5E49-3B83-AD0D-575AE4B9D0B7} = {5F3C5F4B-5E49-3B83-AD0D-575AE4B9D0B7}
		{FD8351B1-0E9F-33F4-9A21-757D9544A306} = {FD8351B1-0E9F-33F4-9A21-757D9544A306}
		{0990A5C6-4241-3B17-8B1F-1285F269A416} = {0990A5C6-4241-3B17-8B1F-1285F269A416}
		{8510107E-827F-3383-9DBE-A771877A9E4B} = {8510107E-827F-3383-9DBE-A771877A9E4B}
		{BF0396D5-F30E-330C-800D-27976669BF6A} = {BF0396D5-F30E-330C-800D-27976669BF6A}
	EndProjectSection
EndProject
Project("{8BC9CEB8-8B4A-11D0-8D11-00A0C91BC942}") = "gdcmMSFF", "Source\MediaStorageAndFileFormat\gdcmMSFF.vcxproj", "{8510107E-827F-3383-9DBE-A771877A9E4B}"
	ProjectSection(ProjectDependencies) = postProject
		{EAED6603-E392-3DF3-BE7D-0D3F7F92F9AD} = {EAED6603-E392-3DF3-BE7D-0D3F7F92F9AD}
		{A1E3A5C6-B543-37EB-A202-537F90A685E4} = {A1E3A5C6-B543-37EB-A202-537F90A685E4}
		{5F3C5F4B-5E49-3B83-AD0D-575AE4B9D0B7} = {5F3C5F4B-5E49-3B83-AD0D-575AE4B9D0B7}
		{FD8351B1-0E9F-33F4-9A21-757D9544A306} = {FD8351B1-0E9F-33F4-9A21-757D9544A306}
		{0990A5C6-4241-3B17-8B1F-1285F269A416} = {0990A5C6-4241-3B17-8B1F-1285F269A416}
		{364094B8-7C2A-3C7F-BE0D-DE81A0BEF295} = {364094B8-7C2A-3C7F-BE0D-DE81A0BEF295}
		{76B92E45-3A0C-3447-9BE3-CE4B85F27092} = {76B92E45-3A0C-3447-9BE3-CE4B85F27092}
		{B79C7879-7850-31C7-AEC0-5DD7C940749C} = {B79C7879-7850-31C7-AEC0-5DD7C940749C}
		{5315A041-CDB4-3493-B5CB-E86B22F1B122} = {5315A041-CDB4-3493-B5CB-E86B22F1B122}
		{8E3CD9E7-70C3-3592-910F-12C01979C767} = {8E3CD9E7-70C3-3592-910F-12C01979C767}
	EndProjectSection
EndProject
Project("{8BC9CEB8-8B4A-11D0-8D11-00A0C91BC942}") = "gdcmcharls", "Utilities\gdcmcharls\gdcmcharls.vcxproj", "{364094B8-7C2A-3C7F-BE0D-DE81A0BEF295}"
	ProjectSection(ProjectDependencies) = postProject
		{EAED6603-E392-3DF3-BE7D-0D3F7F92F9AD} = {EAED6603-E392-3DF3-BE7D-0D3F7F92F9AD}
	EndProjectSection
EndProject
Project("{8BC9CEB8-8B4A-11D0-8D11-00A0C91BC942}") = "gdcmexpat", "Utilities\gdcmexpat\lib\gdcmexpat.vcxproj", "{C58D8433-BA23-3885-8318-AD062205F0D6}"
	ProjectSection(ProjectDependencies) = postProject
		{EAED6603-E392-3DF3-BE7D-0D3F7F92F9AD} = {EAED6603-E392-3DF3-BE7D-0D3F7F92F9AD}
	EndProjectSection
EndProject
Project("{8BC9CEB8-8B4A-11D0-8D11-00A0C91BC942}") = "gdcmgetopt", "Utilities\getopt\gdcmgetopt.vcxproj", "{73E231FA-71AC-35A0-8670-BBF81FADEE13}"
	ProjectSection(ProjectDependencies) = postProject
		{EAED6603-E392-3DF3-BE7D-0D3F7F92F9AD} = {EAED6603-E392-3DF3-BE7D-0D3F7F92F9AD}
	EndProjectSection
EndProject
Project("{8BC9CEB8-8B4A-11D0-8D11-00A0C91BC942}") = "gdcmjpeg12", "Utilities\gdcmjpeg\12\gdcmjpeg12.vcxproj", "{76B92E45-3A0C-3447-9BE3-CE4B85F27092}"
	ProjectSection(ProjectDependencies) = postProject
		{EAED6603-E392-3DF3-BE7D-0D3F7F92F9AD} = {EAED6603-E392-3DF3-BE7D-0D3F7F92F9AD}
	EndProjectSection
EndProject
Project("{8BC9CEB8-8B4A-11D0-8D11-00A0C91BC942}") = "gdcmjpeg16", "Utilities\gdcmjpeg\16\gdcmjpeg16.vcxproj", "{B79C7879-7850-31C7-AEC0-5DD7C940749C}"
	ProjectSection(ProjectDependencies) = postProject
		{EAED6603-E392-3DF3-BE7D-0D3F7F92F9AD} = {EAED6603-E392-3DF3-BE7D-0D3F7F92F9AD}
	EndProjectSection
EndProject
Project("{8BC9CEB8-8B4A-11D0-8D11-00A0C91BC942}") = "gdcmjpeg8", "Utilities\gdcmjpeg\8\gdcmjpeg8.vcxproj", "{5315A041-CDB4-3493-B5CB-E86B22F1B122}"
	ProjectSection(ProjectDependencies) = postProject
		{EAED6603-E392-3DF3-BE7D-0D3F7F92F9AD} = {EAED6603-E392-3DF3-BE7D-0D3F7F92F9AD}
	EndProjectSection
EndProject
Project("{8BC9CEB8-8B4A-11D0-8D11-00A0C91BC942}") = "gdcmopenjpeg", "Utilities\gdcmopenjpeg-v1\libopenjpeg\gdcmopenjpeg.vcxproj", "{8E3CD9E7-70C3-3592-910F-12C01979C767}"
	ProjectSection(ProjectDependencies) = postProject
		{EAED6603-E392-3DF3-BE7D-0D3F7F92F9AD} = {EAED6603-E392-3DF3-BE7D-0D3F7F92F9AD}
	EndProjectSection
EndProject
Project("{8BC9CEB8-8B4A-11D0-8D11-00A0C91BC942}") = "gdcmzlib", "Utilities\gdcmzlib\gdcmzlib.vcxproj", "{314210AE-D934-337F-A983-368A81AC5A15}"
	ProjectSection(ProjectDependencies) = postProject
		{EAED6603-E392-3DF3-BE7D-0D3F7F92F9AD} = {EAED6603-E392-3DF3-BE7D-0D3F7F92F9AD}
	EndProjectSection
EndProject
Project("{8BC9CEB8-8B4A-11D0-8D11-00A0C91BC942}") = "socketxx", "Utilities\socketxx\socket++\socketxx.vcxproj", "{BF0396D5-F30E-330C-800D-27976669BF6A}"
	ProjectSection(ProjectDependencies) = postProject
		{EAED6603-E392-3DF3-BE7D-0D3F7F92F9AD} = {EAED6603-E392-3DF3-BE7D-0D3F7F92F9AD}
	EndProjectSection
EndProject
Global
	GlobalSection(SolutionConfigurationPlatforms) = preSolution
		Debug|Win32 = Debug|Win32
		Release|Win32 = Release|Win32
		MinSizeRel|Win32 = MinSizeRel|Win32
		RelWithDebInfo|Win32 = RelWithDebInfo|Win32
	EndGlobalSection
	GlobalSection(ProjectConfigurationPlatforms) = postSolution
		{E944C262-7653-3F7D-B8E3-255981C35897}.Debug|Win32.ActiveCfg = Debug|Win32
		{E944C262-7653-3F7D-B8E3-255981C35897}.Debug|Win32.Build.0 = Debug|Win32
		{E944C262-7653-3F7D-B8E3-255981C35897}.Release|Win32.ActiveCfg = Release|Win32
		{E944C262-7653-3F7D-B8E3-255981C35897}.Release|Win32.Build.0 = Release|Win32
		{E944C262-7653-3F7D-B8E3-255981C35897}.MinSizeRel|Win32.ActiveCfg = MinSizeRel|Win32
		{E944C262-7653-3F7D-B8E3-255981C35897}.MinSizeRel|Win32.Build.0 = MinSizeRel|Win32
		{E944C262-7653-3F7D-B8E3-255981C35897}.RelWithDebInfo|Win32.ActiveCfg = RelWithDebInfo|Win32
		{E944C262-7653-3F7D-B8E3-255981C35897}.RelWithDebInfo|Win32.Build.0 = RelWithDebInfo|Win32
		{4FB2CD58-B115-313C-8C2E-8ADF1948672A}.Debug|Win32.ActiveCfg = Debug|Win32
		{4FB2CD58-B115-313C-8C2E-8ADF1948672A}.Release|Win32.ActiveCfg = Release|Win32
		{4FB2CD58-B115-313C-8C2E-8ADF1948672A}.MinSizeRel|Win32.ActiveCfg = MinSizeRel|Win32
		{4FB2CD58-B115-313C-8C2E-8ADF1948672A}.RelWithDebInfo|Win32.ActiveCfg = RelWithDebInfo|Win32
		{A5C934A5-E0D7-377B-B607-67404FB57C56}.Debug|Win32.ActiveCfg = Debug|Win32
		{A5C934A5-E0D7-377B-B607-67404FB57C56}.Release|Win32.ActiveCfg = Release|Win32
		{A5C934A5-E0D7-377B-B607-67404FB57C56}.MinSizeRel|Win32.ActiveCfg = MinSizeRel|Win32
		{A5C934A5-E0D7-377B-B607-67404FB57C56}.RelWithDebInfo|Win32.ActiveCfg = RelWithDebInfo|Win32
		{EAED6603-E392-3DF3-BE7D-0D3F7F92F9AD}.Debug|Win32.ActiveCfg = Debug|Win32
		{EAED6603-E392-3DF3-BE7D-0D3F7F92F9AD}.Debug|Win32.Build.0 = Debug|Win32
		{EAED6603-E392-3DF3-BE7D-0D3F7F92F9AD}.Release|Win32.ActiveCfg = Release|Win32
		{EAED6603-E392-3DF3-BE7D-0D3F7F92F9AD}.Release|Win32.Build.0 = Release|Win32
		{EAED6603-E392-3DF3-BE7D-0D3F7F92F9AD}.MinSizeRel|Win32.ActiveCfg = MinSizeRel|Win32
		{EAED6603-E392-3DF3-BE7D-0D3F7F92F9AD}.MinSizeRel|Win32.Build.0 = MinSizeRel|Win32
		{EAED6603-E392-3DF3-BE7D-0D3F7F92F9AD}.RelWithDebInfo|Win32.ActiveCfg = RelWithDebInfo|Win32
		{EAED6603-E392-3DF3-BE7D-0D3F7F92F9AD}.RelWithDebInfo|Win32.Build.0 = RelWithDebInfo|Win32
		{A1E3A5C6-B543-37EB-A202-537F90A685E4}.Debug|Win32.ActiveCfg = Debug|Win32
		{A1E3A5C6-B543-37EB-A202-537F90A685E4}.Debug|Win32.Build.0 = Debug|Win32
		{A1E3A5C6-B543-37EB-A202-537F90A685E4}.Release|Win32.ActiveCfg = Release|Win32
		{A1E3A5C6-B543-37EB-A202-537F90A685E4}.Release|Win32.Build.0 = Release|Win32
		{A1E3A5C6-B543-37EB-A202-537F90A685E4}.MinSizeRel|Win32.ActiveCfg = MinSizeRel|Win32
		{A1E3A5C6-B543-37EB-A202-537F90A685E4}.MinSizeRel|Win32.Build.0 = MinSizeRel|Win32
		{A1E3A5C6-B543-37EB-A202-537F90A685E4}.RelWithDebInfo|Win32.ActiveCfg = RelWithDebInfo|Win32
		{A1E3A5C6-B543-37EB-A202-537F90A685E4}.RelWithDebInfo|Win32.Build.0 = RelWithDebInfo|Win32
		{5F3C5F4B-5E49-3B83-AD0D-575AE4B9D0B7}.Debug|Win32.ActiveCfg = Debug|Win32
		{5F3C5F4B-5E49-3B83-AD0D-575AE4B9D0B7}.Debug|Win32.Build.0 = Debug|Win32
		{5F3C5F4B-5E49-3B83-AD0D-575AE4B9D0B7}.Release|Win32.ActiveCfg = Release|Win32
		{5F3C5F4B-5E49-3B83-AD0D-575AE4B9D0B7}.Release|Win32.Build.0 = Release|Win32
		{5F3C5F4B-5E49-3B83-AD0D-575AE4B9D0B7}.MinSizeRel|Win32.ActiveCfg = MinSizeRel|Win32
		{5F3C5F4B-5E49-3B83-AD0D-575AE4B9D0B7}.MinSizeRel|Win32.Build.0 = MinSizeRel|Win32
		{5F3C5F4B-5E49-3B83-AD0D-575AE4B9D0B7}.RelWithDebInfo|Win32.ActiveCfg = RelWithDebInfo|Win32
		{5F3C5F4B-5E49-3B83-AD0D-575AE4B9D0B7}.RelWithDebInfo|Win32.Build.0 = RelWithDebInfo|Win32
		{FD8351B1-0E9F-33F4-9A21-757D9544A306}.Debug|Win32.ActiveCfg = Debug|Win32
		{FD8351B1-0E9F-33F4-9A21-757D9544A306}.Debug|Win32.Build.0 = Debug|Win32
		{FD8351B1-0E9F-33F4-9A21-757D9544A306}.Release|Win32.ActiveCfg = Release|Win32
		{FD8351B1-0E9F-33F4-9A21-757D9544A306}.Release|Win32.Build.0 = Release|Win32
		{FD8351B1-0E9F-33F4-9A21-757D9544A306}.MinSizeRel|Win32.ActiveCfg = MinSizeRel|Win32
		{FD8351B1-0E9F-33F4-9A21-757D9544A306}.MinSizeRel|Win32.Build.0 = MinSizeRel|Win32
		{FD8351B1-0E9F-33F4-9A21-757D9544A306}.RelWithDebInfo|Win32.ActiveCfg = RelWithDebInfo|Win32
		{FD8351B1-0E9F-33F4-9A21-757D9544A306}.RelWithDebInfo|Win32.Build.0 = RelWithDebInfo|Win32
		{0990A5C6-4241-3B17-8B1F-1285F269A416}.Debug|Win32.ActiveCfg = Debug|Win32
		{0990A5C6-4241-3B17-8B1F-1285F269A416}.Debug|Win32.Build.0 = Debug|Win32
		{0990A5C6-4241-3B17-8B1F-1285F269A416}.Release|Win32.ActiveCfg = Release|Win32
		{0990A5C6-4241-3B17-8B1F-1285F269A416}.Release|Win32.Build.0 = Release|Win32
		{0990A5C6-4241-3B17-8B1F-1285F269A416}.MinSizeRel|Win32.ActiveCfg = MinSizeRel|Win32
		{0990A5C6-4241-3B17-8B1F-1285F269A416}.MinSizeRel|Win32.Build.0 = MinSizeRel|Win32
		{0990A5C6-4241-3B17-8B1F-1285F269A416}.RelWithDebInfo|Win32.ActiveCfg = RelWithDebInfo|Win32
		{0990A5C6-4241-3B17-8B1F-1285F269A416}.RelWithDebInfo|Win32.Build.0 = RelWithDebInfo|Win32
		{F39C1070-4C2A-3B34-9F35-0AD1EEA53C20}.Debug|Win32.ActiveCfg = Debug|Win32
		{F39C1070-4C2A-3B34-9F35-0AD1EEA53C20}.Debug|Win32.Build.0 = Debug|Win32
		{F39C1070-4C2A-3B34-9F35-0AD1EEA53C20}.Release|Win32.ActiveCfg = Release|Win32
		{F39C1070-4C2A-3B34-9F35-0AD1EEA53C20}.Release|Win32.Build.0 = Release|Win32
		{F39C1070-4C2A-3B34-9F35-0AD1EEA53C20}.MinSizeRel|Win32.ActiveCfg = MinSizeRel|Win32
		{F39C1070-4C2A-3B34-9F35-0AD1EEA53C20}.MinSizeRel|Win32.Build.0 = MinSizeRel|Win32
		{F39C1070-4C2A-3B34-9F35-0AD1EEA53C20}.RelWithDebInfo|Win32.ActiveCfg = RelWithDebInfo|Win32
		{F39C1070-4C2A-3B34-9F35-0AD1EEA53C20}.RelWithDebInfo|Win32.Build.0 = RelWithDebInfo|Win32
		{8510107E-827F-3383-9DBE-A771877A9E4B}.Debug|Win32.ActiveCfg = Debug|Win32
		{8510107E-827F-3383-9DBE-A771877A9E4B}.Debug|Win32.Build.0 = Debug|Win32
		{8510107E-827F-3383-9DBE-A771877A9E4B}.Release|Win32.ActiveCfg = Release|Win32
		{8510107E-827F-3383-9DBE-A771877A9E4B}.Release|Win32.Build.0 = Release|Win32
		{8510107E-827F-3383-9DBE-A771877A9E4B}.MinSizeRel|Win32.ActiveCfg = MinSizeRel|Win32
		{8510107E-827F-3383-9DBE-A771877A9E4B}.MinSizeRel|Win32.Build.0 = MinSizeRel|Win32
		{8510107E-827F-3383-9DBE-A771877A9E4B}.RelWithDebInfo|Win32.ActiveCfg = RelWithDebInfo|Win32
		{8510107E-827F-3383-9DBE-A771877A9E4B}.RelWithDebInfo|Win32.Build.0 = RelWithDebInfo|Win32
		{364094B8-7C2A-3C7F-BE0D-DE81A0BEF295}.Debug|Win32.ActiveCfg = Debug|Win32
		{364094B8-7C2A-3C7F-BE0D-DE81A0BEF295}.Debug|Win32.Build.0 = Debug|Win32
		{364094B8-7C2A-3C7F-BE0D-DE81A0BEF295}.Release|Win32.ActiveCfg = Release|Win32
		{364094B8-7C2A-3C7F-BE0D-DE81A0BEF295}.Release|Win32.Build.0 = Release|Win32
		{364094B8-7C2A-3C7F-BE0D-DE81A0BEF295}.MinSizeRel|Win32.ActiveCfg = MinSizeRel|Win32
		{364094B8-7C2A-3C7F-BE0D-DE81A0BEF295}.MinSizeRel|Win32.Build.0 = MinSizeRel|Win32
		{364094B8-7C2A-3C7F-BE0D-DE81A0BEF295}.RelWithDebInfo|Win32.ActiveCfg = RelWithDebInfo|Win32
		{364094B8-7C2A-3C7F-BE0D-DE81A0BEF295}.RelWithDebInfo|Win32.Build.0 = RelWithDebInfo|Win32
		{C58D8433-BA23-3885-8318-AD062205F0D6}.Debug|Win32.ActiveCfg = Debug|Win32
		{C58D8433-BA23-3885-8318-AD062205F0D6}.Debug|Win32.Build.0 = Debug|Win32
		{C58D8433-BA23-3885-8318-AD062205F0D6}.Release|Win32.ActiveCfg = Release|Win32
		{C58D8433-BA23-3885-8318-AD062205F0D6}.Release|Win32.Build.0 = Release|Win32
		{C58D8433-BA23-3885-8318-AD062205F0D6}.MinSizeRel|Win32.ActiveCfg = MinSizeRel|Win32
		{C58D8433-BA23-3885-8318-AD062205F0D6}.MinSizeRel|Win32.Build.0 = MinSizeRel|Win32
		{C58D8433-BA23-3885-8318-AD062205F0D6}.RelWithDebInfo|Win32.ActiveCfg = RelWithDebInfo|Win32
		{C58D8433-BA23-3885-8318-AD062205F0D6}.RelWithDebInfo|Win32.Build.0 = RelWithDebInfo|Win32
		{73E231FA-71AC-35A0-8670-BBF81FADEE13}.Debug|Win32.ActiveCfg = Debug|Win32
		{73E231FA-71AC-35A0-8670-BBF81FADEE13}.Debug|Win32.Build.0 = Debug|Win32
		{73E231FA-71AC-35A0-8670-BBF81FADEE13}.Release|Win32.ActiveCfg = Release|Win32
		{73E231FA-71AC-35A0-8670-BBF81FADEE13}.Release|Win32.Build.0 = Release|Win32
		{73E231FA-71AC-35A0-8670-BBF81FADEE13}.MinSizeRel|Win32.ActiveCfg = MinSizeRel|Win32
		{73E231FA-71AC-35A0-8670-BBF81FADEE13}.MinSizeRel|Win32.Build.0 = MinSizeRel|Win32
		{73E231FA-71AC-35A0-8670-BBF81FADEE13}.RelWithDebInfo|Win32.ActiveCfg = RelWithDebInfo|Win32
		{73E231FA-71AC-35A0-8670-BBF81FADEE13}.RelWithDebInfo|Win32.Build.0 = RelWithDebInfo|Win32
		{76B92E45-3A0C-3447-9BE3-CE4B85F27092}.Debug|Win32.ActiveCfg = Debug|Win32
		{76B92E45-3A0C-3447-9BE3-CE4B85F27092}.Debug|Win32.Build.0 = Debug|Win32
		{76B92E45-3A0C-3447-9BE3-CE4B85F27092}.Release|Win32.ActiveCfg = Release|Win32
		{76B92E45-3A0C-3447-9BE3-CE4B85F27092}.Release|Win32.Build.0 = Release|Win32
		{76B92E45-3A0C-3447-9BE3-CE4B85F27092}.MinSizeRel|Win32.ActiveCfg = MinSizeRel|Win32
		{76B92E45-3A0C-3447-9BE3-CE4B85F27092}.MinSizeRel|Win32.Build.0 = MinSizeRel|Win32
		{76B92E45-3A0C-3447-9BE3-CE4B85F27092}.RelWithDebInfo|Win32.ActiveCfg = RelWithDebInfo|Win32
		{76B92E45-3A0C-3447-9BE3-CE4B85F27092}.RelWithDebInfo|Win32.Build.0 = RelWithDebInfo|Win32
		{B79C7879-7850-31C7-AEC0-5DD7C940749C}.Debug|Win32.ActiveCfg = Debug|Win32
		{B79C7879-7850-31C7-AEC0-5DD7C940749C}.Debug|Win32.Build.0 = Debug|Win32
		{B79C7879-7850-31C7-AEC0-5DD7C940749C}.Release|Win32.ActiveCfg = Release|Win32
		{B79C7879-7850-31C7-AEC0-5DD7C940749C}.Release|Win32.Build.0 = Release|Win32
		{B79C7879-7850-31C7-AEC0-5DD7C940749C}.MinSizeRel|Win32.ActiveCfg = MinSizeRel|Win32
		{B79C7879-7850-31C7-AEC0-5DD7C940749C}.MinSizeRel|Win32.Build.0 = MinSizeRel|Win32
		{B79C7879-7850-31C7-AEC0-5DD7C940749C}.RelWithDebInfo|Win32.ActiveCfg = RelWithDebInfo|Win32
		{B79C7879-7850-31C7-AEC0-5DD7C940749C}.RelWithDebInfo|Win32.Build.0 = RelWithDebInfo|Win32
		{5315A041-CDB4-3493-B5CB-E86B22F1B122}.Debug|Win32.ActiveCfg = Debug|Win32
		{5315A041-CDB4-3493-B5CB-E86B22F1B122}.Debug|Win32.Build.0 = Debug|Win32
		{5315A041-CDB4-3493-B5CB-E86B22F1B122}.Release|Win32.ActiveCfg = Release|Win32
		{5315A041-CDB4-3493-B5CB-E86B22F1B122}.Release|Win32.Build.0 = Release|Win32
		{5315A041-CDB4-3493-B5CB-E86B22F1B122}.MinSizeRel|Win32.ActiveCfg = MinSizeRel|Win32
		{5315A041-CDB4-3493-B5CB-E86B22F1B122}.MinSizeRel|Win32.Build.0 = MinSizeRel|Win32
		{5315A041-CDB4-3493-B5CB-E86B22F1B122}.RelWithDebInfo|Win32.ActiveCfg = RelWithDebInfo|Win32
		{5315A041-CDB4-3493-B5CB-E86B22F1B122}.RelWithDebInfo|Win32.Build.0 = RelWithDebInfo|Win32
		{8E3CD9E7-70C3-3592-910F-12C01979C767}.Debug|Win32.ActiveCfg = Debug|Win32
		{8E3CD9E7-70C3-3592-910F-12C01979C767}.Debug|Win32.Build.0 = Debug|Win32
		{8E3CD9E7-70C3-3592-910F-12C01979C767}.Release|Win32.ActiveCfg = Release|Win32
		{8E3CD9E7-70C3-3592-910F-12C01979C767}.Release|Win32.Build.0 = Release|Win32
		{8E3CD9E7-70C3-3592-910F-12C01979C767}.MinSizeRel|Win32.ActiveCfg = MinSizeRel|Win32
		{8E3CD9E7-70C3-3592-910F-12C01979C767}.MinSizeRel|Win32.Build.0 = MinSizeRel|Win32
		{8E3CD9E7-70C3-3592-910F-12C01979C767}.RelWithDebInfo|Win32.ActiveCfg = RelWithDebInfo|Win32
		{8E3CD9E7-70C3-3592-910F-12C01979C767}.RelWithDebInfo|Win32.Build.0 = RelWithDebInfo|Win32
		{314210AE-D934-337F-A983-368A81AC5A15}.Debug|Win32.ActiveCfg = Debug|Win32
		{314210AE-D934-337F-A983-368A81AC5A15}.Debug|Win32.Build.0 = Debug|Win32
		{314210AE-D934-337F-A983-368A81AC5A15}.Release|Win32.ActiveCfg = Release|Win32
		{314210AE-D934-337F-A983-368A81AC5A15}.Release|Win32.Build.0 = Release|Win32
		{314210AE-D934-337F-A983-368A81AC5A15}.MinSizeRel|Win32.ActiveCfg = MinSizeRel|Win32
		{314210AE-D934-337F-A983-368A81AC5A15}.MinSizeRel|Win32.Build.0 = MinSizeRel|Win32
		{314210AE-D934-337F-A983-368A81AC5A15}.RelWithDebInfo|Win32.ActiveCfg = RelWithDebInfo|Win32
		{314210AE-D934-337F-A983-368A81AC5A15}.RelWithDebInfo|Win32.Build.0 = RelWithDebInfo|Win32
		{BF0396D5-F30E-330C-800D-27976669BF6A}.Debug|Win32.ActiveCfg = Debug|Win32
		{BF0396D5-F30E-330C-800D-27976669BF6A}.Debug|Win32.Build.0 = Debug|Win32
		{BF0396D5-F30E-330C-800D-27976669BF6A}.Release|Win32.ActiveCfg = Release|Win32
		{BF0396D5-F30E-330C-800D-27976669BF6A}.Release|Win32.Build.0 = Release|Win32
		{BF0396D5-F30E-330C-800D-27976669BF6A}.MinSizeRel|Win32.ActiveCfg = MinSizeRel|Win32
		{BF0396D5-F30E-330C-800D-27976669BF6A}.MinSizeRel|Win32.Build.0 = MinSizeRel|Win32
		{BF0396D5-F30E-330C-800D-27976669BF6A}.RelWithDebInfo|Win32.ActiveCfg = RelWithDebInfo|Win32
		{BF0396D5-F30E-330C-800D-27976669BF6A}.RelWithDebInfo|Win32.Build.0 = RelWithDebInfo|Win32
	EndGlobalSection
	GlobalSection(ExtensibilityGlobals) = postSolution
	EndGlobalSection
	GlobalSection(ExtensibilityAddIns) = postSolution
	EndGlobalSection
EndGlobal
