<?xml version="1.0" encoding="UTF-8"?>
<Project ToolsVersion="12.0" xmlns="http://schemas.microsoft.com/developer/msbuild/2003">
  <ItemGroup>
    <CustomBuild Include="E:\D\MITK-superbuild\ep\src\ITK\Modules\Filtering\MathematicalMorphology\CMakeLists.txt" />
  </ItemGroup>
  <ItemGroup>
    <None Include="E:\D\MITK-superbuild\ep\src\ITK\Modules\Filtering\MathematicalMorphology\include\itkAnchorCloseImageFilter.h">
      <Filter>Header Files</Filter>
    </None>
    <None Include="E:\D\MITK-superbuild\ep\src\ITK\Modules\Filtering\MathematicalMorphology\include\itkAnchorDilateImageFilter.h">
      <Filter>Header Files</Filter>
    </None>
    <None Include="E:\D\MITK-superbuild\ep\src\ITK\Modules\Filtering\MathematicalMorphology\include\itkAnchorErodeDilateImageFilter.h">
      <Filter>Header Files</Filter>
    </None>
    <None Include="E:\D\MITK-superbuild\ep\src\ITK\Modules\Filtering\MathematicalMorphology\include\itkAnchorErodeDilateLine.h">
      <Filter>Header Files</Filter>
    </None>
    <None Include="E:\D\MITK-superbuild\ep\src\ITK\Modules\Filtering\MathematicalMorphology\include\itkAnchorErodeImageFilter.h">
      <Filter>Header Files</Filter>
    </None>
    <None Include="E:\D\MITK-superbuild\ep\src\ITK\Modules\Filtering\MathematicalMorphology\include\itkAnchorOpenCloseImageFilter.h">
      <Filter>Header Files</Filter>
    </None>
    <None Include="E:\D\MITK-superbuild\ep\src\ITK\Modules\Filtering\MathematicalMorphology\include\itkAnchorOpenCloseLine.h">
      <Filter>Header Files</Filter>
    </None>
    <None Include="E:\D\MITK-superbuild\ep\src\ITK\Modules\Filtering\MathematicalMorphology\include\itkAnchorOpenImageFilter.h">
      <Filter>Header Files</Filter>
    </None>
    <None Include="E:\D\MITK-superbuild\ep\src\ITK\Modules\Filtering\MathematicalMorphology\include\itkAnchorUtilities.h">
      <Filter>Header Files</Filter>
    </None>
    <None Include="E:\D\MITK-superbuild\ep\src\ITK\Modules\Filtering\MathematicalMorphology\include\itkBasicDilateImageFilter.h">
      <Filter>Header Files</Filter>
    </None>
    <None Include="E:\D\MITK-superbuild\ep\src\ITK\Modules\Filtering\MathematicalMorphology\include\itkBasicErodeImageFilter.h">
      <Filter>Header Files</Filter>
    </None>
    <None Include="E:\D\MITK-superbuild\ep\src\ITK\Modules\Filtering\MathematicalMorphology\include\itkBinaryBallStructuringElement.h">
      <Filter>Header Files</Filter>
    </None>
    <None Include="E:\D\MITK-superbuild\ep\src\ITK\Modules\Filtering\MathematicalMorphology\include\itkBinaryCrossStructuringElement.h">
      <Filter>Header Files</Filter>
    </None>
    <None Include="E:\D\MITK-superbuild\ep\src\ITK\Modules\Filtering\MathematicalMorphology\include\itkBlackTopHatImageFilter.h">
      <Filter>Header Files</Filter>
    </None>
    <None Include="E:\D\MITK-superbuild\ep\src\ITK\Modules\Filtering\MathematicalMorphology\include\itkClosingByReconstructionImageFilter.h">
      <Filter>Header Files</Filter>
    </None>
    <None Include="E:\D\MITK-superbuild\ep\src\ITK\Modules\Filtering\MathematicalMorphology\include\itkDoubleThresholdImageFilter.h">
      <Filter>Header Files</Filter>
    </None>
    <None Include="E:\D\MITK-superbuild\ep\src\ITK\Modules\Filtering\MathematicalMorphology\include\itkFlatStructuringElement.h">
      <Filter>Header Files</Filter>
    </None>
    <None Include="E:\D\MITK-superbuild\ep\src\ITK\Modules\Filtering\MathematicalMorphology\include\itkGrayscaleConnectedClosingImageFilter.h">
      <Filter>Header Files</Filter>
    </None>
    <None Include="E:\D\MITK-superbuild\ep\src\ITK\Modules\Filtering\MathematicalMorphology\include\itkGrayscaleConnectedOpeningImageFilter.h">
      <Filter>Header Files</Filter>
    </None>
    <None Include="E:\D\MITK-superbuild\ep\src\ITK\Modules\Filtering\MathematicalMorphology\include\itkGrayscaleDilateImageFilter.h">
      <Filter>Header Files</Filter>
    </None>
    <None Include="E:\D\MITK-superbuild\ep\src\ITK\Modules\Filtering\MathematicalMorphology\include\itkGrayscaleErodeImageFilter.h">
      <Filter>Header Files</Filter>
    </None>
    <None Include="E:\D\MITK-superbuild\ep\src\ITK\Modules\Filtering\MathematicalMorphology\include\itkGrayscaleFillholeImageFilter.h">
      <Filter>Header Files</Filter>
    </None>
    <None Include="E:\D\MITK-superbuild\ep\src\ITK\Modules\Filtering\MathematicalMorphology\include\itkGrayscaleFunctionDilateImageFilter.h">
      <Filter>Header Files</Filter>
    </None>
    <None Include="E:\D\MITK-superbuild\ep\src\ITK\Modules\Filtering\MathematicalMorphology\include\itkGrayscaleFunctionErodeImageFilter.h">
      <Filter>Header Files</Filter>
    </None>
    <None Include="E:\D\MITK-superbuild\ep\src\ITK\Modules\Filtering\MathematicalMorphology\include\itkGrayscaleGeodesicDilateImageFilter.h">
      <Filter>Header Files</Filter>
    </None>
    <None Include="E:\D\MITK-superbuild\ep\src\ITK\Modules\Filtering\MathematicalMorphology\include\itkGrayscaleGeodesicErodeImageFilter.h">
      <Filter>Header Files</Filter>
    </None>
    <None Include="E:\D\MITK-superbuild\ep\src\ITK\Modules\Filtering\MathematicalMorphology\include\itkGrayscaleGrindPeakImageFilter.h">
      <Filter>Header Files</Filter>
    </None>
    <None Include="E:\D\MITK-superbuild\ep\src\ITK\Modules\Filtering\MathematicalMorphology\include\itkGrayscaleMorphologicalClosingImageFilter.h">
      <Filter>Header Files</Filter>
    </None>
    <None Include="E:\D\MITK-superbuild\ep\src\ITK\Modules\Filtering\MathematicalMorphology\include\itkGrayscaleMorphologicalOpeningImageFilter.h">
      <Filter>Header Files</Filter>
    </None>
    <None Include="E:\D\MITK-superbuild\ep\src\ITK\Modules\Filtering\MathematicalMorphology\include\itkHConcaveImageFilter.h">
      <Filter>Header Files</Filter>
    </None>
    <None Include="E:\D\MITK-superbuild\ep\src\ITK\Modules\Filtering\MathematicalMorphology\include\itkHConvexImageFilter.h">
      <Filter>Header Files</Filter>
    </None>
    <None Include="E:\D\MITK-superbuild\ep\src\ITK\Modules\Filtering\MathematicalMorphology\include\itkHMaximaImageFilter.h">
      <Filter>Header Files</Filter>
    </None>
    <None Include="E:\D\MITK-superbuild\ep\src\ITK\Modules\Filtering\MathematicalMorphology\include\itkHMinimaImageFilter.h">
      <Filter>Header Files</Filter>
    </None>
    <None Include="E:\D\MITK-superbuild\ep\src\ITK\Modules\Filtering\MathematicalMorphology\include\itkKernelImageFilter.h">
      <Filter>Header Files</Filter>
    </None>
    <None Include="E:\D\MITK-superbuild\ep\src\ITK\Modules\Filtering\MathematicalMorphology\include\itkMorphologicalGradientImageFilter.h">
      <Filter>Header Files</Filter>
    </None>
    <None Include="E:\D\MITK-superbuild\ep\src\ITK\Modules\Filtering\MathematicalMorphology\include\itkMorphologyHistogram.h">
      <Filter>Header Files</Filter>
    </None>
    <None Include="E:\D\MITK-superbuild\ep\src\ITK\Modules\Filtering\MathematicalMorphology\include\itkMorphologyImageFilter.h">
      <Filter>Header Files</Filter>
    </None>
    <None Include="E:\D\MITK-superbuild\ep\src\ITK\Modules\Filtering\MathematicalMorphology\include\itkMovingHistogramDilateImageFilter.h">
      <Filter>Header Files</Filter>
    </None>
    <None Include="E:\D\MITK-superbuild\ep\src\ITK\Modules\Filtering\MathematicalMorphology\include\itkMovingHistogramErodeImageFilter.h">
      <Filter>Header Files</Filter>
    </None>
    <None Include="E:\D\MITK-superbuild\ep\src\ITK\Modules\Filtering\MathematicalMorphology\include\itkMovingHistogramImageFilter.h">
      <Filter>Header Files</Filter>
    </None>
    <None Include="E:\D\MITK-superbuild\ep\src\ITK\Modules\Filtering\MathematicalMorphology\include\itkMovingHistogramImageFilterBase.h">
      <Filter>Header Files</Filter>
    </None>
    <None Include="E:\D\MITK-superbuild\ep\src\ITK\Modules\Filtering\MathematicalMorphology\include\itkMovingHistogramMorphologicalGradientImageFilter.h">
      <Filter>Header Files</Filter>
    </None>
    <None Include="E:\D\MITK-superbuild\ep\src\ITK\Modules\Filtering\MathematicalMorphology\include\itkMovingHistogramMorphologyImageFilter.h">
      <Filter>Header Files</Filter>
    </None>
    <None Include="E:\D\MITK-superbuild\ep\src\ITK\Modules\Filtering\MathematicalMorphology\include\itkOpeningByReconstructionImageFilter.h">
      <Filter>Header Files</Filter>
    </None>
    <None Include="E:\D\MITK-superbuild\ep\src\ITK\Modules\Filtering\MathematicalMorphology\include\itkReconstructionByDilationImageFilter.h">
      <Filter>Header Files</Filter>
    </None>
    <None Include="E:\D\MITK-superbuild\ep\src\ITK\Modules\Filtering\MathematicalMorphology\include\itkReconstructionByErosionImageFilter.h">
      <Filter>Header Files</Filter>
    </None>
    <None Include="E:\D\MITK-superbuild\ep\src\ITK\Modules\Filtering\MathematicalMorphology\include\itkReconstructionImageFilter.h">
      <Filter>Header Files</Filter>
    </None>
    <None Include="E:\D\MITK-superbuild\ep\src\ITK\Modules\Filtering\MathematicalMorphology\include\itkSharedMorphologyUtilities.h">
      <Filter>Header Files</Filter>
    </None>
    <None Include="E:\D\MITK-superbuild\ep\src\ITK\Modules\Filtering\MathematicalMorphology\include\itkVanHerkGilWermanDilateImageFilter.h">
      <Filter>Header Files</Filter>
    </None>
    <None Include="E:\D\MITK-superbuild\ep\src\ITK\Modules\Filtering\MathematicalMorphology\include\itkVanHerkGilWermanErodeDilateImageFilter.h">
      <Filter>Header Files</Filter>
    </None>
    <None Include="E:\D\MITK-superbuild\ep\src\ITK\Modules\Filtering\MathematicalMorphology\include\itkVanHerkGilWermanErodeImageFilter.h">
      <Filter>Header Files</Filter>
    </None>
    <None Include="E:\D\MITK-superbuild\ep\src\ITK\Modules\Filtering\MathematicalMorphology\include\itkVanHerkGilWermanUtilities.h">
      <Filter>Header Files</Filter>
    </None>
    <None Include="E:\D\MITK-superbuild\ep\src\ITK\Modules\Filtering\MathematicalMorphology\include\itkWhiteTopHatImageFilter.h">
      <Filter>Header Files</Filter>
    </None>
    <None Include="E:\D\MITK-superbuild\ep\src\ITK\Modules\Filtering\MathematicalMorphology\include\itkAnchorErodeDilateImageFilter.hxx">
      <Filter>Header Files</Filter>
    </None>
    <None Include="E:\D\MITK-superbuild\ep\src\ITK\Modules\Filtering\MathematicalMorphology\include\itkAnchorErodeDilateLine.hxx">
      <Filter>Header Files</Filter>
    </None>
    <None Include="E:\D\MITK-superbuild\ep\src\ITK\Modules\Filtering\MathematicalMorphology\include\itkAnchorOpenCloseImageFilter.hxx">
      <Filter>Header Files</Filter>
    </None>
    <None Include="E:\D\MITK-superbuild\ep\src\ITK\Modules\Filtering\MathematicalMorphology\include\itkAnchorOpenCloseLine.hxx">
      <Filter>Header Files</Filter>
    </None>
    <None Include="E:\D\MITK-superbuild\ep\src\ITK\Modules\Filtering\MathematicalMorphology\include\itkAnchorUtilities.hxx">
      <Filter>Header Files</Filter>
    </None>
    <None Include="E:\D\MITK-superbuild\ep\src\ITK\Modules\Filtering\MathematicalMorphology\include\itkBasicDilateImageFilter.hxx">
      <Filter>Header Files</Filter>
    </None>
    <None Include="E:\D\MITK-superbuild\ep\src\ITK\Modules\Filtering\MathematicalMorphology\include\itkBasicErodeImageFilter.hxx">
      <Filter>Header Files</Filter>
    </None>
    <None Include="E:\D\MITK-superbuild\ep\src\ITK\Modules\Filtering\MathematicalMorphology\include\itkBinaryBallStructuringElement.hxx">
      <Filter>Header Files</Filter>
    </None>
    <None Include="E:\D\MITK-superbuild\ep\src\ITK\Modules\Filtering\MathematicalMorphology\include\itkBinaryCrossStructuringElement.hxx">
      <Filter>Header Files</Filter>
    </None>
    <None Include="E:\D\MITK-superbuild\ep\src\ITK\Modules\Filtering\MathematicalMorphology\include\itkBlackTopHatImageFilter.hxx">
      <Filter>Header Files</Filter>
    </None>
    <None Include="E:\D\MITK-superbuild\ep\src\ITK\Modules\Filtering\MathematicalMorphology\include\itkClosingByReconstructionImageFilter.hxx">
      <Filter>Header Files</Filter>
    </None>
    <None Include="E:\D\MITK-superbuild\ep\src\ITK\Modules\Filtering\MathematicalMorphology\include\itkDoubleThresholdImageFilter.hxx">
      <Filter>Header Files</Filter>
    </None>
    <None Include="E:\D\MITK-superbuild\ep\src\ITK\Modules\Filtering\MathematicalMorphology\include\itkFlatStructuringElement.hxx">
      <Filter>Header Files</Filter>
    </None>
    <None Include="E:\D\MITK-superbuild\ep\src\ITK\Modules\Filtering\MathematicalMorphology\include\itkGrayscaleConnectedClosingImageFilter.hxx">
      <Filter>Header Files</Filter>
    </None>
    <None Include="E:\D\MITK-superbuild\ep\src\ITK\Modules\Filtering\MathematicalMorphology\include\itkGrayscaleConnectedOpeningImageFilter.hxx">
      <Filter>Header Files</Filter>
    </None>
    <None Include="E:\D\MITK-superbuild\ep\src\ITK\Modules\Filtering\MathematicalMorphology\include\itkGrayscaleDilateImageFilter.hxx">
      <Filter>Header Files</Filter>
    </None>
    <None Include="E:\D\MITK-superbuild\ep\src\ITK\Modules\Filtering\MathematicalMorphology\include\itkGrayscaleErodeImageFilter.hxx">
      <Filter>Header Files</Filter>
    </None>
    <None Include="E:\D\MITK-superbuild\ep\src\ITK\Modules\Filtering\MathematicalMorphology\include\itkGrayscaleFillholeImageFilter.hxx">
      <Filter>Header Files</Filter>
    </None>
    <None Include="E:\D\MITK-superbuild\ep\src\ITK\Modules\Filtering\MathematicalMorphology\include\itkGrayscaleFunctionDilateImageFilter.hxx">
      <Filter>Header Files</Filter>
    </None>
    <None Include="E:\D\MITK-superbuild\ep\src\ITK\Modules\Filtering\MathematicalMorphology\include\itkGrayscaleFunctionErodeImageFilter.hxx">
      <Filter>Header Files</Filter>
    </None>
    <None Include="E:\D\MITK-superbuild\ep\src\ITK\Modules\Filtering\MathematicalMorphology\include\itkGrayscaleGeodesicDilateImageFilter.hxx">
      <Filter>Header Files</Filter>
    </None>
    <None Include="E:\D\MITK-superbuild\ep\src\ITK\Modules\Filtering\MathematicalMorphology\include\itkGrayscaleGeodesicErodeImageFilter.hxx">
      <Filter>Header Files</Filter>
    </None>
    <None Include="E:\D\MITK-superbuild\ep\src\ITK\Modules\Filtering\MathematicalMorphology\include\itkGrayscaleGrindPeakImageFilter.hxx">
      <Filter>Header Files</Filter>
    </None>
    <None Include="E:\D\MITK-superbuild\ep\src\ITK\Modules\Filtering\MathematicalMorphology\include\itkGrayscaleMorphologicalClosingImageFilter.hxx">
      <Filter>Header Files</Filter>
    </None>
    <None Include="E:\D\MITK-superbuild\ep\src\ITK\Modules\Filtering\MathematicalMorphology\include\itkGrayscaleMorphologicalOpeningImageFilter.hxx">
      <Filter>Header Files</Filter>
    </None>
    <None Include="E:\D\MITK-superbuild\ep\src\ITK\Modules\Filtering\MathematicalMorphology\include\itkHConcaveImageFilter.hxx">
      <Filter>Header Files</Filter>
    </None>
    <None Include="E:\D\MITK-superbuild\ep\src\ITK\Modules\Filtering\MathematicalMorphology\include\itkHConvexImageFilter.hxx">
      <Filter>Header Files</Filter>
    </None>
    <None Include="E:\D\MITK-superbuild\ep\src\ITK\Modules\Filtering\MathematicalMorphology\include\itkHMaximaImageFilter.hxx">
      <Filter>Header Files</Filter>
    </None>
    <None Include="E:\D\MITK-superbuild\ep\src\ITK\Modules\Filtering\MathematicalMorphology\include\itkHMinimaImageFilter.hxx">
      <Filter>Header Files</Filter>
    </None>
    <None Include="E:\D\MITK-superbuild\ep\src\ITK\Modules\Filtering\MathematicalMorphology\include\itkKernelImageFilter.hxx">
      <Filter>Header Files</Filter>
    </None>
    <None Include="E:\D\MITK-superbuild\ep\src\ITK\Modules\Filtering\MathematicalMorphology\include\itkMorphologicalGradientImageFilter.hxx">
      <Filter>Header Files</Filter>
    </None>
    <None Include="E:\D\MITK-superbuild\ep\src\ITK\Modules\Filtering\MathematicalMorphology\include\itkMorphologyImageFilter.hxx">
      <Filter>Header Files</Filter>
    </None>
    <None Include="E:\D\MITK-superbuild\ep\src\ITK\Modules\Filtering\MathematicalMorphology\include\itkMovingHistogramImageFilter.hxx">
      <Filter>Header Files</Filter>
    </None>
    <None Include="E:\D\MITK-superbuild\ep\src\ITK\Modules\Filtering\MathematicalMorphology\include\itkMovingHistogramImageFilterBase.hxx">
      <Filter>Header Files</Filter>
    </None>
    <None Include="E:\D\MITK-superbuild\ep\src\ITK\Modules\Filtering\MathematicalMorphology\include\itkMovingHistogramMorphologyImageFilter.hxx">
      <Filter>Header Files</Filter>
    </None>
    <None Include="E:\D\MITK-superbuild\ep\src\ITK\Modules\Filtering\MathematicalMorphology\include\itkOpeningByReconstructionImageFilter.hxx">
      <Filter>Header Files</Filter>
    </None>
    <None Include="E:\D\MITK-superbuild\ep\src\ITK\Modules\Filtering\MathematicalMorphology\include\itkReconstructionImageFilter.hxx">
      <Filter>Header Files</Filter>
    </None>
    <None Include="E:\D\MITK-superbuild\ep\src\ITK\Modules\Filtering\MathematicalMorphology\include\itkSharedMorphologyUtilities.hxx">
      <Filter>Header Files</Filter>
    </None>
    <None Include="E:\D\MITK-superbuild\ep\src\ITK\Modules\Filtering\MathematicalMorphology\include\itkVanHerkGilWermanErodeDilateImageFilter.hxx">
      <Filter>Header Files</Filter>
    </None>
    <None Include="E:\D\MITK-superbuild\ep\src\ITK\Modules\Filtering\MathematicalMorphology\include\itkVanHerkGilWermanUtilities.hxx">
      <Filter>Header Files</Filter>
    </None>
    <None Include="E:\D\MITK-superbuild\ep\src\ITK\Modules\Filtering\MathematicalMorphology\include\itkWhiteTopHatImageFilter.hxx">
      <Filter>Header Files</Filter>
    </None>
  </ItemGroup>
  <ItemGroup>
    <Filter Include="Header Files">
      <UniqueIdentifier>{6C223742-F5CF-3E04-B549-B8955F112D9A}</UniqueIdentifier>
    </Filter>
  </ItemGroup>
</Project>
