<?xml version="1.0" encoding="UTF-8"?>
<Project ToolsVersion="12.0" xmlns="http://schemas.microsoft.com/developer/msbuild/2003">
  <ItemGroup>
    <CustomBuild Include="E:\D\MITK-superbuild\ep\src\ITK\Modules\Core\ImageAdaptors\CMakeLists.txt" />
  </ItemGroup>
  <ItemGroup>
    <None Include="E:\D\MITK-superbuild\ep\src\ITK\Modules\Core\ImageAdaptors\include\itkAbsImageAdaptor.h">
      <Filter>Header Files</Filter>
    </None>
    <None Include="E:\D\MITK-superbuild\ep\src\ITK\Modules\Core\ImageAdaptors\include\itkAcosImageAdaptor.h">
      <Filter>Header Files</Filter>
    </None>
    <None Include="E:\D\MITK-superbuild\ep\src\ITK\Modules\Core\ImageAdaptors\include\itkAddImageAdaptor.h">
      <Filter>Header Files</Filter>
    </None>
    <None Include="E:\D\MITK-superbuild\ep\src\ITK\Modules\Core\ImageAdaptors\include\itkAddPixelAccessor.h">
      <Filter>Header Files</Filter>
    </None>
    <None Include="E:\D\MITK-superbuild\ep\src\ITK\Modules\Core\ImageAdaptors\include\itkAsinImageAdaptor.h">
      <Filter>Header Files</Filter>
    </None>
    <None Include="E:\D\MITK-superbuild\ep\src\ITK\Modules\Core\ImageAdaptors\include\itkAtanImageAdaptor.h">
      <Filter>Header Files</Filter>
    </None>
    <None Include="E:\D\MITK-superbuild\ep\src\ITK\Modules\Core\ImageAdaptors\include\itkBluePixelAccessor.h">
      <Filter>Header Files</Filter>
    </None>
    <None Include="E:\D\MITK-superbuild\ep\src\ITK\Modules\Core\ImageAdaptors\include\itkComplexConjugateImageAdaptor.h">
      <Filter>Header Files</Filter>
    </None>
    <None Include="E:\D\MITK-superbuild\ep\src\ITK\Modules\Core\ImageAdaptors\include\itkComplexToImaginaryImageAdaptor.h">
      <Filter>Header Files</Filter>
    </None>
    <None Include="E:\D\MITK-superbuild\ep\src\ITK\Modules\Core\ImageAdaptors\include\itkComplexToModulusImageAdaptor.h">
      <Filter>Header Files</Filter>
    </None>
    <None Include="E:\D\MITK-superbuild\ep\src\ITK\Modules\Core\ImageAdaptors\include\itkComplexToPhaseImageAdaptor.h">
      <Filter>Header Files</Filter>
    </None>
    <None Include="E:\D\MITK-superbuild\ep\src\ITK\Modules\Core\ImageAdaptors\include\itkComplexToRealImageAdaptor.h">
      <Filter>Header Files</Filter>
    </None>
    <None Include="E:\D\MITK-superbuild\ep\src\ITK\Modules\Core\ImageAdaptors\include\itkCosImageAdaptor.h">
      <Filter>Header Files</Filter>
    </None>
    <None Include="E:\D\MITK-superbuild\ep\src\ITK\Modules\Core\ImageAdaptors\include\itkExpImageAdaptor.h">
      <Filter>Header Files</Filter>
    </None>
    <None Include="E:\D\MITK-superbuild\ep\src\ITK\Modules\Core\ImageAdaptors\include\itkExpNegativeImageAdaptor.h">
      <Filter>Header Files</Filter>
    </None>
    <None Include="E:\D\MITK-superbuild\ep\src\ITK\Modules\Core\ImageAdaptors\include\itkGreenPixelAccessor.h">
      <Filter>Header Files</Filter>
    </None>
    <None Include="E:\D\MITK-superbuild\ep\src\ITK\Modules\Core\ImageAdaptors\include\itkImageAdaptor.h">
      <Filter>Header Files</Filter>
    </None>
    <None Include="E:\D\MITK-superbuild\ep\src\ITK\Modules\Core\ImageAdaptors\include\itkLog10ImageAdaptor.h">
      <Filter>Header Files</Filter>
    </None>
    <None Include="E:\D\MITK-superbuild\ep\src\ITK\Modules\Core\ImageAdaptors\include\itkLogImageAdaptor.h">
      <Filter>Header Files</Filter>
    </None>
    <None Include="E:\D\MITK-superbuild\ep\src\ITK\Modules\Core\ImageAdaptors\include\itkNthElementImageAdaptor.h">
      <Filter>Header Files</Filter>
    </None>
    <None Include="E:\D\MITK-superbuild\ep\src\ITK\Modules\Core\ImageAdaptors\include\itkNthElementPixelAccessor.h">
      <Filter>Header Files</Filter>
    </None>
    <None Include="E:\D\MITK-superbuild\ep\src\ITK\Modules\Core\ImageAdaptors\include\itkPixelAccessor.h">
      <Filter>Header Files</Filter>
    </None>
    <None Include="E:\D\MITK-superbuild\ep\src\ITK\Modules\Core\ImageAdaptors\include\itkRedPixelAccessor.h">
      <Filter>Header Files</Filter>
    </None>
    <None Include="E:\D\MITK-superbuild\ep\src\ITK\Modules\Core\ImageAdaptors\include\itkRGBToLuminanceImageAdaptor.h">
      <Filter>Header Files</Filter>
    </None>
    <None Include="E:\D\MITK-superbuild\ep\src\ITK\Modules\Core\ImageAdaptors\include\itkRGBToVectorImageAdaptor.h">
      <Filter>Header Files</Filter>
    </None>
    <None Include="E:\D\MITK-superbuild\ep\src\ITK\Modules\Core\ImageAdaptors\include\itkRGBToVectorPixelAccessor.h">
      <Filter>Header Files</Filter>
    </None>
    <None Include="E:\D\MITK-superbuild\ep\src\ITK\Modules\Core\ImageAdaptors\include\itkSinImageAdaptor.h">
      <Filter>Header Files</Filter>
    </None>
    <None Include="E:\D\MITK-superbuild\ep\src\ITK\Modules\Core\ImageAdaptors\include\itkSqrtImageAdaptor.h">
      <Filter>Header Files</Filter>
    </None>
    <None Include="E:\D\MITK-superbuild\ep\src\ITK\Modules\Core\ImageAdaptors\include\itkTanImageAdaptor.h">
      <Filter>Header Files</Filter>
    </None>
    <None Include="E:\D\MITK-superbuild\ep\src\ITK\Modules\Core\ImageAdaptors\include\itkVectorImageToImageAdaptor.h">
      <Filter>Header Files</Filter>
    </None>
    <None Include="E:\D\MITK-superbuild\ep\src\ITK\Modules\Core\ImageAdaptors\include\itkVectorToRGBImageAdaptor.h">
      <Filter>Header Files</Filter>
    </None>
    <None Include="E:\D\MITK-superbuild\ep\src\ITK\Modules\Core\ImageAdaptors\include\itkVectorToRGBPixelAccessor.h">
      <Filter>Header Files</Filter>
    </None>
    <None Include="E:\D\MITK-superbuild\ep\src\ITK\Modules\Core\ImageAdaptors\include\itkImageAdaptor.hxx">
      <Filter>Header Files</Filter>
    </None>
  </ItemGroup>
  <ItemGroup>
    <Filter Include="Header Files">
      <UniqueIdentifier>{6C223742-F5CF-3E04-B549-B8955F112D9A}</UniqueIdentifier>
    </Filter>
  </ItemGroup>
</Project>
