<?xml version="1.0" encoding="UTF-8"?>
<Project ToolsVersion="12.0" xmlns="http://schemas.microsoft.com/developer/msbuild/2003">
  <ItemGroup>
    <ClCompile Include="E:\D\MITK\Plugins\org.blueberry.core.commands\src\berryAbstractHandler.cpp">
      <Filter>== Source Files ==</Filter>
    </ClCompile>
    <ClCompile Include="E:\D\MITK\Plugins\org.blueberry.core.commands\src\berryAbstractHandlerWithState.cpp">
      <Filter>== Source Files ==</Filter>
    </ClCompile>
    <ClCompile Include="E:\D\MITK\Plugins\org.blueberry.core.commands\src\berryCommand.cpp">
      <Filter>== Source Files ==</Filter>
    </ClCompile>
    <ClCompile Include="E:\D\MITK\Plugins\org.blueberry.core.commands\src\berryCommandCategory.cpp">
      <Filter>== Source Files ==</Filter>
    </ClCompile>
    <ClCompile Include="E:\D\MITK\Plugins\org.blueberry.core.commands\src\berryCommandCategoryEvent.cpp">
      <Filter>== Source Files ==</Filter>
    </ClCompile>
    <ClCompile Include="E:\D\MITK\Plugins\org.blueberry.core.commands\src\berryCommandEvent.cpp">
      <Filter>== Source Files ==</Filter>
    </ClCompile>
    <ClCompile Include="E:\D\MITK\Plugins\org.blueberry.core.commands\src\berryCommandManager.cpp">
      <Filter>== Source Files ==</Filter>
    </ClCompile>
    <ClCompile Include="E:\D\MITK\Plugins\org.blueberry.core.commands\src\berryCommandManagerEvent.cpp">
      <Filter>== Source Files ==</Filter>
    </ClCompile>
    <ClCompile Include="E:\D\MITK\Plugins\org.blueberry.core.commands\src\berryExecutionEvent.cpp">
      <Filter>== Source Files ==</Filter>
    </ClCompile>
    <ClCompile Include="E:\D\MITK\Plugins\org.blueberry.core.commands\src\berryHandlerEvent.cpp">
      <Filter>== Source Files ==</Filter>
    </ClCompile>
    <ClCompile Include="E:\D\MITK\Plugins\org.blueberry.core.commands\src\berryICommandCategoryListener.cpp">
      <Filter>== Source Files ==</Filter>
    </ClCompile>
    <ClCompile Include="E:\D\MITK\Plugins\org.blueberry.core.commands\src\berryICommandListener.cpp">
      <Filter>== Source Files ==</Filter>
    </ClCompile>
    <ClCompile Include="E:\D\MITK\Plugins\org.blueberry.core.commands\src\berryICommandManagerListener.cpp">
      <Filter>== Source Files ==</Filter>
    </ClCompile>
    <ClCompile Include="E:\D\MITK\Plugins\org.blueberry.core.commands\src\berryIExecutionListener.cpp">
      <Filter>== Source Files ==</Filter>
    </ClCompile>
    <ClCompile Include="E:\D\MITK\Plugins\org.blueberry.core.commands\src\berryIExecutionListenerWithChecks.cpp">
      <Filter>== Source Files ==</Filter>
    </ClCompile>
    <ClCompile Include="E:\D\MITK\Plugins\org.blueberry.core.commands\src\berryIHandlerListener.cpp">
      <Filter>== Source Files ==</Filter>
    </ClCompile>
    <ClCompile Include="E:\D\MITK\Plugins\org.blueberry.core.commands\src\berryINamedHandleStateIds.cpp">
      <Filter>== Source Files ==</Filter>
    </ClCompile>
    <ClCompile Include="E:\D\MITK\Plugins\org.blueberry.core.commands\src\berryIParameterTypeListener.cpp">
      <Filter>== Source Files ==</Filter>
    </ClCompile>
    <ClCompile Include="E:\D\MITK\Plugins\org.blueberry.core.commands\src\berryIParameterValueConverter.cpp">
      <Filter>== Source Files ==</Filter>
    </ClCompile>
    <ClCompile Include="E:\D\MITK\Plugins\org.blueberry.core.commands\src\berryIParameterValues.cpp">
      <Filter>== Source Files ==</Filter>
    </ClCompile>
    <ClCompile Include="E:\D\MITK\Plugins\org.blueberry.core.commands\src\berryIStateListener.cpp">
      <Filter>== Source Files ==</Filter>
    </ClCompile>
    <ClCompile Include="E:\D\MITK\Plugins\org.blueberry.core.commands\src\berryNamedHandleObjectWithState.cpp">
      <Filter>== Source Files ==</Filter>
    </ClCompile>
    <ClCompile Include="E:\D\MITK\Plugins\org.blueberry.core.commands\src\berryParameterization.cpp">
      <Filter>== Source Files ==</Filter>
    </ClCompile>
    <ClCompile Include="E:\D\MITK\Plugins\org.blueberry.core.commands\src\berryParameterizedCommand.cpp">
      <Filter>== Source Files ==</Filter>
    </ClCompile>
    <ClCompile Include="E:\D\MITK\Plugins\org.blueberry.core.commands\src\berryParameterType.cpp">
      <Filter>== Source Files ==</Filter>
    </ClCompile>
    <ClCompile Include="E:\D\MITK\Plugins\org.blueberry.core.commands\src\berryParameterTypeEvent.cpp">
      <Filter>== Source Files ==</Filter>
    </ClCompile>
    <ClCompile Include="E:\D\MITK\Plugins\org.blueberry.core.commands\src\berryState.cpp">
      <Filter>== Source Files ==</Filter>
    </ClCompile>
    <ClCompile Include="E:\D\MITK\Plugins\org.blueberry.core.commands\src\util\berryCommandTracing.cpp">
      <Filter>== Source Files ==</Filter>
    </ClCompile>
    <ClCompile Include="E:\D\MITK\Plugins\org.blueberry.core.commands\src\common\berryAbstractBitSetEvent.cpp">
      <Filter>== Source Files ==</Filter>
    </ClCompile>
    <ClCompile Include="E:\D\MITK\Plugins\org.blueberry.core.commands\src\common\berryAbstractHandleObjectEvent.cpp">
      <Filter>== Source Files ==</Filter>
    </ClCompile>
    <ClCompile Include="E:\D\MITK\Plugins\org.blueberry.core.commands\src\common\berryAbstractNamedHandleEvent.cpp">
      <Filter>== Source Files ==</Filter>
    </ClCompile>
    <ClCompile Include="E:\D\MITK\Plugins\org.blueberry.core.commands\src\common\berryCommandExceptions.cpp">
      <Filter>== Source Files ==</Filter>
    </ClCompile>
    <ClCompile Include="E:\D\MITK\Plugins\org.blueberry.core.commands\src\common\berryHandleObject.cpp">
      <Filter>== Source Files ==</Filter>
    </ClCompile>
    <ClCompile Include="E:\D\MITK\Plugins\org.blueberry.core.commands\src\common\berryHandleObjectManager.cpp">
      <Filter>== Source Files ==</Filter>
    </ClCompile>
    <ClCompile Include="E:\D\MITK\Plugins\org.blueberry.core.commands\src\common\berryNamedHandleObject.cpp">
      <Filter>== Source Files ==</Filter>
    </ClCompile>
    <ClCompile Include="E:\D\MITK\Plugins\org.blueberry.core.commands\src\internal\berryCommandUtils.cpp">
      <Filter>== Source Files ==</Filter>
    </ClCompile>
    <ClCompile Include="E:\D\MITK\Plugins\org.blueberry.core.commands\src\internal\berryPluginActivator.cpp">
      <Filter>== Source Files ==</Filter>
    </ClCompile>
    <ClCompile Include="E:\D\MITK-superbuild\MITK-build\Plugins\org.blueberry.core.commands\src\moc_berryAbstractHandler.cpp">
      <Filter>Generated</Filter>
    </ClCompile>
    <ClCompile Include="E:\D\MITK-superbuild\MITK-build\Plugins\org.blueberry.core.commands\src\internal\moc_berryPluginActivator.cpp">
      <Filter>Generated</Filter>
    </ClCompile>
    <ClCompile Include="E:\D\MITK-superbuild\MITK-build\Plugins\org.blueberry.core.commands\qrc_org_blueberry_core_commands_manifest.cpp">
      <Filter>Generated</Filter>
    </ClCompile>
  </ItemGroup>
  <ItemGroup>
    <ClInclude Include="E:\D\MITK\Plugins\org.blueberry.core.commands\src\berryIHandler.h">
      <Filter>== Header Files ==</Filter>
    </ClInclude>
    <ClInclude Include="E:\D\MITK\Plugins\org.blueberry.core.commands\src\berryIObjectWithState.h">
      <Filter>== Header Files ==</Filter>
    </ClInclude>
    <ClInclude Include="E:\D\MITK\Plugins\org.blueberry.core.commands\src\berryIParameter.h">
      <Filter>== Header Files ==</Filter>
    </ClInclude>
    <ClInclude Include="E:\D\MITK\Plugins\org.blueberry.core.commands\src\berryAbstractHandler.h">
      <Filter>== Header Files ==</Filter>
    </ClInclude>
    <ClInclude Include="E:\D\MITK\Plugins\org.blueberry.core.commands\src\berryAbstractHandlerWithState.h">
      <Filter>== Header Files ==</Filter>
    </ClInclude>
    <ClInclude Include="E:\D\MITK\Plugins\org.blueberry.core.commands\src\berryCommand.h">
      <Filter>== Header Files ==</Filter>
    </ClInclude>
    <ClInclude Include="E:\D\MITK\Plugins\org.blueberry.core.commands\src\berryCommandCategory.h">
      <Filter>== Header Files ==</Filter>
    </ClInclude>
    <ClInclude Include="E:\D\MITK\Plugins\org.blueberry.core.commands\src\berryCommandCategoryEvent.h">
      <Filter>== Header Files ==</Filter>
    </ClInclude>
    <ClInclude Include="E:\D\MITK\Plugins\org.blueberry.core.commands\src\berryCommandEvent.h">
      <Filter>== Header Files ==</Filter>
    </ClInclude>
    <ClInclude Include="E:\D\MITK\Plugins\org.blueberry.core.commands\src\berryCommandManager.h">
      <Filter>== Header Files ==</Filter>
    </ClInclude>
    <ClInclude Include="E:\D\MITK\Plugins\org.blueberry.core.commands\src\berryCommandManagerEvent.h">
      <Filter>== Header Files ==</Filter>
    </ClInclude>
    <ClInclude Include="E:\D\MITK\Plugins\org.blueberry.core.commands\src\berryExecutionEvent.h">
      <Filter>== Header Files ==</Filter>
    </ClInclude>
    <ClInclude Include="E:\D\MITK\Plugins\org.blueberry.core.commands\src\berryHandlerEvent.h">
      <Filter>== Header Files ==</Filter>
    </ClInclude>
    <ClInclude Include="E:\D\MITK\Plugins\org.blueberry.core.commands\src\berryICommandCategoryListener.h">
      <Filter>== Header Files ==</Filter>
    </ClInclude>
    <ClInclude Include="E:\D\MITK\Plugins\org.blueberry.core.commands\src\berryICommandListener.h">
      <Filter>== Header Files ==</Filter>
    </ClInclude>
    <ClInclude Include="E:\D\MITK\Plugins\org.blueberry.core.commands\src\berryICommandManagerListener.h">
      <Filter>== Header Files ==</Filter>
    </ClInclude>
    <ClInclude Include="E:\D\MITK\Plugins\org.blueberry.core.commands\src\berryIExecutionListener.h">
      <Filter>== Header Files ==</Filter>
    </ClInclude>
    <ClInclude Include="E:\D\MITK\Plugins\org.blueberry.core.commands\src\berryIExecutionListenerWithChecks.h">
      <Filter>== Header Files ==</Filter>
    </ClInclude>
    <ClInclude Include="E:\D\MITK\Plugins\org.blueberry.core.commands\src\berryIHandlerListener.h">
      <Filter>== Header Files ==</Filter>
    </ClInclude>
    <ClInclude Include="E:\D\MITK\Plugins\org.blueberry.core.commands\src\berryINamedHandleStateIds.h">
      <Filter>== Header Files ==</Filter>
    </ClInclude>
    <ClInclude Include="E:\D\MITK\Plugins\org.blueberry.core.commands\src\berryIParameterTypeListener.h">
      <Filter>== Header Files ==</Filter>
    </ClInclude>
    <ClInclude Include="E:\D\MITK\Plugins\org.blueberry.core.commands\src\berryIParameterValueConverter.h">
      <Filter>== Header Files ==</Filter>
    </ClInclude>
    <ClInclude Include="E:\D\MITK\Plugins\org.blueberry.core.commands\src\berryIParameterValues.h">
      <Filter>== Header Files ==</Filter>
    </ClInclude>
    <ClInclude Include="E:\D\MITK\Plugins\org.blueberry.core.commands\src\berryIStateListener.h">
      <Filter>== Header Files ==</Filter>
    </ClInclude>
    <ClInclude Include="E:\D\MITK\Plugins\org.blueberry.core.commands\src\berryNamedHandleObjectWithState.h">
      <Filter>== Header Files ==</Filter>
    </ClInclude>
    <ClInclude Include="E:\D\MITK\Plugins\org.blueberry.core.commands\src\berryParameterization.h">
      <Filter>== Header Files ==</Filter>
    </ClInclude>
    <ClInclude Include="E:\D\MITK\Plugins\org.blueberry.core.commands\src\berryParameterizedCommand.h">
      <Filter>== Header Files ==</Filter>
    </ClInclude>
    <ClInclude Include="E:\D\MITK\Plugins\org.blueberry.core.commands\src\berryParameterType.h">
      <Filter>== Header Files ==</Filter>
    </ClInclude>
    <ClInclude Include="E:\D\MITK\Plugins\org.blueberry.core.commands\src\berryParameterTypeEvent.h">
      <Filter>== Header Files ==</Filter>
    </ClInclude>
    <ClInclude Include="E:\D\MITK\Plugins\org.blueberry.core.commands\src\berryState.h">
      <Filter>== Header Files ==</Filter>
    </ClInclude>
    <ClInclude Include="E:\D\MITK\Plugins\org.blueberry.core.commands\src\util\berryCommandTracing.h">
      <Filter>== Header Files ==</Filter>
    </ClInclude>
    <ClInclude Include="E:\D\MITK\Plugins\org.blueberry.core.commands\src\common\berryAbstractBitSetEvent.h">
      <Filter>== Header Files ==</Filter>
    </ClInclude>
    <ClInclude Include="E:\D\MITK\Plugins\org.blueberry.core.commands\src\common\berryAbstractHandleObjectEvent.h">
      <Filter>== Header Files ==</Filter>
    </ClInclude>
    <ClInclude Include="E:\D\MITK\Plugins\org.blueberry.core.commands\src\common\berryAbstractNamedHandleEvent.h">
      <Filter>== Header Files ==</Filter>
    </ClInclude>
    <ClInclude Include="E:\D\MITK\Plugins\org.blueberry.core.commands\src\common\berryCommandExceptions.h">
      <Filter>== Header Files ==</Filter>
    </ClInclude>
    <ClInclude Include="E:\D\MITK\Plugins\org.blueberry.core.commands\src\common\berryHandleObject.h">
      <Filter>== Header Files ==</Filter>
    </ClInclude>
    <ClInclude Include="E:\D\MITK\Plugins\org.blueberry.core.commands\src\common\berryHandleObjectManager.h">
      <Filter>== Header Files ==</Filter>
    </ClInclude>
    <ClInclude Include="E:\D\MITK\Plugins\org.blueberry.core.commands\src\common\berryNamedHandleObject.h">
      <Filter>== Header Files ==</Filter>
    </ClInclude>
    <ClInclude Include="E:\D\MITK\Plugins\org.blueberry.core.commands\src\internal\berryCommandUtils.h">
      <Filter>== Header Files ==</Filter>
    </ClInclude>
    <ClInclude Include="E:\D\MITK\Plugins\org.blueberry.core.commands\src\internal\berryPluginActivator.h">
      <Filter>== Header Files ==</Filter>
    </ClInclude>
  </ItemGroup>
  <ItemGroup>
    <CustomBuild Include="E:\D\MITK\Plugins\org.blueberry.core.commands\CMakeLists.txt" />
    <CustomBuild Include="E:\D\MITK-superbuild\MITK-build\CMakeFiles\49f43e0d72192962e209e16ef313a2cf\moc_berryAbstractHandler.cpp.rule">
      <Filter>CMake Rules</Filter>
    </CustomBuild>
    <CustomBuild Include="E:\D\MITK-superbuild\MITK-build\CMakeFiles\fa9414228d1e5e9870521e4f9b0734ae\moc_berryPluginActivator.cpp.rule">
      <Filter>CMake Rules</Filter>
    </CustomBuild>
    <CustomBuild Include="E:\D\MITK-superbuild\MITK-build\Plugins\org.blueberry.core.commands\org_blueberry_core_commands_manifest.qrc" />
  </ItemGroup>
  <ItemGroup>
    <Filter Include="CMake Rules">
      <UniqueIdentifier>{CAC8648D-C086-3462-B846-B0EBFA3DCB4A}</UniqueIdentifier>
    </Filter>
    <Filter Include="== Source Files ==">
      <UniqueIdentifier>{9CA70B67-B51F-303F-96AF-687940E0FEA8}</UniqueIdentifier>
    </Filter>
    <Filter Include="== Header Files ==">
      <UniqueIdentifier>{4D89E91A-663E-32FD-A047-724E4EC4BA98}</UniqueIdentifier>
    </Filter>
    <Filter Include="Generated">
      <UniqueIdentifier>{7FA4B4B1-5C9C-314E-A0B9-36873EE561F1}</UniqueIdentifier>
    </Filter>
  </ItemGroup>
</Project>
