<?xml version="1.0" encoding="UTF-8"?>
<Project ToolsVersion="12.0" xmlns="http://schemas.microsoft.com/developer/msbuild/2003">
  <ItemGroup>
    <ClCompile Include="E:\D\MITK-superbuild\ep\src\VTK\Interaction\Widgets\vtk3DWidget.cxx">
      <Filter>Source Files</Filter>
    </ClCompile>
    <ClCompile Include="E:\D\MITK-superbuild\ep\src\VTK\Interaction\Widgets\vtkAbstractPolygonalHandleRepresentation3D.cxx">
      <Filter>Source Files</Filter>
    </ClCompile>
    <ClCompile Include="E:\D\MITK-superbuild\ep\src\VTK\Interaction\Widgets\vtkAbstractWidget.cxx">
      <Filter>Source Files</Filter>
    </ClCompile>
    <ClCompile Include="E:\D\MITK-superbuild\ep\src\VTK\Interaction\Widgets\vtkAffineRepresentation2D.cxx">
      <Filter>Source Files</Filter>
    </ClCompile>
    <ClCompile Include="E:\D\MITK-superbuild\ep\src\VTK\Interaction\Widgets\vtkAffineRepresentation.cxx">
      <Filter>Source Files</Filter>
    </ClCompile>
    <ClCompile Include="E:\D\MITK-superbuild\ep\src\VTK\Interaction\Widgets\vtkAffineWidget.cxx">
      <Filter>Source Files</Filter>
    </ClCompile>
    <ClCompile Include="E:\D\MITK-superbuild\ep\src\VTK\Interaction\Widgets\vtkAngleRepresentation2D.cxx">
      <Filter>Source Files</Filter>
    </ClCompile>
    <ClCompile Include="E:\D\MITK-superbuild\ep\src\VTK\Interaction\Widgets\vtkAngleRepresentation3D.cxx">
      <Filter>Source Files</Filter>
    </ClCompile>
    <ClCompile Include="E:\D\MITK-superbuild\ep\src\VTK\Interaction\Widgets\vtkAngleRepresentation.cxx">
      <Filter>Source Files</Filter>
    </ClCompile>
    <ClCompile Include="E:\D\MITK-superbuild\ep\src\VTK\Interaction\Widgets\vtkAngleWidget.cxx">
      <Filter>Source Files</Filter>
    </ClCompile>
    <ClCompile Include="E:\D\MITK-superbuild\ep\src\VTK\Interaction\Widgets\vtkAxesTransformRepresentation.cxx">
      <Filter>Source Files</Filter>
    </ClCompile>
    <ClCompile Include="E:\D\MITK-superbuild\ep\src\VTK\Interaction\Widgets\vtkAxesTransformWidget.cxx">
      <Filter>Source Files</Filter>
    </ClCompile>
    <ClCompile Include="E:\D\MITK-superbuild\ep\src\VTK\Interaction\Widgets\vtkBalloonRepresentation.cxx">
      <Filter>Source Files</Filter>
    </ClCompile>
    <ClCompile Include="E:\D\MITK-superbuild\ep\src\VTK\Interaction\Widgets\vtkBalloonWidget.cxx">
      <Filter>Source Files</Filter>
    </ClCompile>
    <ClCompile Include="E:\D\MITK-superbuild\ep\src\VTK\Interaction\Widgets\vtkBezierContourLineInterpolator.cxx">
      <Filter>Source Files</Filter>
    </ClCompile>
    <ClCompile Include="E:\D\MITK-superbuild\ep\src\VTK\Interaction\Widgets\vtkBiDimensionalRepresentation2D.cxx">
      <Filter>Source Files</Filter>
    </ClCompile>
    <ClCompile Include="E:\D\MITK-superbuild\ep\src\VTK\Interaction\Widgets\vtkBiDimensionalRepresentation.cxx">
      <Filter>Source Files</Filter>
    </ClCompile>
    <ClCompile Include="E:\D\MITK-superbuild\ep\src\VTK\Interaction\Widgets\vtkBiDimensionalWidget.cxx">
      <Filter>Source Files</Filter>
    </ClCompile>
    <ClCompile Include="E:\D\MITK-superbuild\ep\src\VTK\Interaction\Widgets\vtkBorderRepresentation.cxx">
      <Filter>Source Files</Filter>
    </ClCompile>
    <ClCompile Include="E:\D\MITK-superbuild\ep\src\VTK\Interaction\Widgets\vtkBorderWidget.cxx">
      <Filter>Source Files</Filter>
    </ClCompile>
    <ClCompile Include="E:\D\MITK-superbuild\ep\src\VTK\Interaction\Widgets\vtkBoundedPlanePointPlacer.cxx">
      <Filter>Source Files</Filter>
    </ClCompile>
    <ClCompile Include="E:\D\MITK-superbuild\ep\src\VTK\Interaction\Widgets\vtkBoxRepresentation.cxx">
      <Filter>Source Files</Filter>
    </ClCompile>
    <ClCompile Include="E:\D\MITK-superbuild\ep\src\VTK\Interaction\Widgets\vtkBoxWidget2.cxx">
      <Filter>Source Files</Filter>
    </ClCompile>
    <ClCompile Include="E:\D\MITK-superbuild\ep\src\VTK\Interaction\Widgets\vtkBoxWidget.cxx">
      <Filter>Source Files</Filter>
    </ClCompile>
    <ClCompile Include="E:\D\MITK-superbuild\ep\src\VTK\Interaction\Widgets\vtkBrokenLineWidget.cxx">
      <Filter>Source Files</Filter>
    </ClCompile>
    <ClCompile Include="E:\D\MITK-superbuild\ep\src\VTK\Interaction\Widgets\vtkButtonRepresentation.cxx">
      <Filter>Source Files</Filter>
    </ClCompile>
    <ClCompile Include="E:\D\MITK-superbuild\ep\src\VTK\Interaction\Widgets\vtkButtonWidget.cxx">
      <Filter>Source Files</Filter>
    </ClCompile>
    <ClCompile Include="E:\D\MITK-superbuild\ep\src\VTK\Interaction\Widgets\vtkCameraRepresentation.cxx">
      <Filter>Source Files</Filter>
    </ClCompile>
    <ClCompile Include="E:\D\MITK-superbuild\ep\src\VTK\Interaction\Widgets\vtkCameraWidget.cxx">
      <Filter>Source Files</Filter>
    </ClCompile>
    <ClCompile Include="E:\D\MITK-superbuild\ep\src\VTK\Interaction\Widgets\vtkCaptionRepresentation.cxx">
      <Filter>Source Files</Filter>
    </ClCompile>
    <ClCompile Include="E:\D\MITK-superbuild\ep\src\VTK\Interaction\Widgets\vtkCaptionWidget.cxx">
      <Filter>Source Files</Filter>
    </ClCompile>
    <ClCompile Include="E:\D\MITK-superbuild\ep\src\VTK\Interaction\Widgets\vtkCellCentersPointPlacer.cxx">
      <Filter>Source Files</Filter>
    </ClCompile>
    <ClCompile Include="E:\D\MITK-superbuild\ep\src\VTK\Interaction\Widgets\vtkCenteredSliderRepresentation.cxx">
      <Filter>Source Files</Filter>
    </ClCompile>
    <ClCompile Include="E:\D\MITK-superbuild\ep\src\VTK\Interaction\Widgets\vtkCenteredSliderWidget.cxx">
      <Filter>Source Files</Filter>
    </ClCompile>
    <ClCompile Include="E:\D\MITK-superbuild\ep\src\VTK\Interaction\Widgets\vtkCheckerboardRepresentation.cxx">
      <Filter>Source Files</Filter>
    </ClCompile>
    <ClCompile Include="E:\D\MITK-superbuild\ep\src\VTK\Interaction\Widgets\vtkCheckerboardWidget.cxx">
      <Filter>Source Files</Filter>
    </ClCompile>
    <ClCompile Include="E:\D\MITK-superbuild\ep\src\VTK\Interaction\Widgets\vtkClosedSurfacePointPlacer.cxx">
      <Filter>Source Files</Filter>
    </ClCompile>
    <ClCompile Include="E:\D\MITK-superbuild\ep\src\VTK\Interaction\Widgets\vtkConstrainedPointHandleRepresentation.cxx">
      <Filter>Source Files</Filter>
    </ClCompile>
    <ClCompile Include="E:\D\MITK-superbuild\ep\src\VTK\Interaction\Widgets\vtkContinuousValueWidget.cxx">
      <Filter>Source Files</Filter>
    </ClCompile>
    <ClCompile Include="E:\D\MITK-superbuild\ep\src\VTK\Interaction\Widgets\vtkContinuousValueWidgetRepresentation.cxx">
      <Filter>Source Files</Filter>
    </ClCompile>
    <ClCompile Include="E:\D\MITK-superbuild\ep\src\VTK\Interaction\Widgets\vtkContourLineInterpolator.cxx">
      <Filter>Source Files</Filter>
    </ClCompile>
    <ClCompile Include="E:\D\MITK-superbuild\ep\src\VTK\Interaction\Widgets\vtkContourRepresentation.cxx">
      <Filter>Source Files</Filter>
    </ClCompile>
    <ClCompile Include="E:\D\MITK-superbuild\ep\src\VTK\Interaction\Widgets\vtkContourWidget.cxx">
      <Filter>Source Files</Filter>
    </ClCompile>
    <ClCompile Include="E:\D\MITK-superbuild\ep\src\VTK\Interaction\Widgets\vtkDijkstraImageContourLineInterpolator.cxx">
      <Filter>Source Files</Filter>
    </ClCompile>
    <ClCompile Include="E:\D\MITK-superbuild\ep\src\VTK\Interaction\Widgets\vtkDistanceRepresentation2D.cxx">
      <Filter>Source Files</Filter>
    </ClCompile>
    <ClCompile Include="E:\D\MITK-superbuild\ep\src\VTK\Interaction\Widgets\vtkDistanceRepresentation3D.cxx">
      <Filter>Source Files</Filter>
    </ClCompile>
    <ClCompile Include="E:\D\MITK-superbuild\ep\src\VTK\Interaction\Widgets\vtkDistanceRepresentation.cxx">
      <Filter>Source Files</Filter>
    </ClCompile>
    <ClCompile Include="E:\D\MITK-superbuild\ep\src\VTK\Interaction\Widgets\vtkDistanceWidget.cxx">
      <Filter>Source Files</Filter>
    </ClCompile>
    <ClCompile Include="E:\D\MITK-superbuild\ep\src\VTK\Interaction\Widgets\vtkEllipsoidTensorProbeRepresentation.cxx">
      <Filter>Source Files</Filter>
    </ClCompile>
    <ClCompile Include="E:\D\MITK-superbuild\ep\src\VTK\Interaction\Widgets\vtkEvent.cxx">
      <Filter>Source Files</Filter>
    </ClCompile>
    <ClCompile Include="E:\D\MITK-superbuild\ep\src\VTK\Interaction\Widgets\vtkFixedSizeHandleRepresentation3D.cxx">
      <Filter>Source Files</Filter>
    </ClCompile>
    <ClCompile Include="E:\D\MITK-superbuild\ep\src\VTK\Interaction\Widgets\vtkFocalPlaneContourRepresentation.cxx">
      <Filter>Source Files</Filter>
    </ClCompile>
    <ClCompile Include="E:\D\MITK-superbuild\ep\src\VTK\Interaction\Widgets\vtkFocalPlanePointPlacer.cxx">
      <Filter>Source Files</Filter>
    </ClCompile>
    <ClCompile Include="E:\D\MITK-superbuild\ep\src\VTK\Interaction\Widgets\vtkHandleRepresentation.cxx">
      <Filter>Source Files</Filter>
    </ClCompile>
    <ClCompile Include="E:\D\MITK-superbuild\ep\src\VTK\Interaction\Widgets\vtkHandleWidget.cxx">
      <Filter>Source Files</Filter>
    </ClCompile>
    <ClCompile Include="E:\D\MITK-superbuild\ep\src\VTK\Interaction\Widgets\vtkHoverWidget.cxx">
      <Filter>Source Files</Filter>
    </ClCompile>
    <ClCompile Include="E:\D\MITK-superbuild\ep\src\VTK\Interaction\Widgets\vtkImageActorPointPlacer.cxx">
      <Filter>Source Files</Filter>
    </ClCompile>
    <ClCompile Include="E:\D\MITK-superbuild\ep\src\VTK\Interaction\Widgets\vtkImageCroppingRegionsWidget.cxx">
      <Filter>Source Files</Filter>
    </ClCompile>
    <ClCompile Include="E:\D\MITK-superbuild\ep\src\VTK\Interaction\Widgets\vtkImageOrthoPlanes.cxx">
      <Filter>Source Files</Filter>
    </ClCompile>
    <ClCompile Include="E:\D\MITK-superbuild\ep\src\VTK\Interaction\Widgets\vtkImagePlaneWidget.cxx">
      <Filter>Source Files</Filter>
    </ClCompile>
    <ClCompile Include="E:\D\MITK-superbuild\ep\src\VTK\Interaction\Widgets\vtkImageTracerWidget.cxx">
      <Filter>Source Files</Filter>
    </ClCompile>
    <ClCompile Include="E:\D\MITK-superbuild\ep\src\VTK\Interaction\Widgets\vtkImplicitPlaneRepresentation.cxx">
      <Filter>Source Files</Filter>
    </ClCompile>
    <ClCompile Include="E:\D\MITK-superbuild\ep\src\VTK\Interaction\Widgets\vtkImplicitPlaneWidget2.cxx">
      <Filter>Source Files</Filter>
    </ClCompile>
    <ClCompile Include="E:\D\MITK-superbuild\ep\src\VTK\Interaction\Widgets\vtkImplicitPlaneWidget.cxx">
      <Filter>Source Files</Filter>
    </ClCompile>
    <ClCompile Include="E:\D\MITK-superbuild\ep\src\VTK\Interaction\Widgets\vtkLinearContourLineInterpolator.cxx">
      <Filter>Source Files</Filter>
    </ClCompile>
    <ClCompile Include="E:\D\MITK-superbuild\ep\src\VTK\Interaction\Widgets\vtkLineRepresentation.cxx">
      <Filter>Source Files</Filter>
    </ClCompile>
    <ClCompile Include="E:\D\MITK-superbuild\ep\src\VTK\Interaction\Widgets\vtkLineWidget2.cxx">
      <Filter>Source Files</Filter>
    </ClCompile>
    <ClCompile Include="E:\D\MITK-superbuild\ep\src\VTK\Interaction\Widgets\vtkLineWidget.cxx">
      <Filter>Source Files</Filter>
    </ClCompile>
    <ClCompile Include="E:\D\MITK-superbuild\ep\src\VTK\Interaction\Widgets\vtkLogoRepresentation.cxx">
      <Filter>Source Files</Filter>
    </ClCompile>
    <ClCompile Include="E:\D\MITK-superbuild\ep\src\VTK\Interaction\Widgets\vtkLogoWidget.cxx">
      <Filter>Source Files</Filter>
    </ClCompile>
    <ClCompile Include="E:\D\MITK-superbuild\ep\src\VTK\Interaction\Widgets\vtkOrientationMarkerWidget.cxx">
      <Filter>Source Files</Filter>
    </ClCompile>
    <ClCompile Include="E:\D\MITK-superbuild\ep\src\VTK\Interaction\Widgets\vtkOrientedGlyphContourRepresentation.cxx">
      <Filter>Source Files</Filter>
    </ClCompile>
    <ClCompile Include="E:\D\MITK-superbuild\ep\src\VTK\Interaction\Widgets\vtkOrientedGlyphFocalPlaneContourRepresentation.cxx">
      <Filter>Source Files</Filter>
    </ClCompile>
    <ClCompile Include="E:\D\MITK-superbuild\ep\src\VTK\Interaction\Widgets\vtkOrientedPolygonalHandleRepresentation3D.cxx">
      <Filter>Source Files</Filter>
    </ClCompile>
    <ClCompile Include="E:\D\MITK-superbuild\ep\src\VTK\Interaction\Widgets\vtkParallelopipedRepresentation.cxx">
      <Filter>Source Files</Filter>
    </ClCompile>
    <ClCompile Include="E:\D\MITK-superbuild\ep\src\VTK\Interaction\Widgets\vtkParallelopipedWidget.cxx">
      <Filter>Source Files</Filter>
    </ClCompile>
    <ClCompile Include="E:\D\MITK-superbuild\ep\src\VTK\Interaction\Widgets\vtkPlaneWidget.cxx">
      <Filter>Source Files</Filter>
    </ClCompile>
    <ClCompile Include="E:\D\MITK-superbuild\ep\src\VTK\Interaction\Widgets\vtkPlaybackRepresentation.cxx">
      <Filter>Source Files</Filter>
    </ClCompile>
    <ClCompile Include="E:\D\MITK-superbuild\ep\src\VTK\Interaction\Widgets\vtkPlaybackWidget.cxx">
      <Filter>Source Files</Filter>
    </ClCompile>
    <ClCompile Include="E:\D\MITK-superbuild\ep\src\VTK\Interaction\Widgets\vtkPointHandleRepresentation2D.cxx">
      <Filter>Source Files</Filter>
    </ClCompile>
    <ClCompile Include="E:\D\MITK-superbuild\ep\src\VTK\Interaction\Widgets\vtkPointHandleRepresentation3D.cxx">
      <Filter>Source Files</Filter>
    </ClCompile>
    <ClCompile Include="E:\D\MITK-superbuild\ep\src\VTK\Interaction\Widgets\vtkPointPlacer.cxx">
      <Filter>Source Files</Filter>
    </ClCompile>
    <ClCompile Include="E:\D\MITK-superbuild\ep\src\VTK\Interaction\Widgets\vtkPointWidget.cxx">
      <Filter>Source Files</Filter>
    </ClCompile>
    <ClCompile Include="E:\D\MITK-superbuild\ep\src\VTK\Interaction\Widgets\vtkPolyDataContourLineInterpolator.cxx">
      <Filter>Source Files</Filter>
    </ClCompile>
    <ClCompile Include="E:\D\MITK-superbuild\ep\src\VTK\Interaction\Widgets\vtkPolyDataPointPlacer.cxx">
      <Filter>Source Files</Filter>
    </ClCompile>
    <ClCompile Include="E:\D\MITK-superbuild\ep\src\VTK\Interaction\Widgets\vtkPolyDataSourceWidget.cxx">
      <Filter>Source Files</Filter>
    </ClCompile>
    <ClCompile Include="E:\D\MITK-superbuild\ep\src\VTK\Interaction\Widgets\vtkPolygonalHandleRepresentation3D.cxx">
      <Filter>Source Files</Filter>
    </ClCompile>
    <ClCompile Include="E:\D\MITK-superbuild\ep\src\VTK\Interaction\Widgets\vtkPolygonalSurfaceContourLineInterpolator.cxx">
      <Filter>Source Files</Filter>
    </ClCompile>
    <ClCompile Include="E:\D\MITK-superbuild\ep\src\VTK\Interaction\Widgets\vtkPolygonalSurfacePointPlacer.cxx">
      <Filter>Source Files</Filter>
    </ClCompile>
    <ClCompile Include="E:\D\MITK-superbuild\ep\src\VTK\Interaction\Widgets\vtkProp3DButtonRepresentation.cxx">
      <Filter>Source Files</Filter>
    </ClCompile>
    <ClCompile Include="E:\D\MITK-superbuild\ep\src\VTK\Interaction\Widgets\vtkRectilinearWipeRepresentation.cxx">
      <Filter>Source Files</Filter>
    </ClCompile>
    <ClCompile Include="E:\D\MITK-superbuild\ep\src\VTK\Interaction\Widgets\vtkRectilinearWipeWidget.cxx">
      <Filter>Source Files</Filter>
    </ClCompile>
    <ClCompile Include="E:\D\MITK-superbuild\ep\src\VTK\Interaction\Widgets\vtkScalarBarRepresentation.cxx">
      <Filter>Source Files</Filter>
    </ClCompile>
    <ClCompile Include="E:\D\MITK-superbuild\ep\src\VTK\Interaction\Widgets\vtkScalarBarWidget.cxx">
      <Filter>Source Files</Filter>
    </ClCompile>
    <ClCompile Include="E:\D\MITK-superbuild\ep\src\VTK\Interaction\Widgets\vtkSeedRepresentation.cxx">
      <Filter>Source Files</Filter>
    </ClCompile>
    <ClCompile Include="E:\D\MITK-superbuild\ep\src\VTK\Interaction\Widgets\vtkSeedWidget.cxx">
      <Filter>Source Files</Filter>
    </ClCompile>
    <ClCompile Include="E:\D\MITK-superbuild\ep\src\VTK\Interaction\Widgets\vtkSliderRepresentation2D.cxx">
      <Filter>Source Files</Filter>
    </ClCompile>
    <ClCompile Include="E:\D\MITK-superbuild\ep\src\VTK\Interaction\Widgets\vtkSliderRepresentation3D.cxx">
      <Filter>Source Files</Filter>
    </ClCompile>
    <ClCompile Include="E:\D\MITK-superbuild\ep\src\VTK\Interaction\Widgets\vtkSliderRepresentation.cxx">
      <Filter>Source Files</Filter>
    </ClCompile>
    <ClCompile Include="E:\D\MITK-superbuild\ep\src\VTK\Interaction\Widgets\vtkSliderWidget.cxx">
      <Filter>Source Files</Filter>
    </ClCompile>
    <ClCompile Include="E:\D\MITK-superbuild\ep\src\VTK\Interaction\Widgets\vtkSphereHandleRepresentation.cxx">
      <Filter>Source Files</Filter>
    </ClCompile>
    <ClCompile Include="E:\D\MITK-superbuild\ep\src\VTK\Interaction\Widgets\vtkSphereRepresentation.cxx">
      <Filter>Source Files</Filter>
    </ClCompile>
    <ClCompile Include="E:\D\MITK-superbuild\ep\src\VTK\Interaction\Widgets\vtkSphereWidget2.cxx">
      <Filter>Source Files</Filter>
    </ClCompile>
    <ClCompile Include="E:\D\MITK-superbuild\ep\src\VTK\Interaction\Widgets\vtkSphereWidget.cxx">
      <Filter>Source Files</Filter>
    </ClCompile>
    <ClCompile Include="E:\D\MITK-superbuild\ep\src\VTK\Interaction\Widgets\vtkSplineRepresentation.cxx">
      <Filter>Source Files</Filter>
    </ClCompile>
    <ClCompile Include="E:\D\MITK-superbuild\ep\src\VTK\Interaction\Widgets\vtkSplineWidget2.cxx">
      <Filter>Source Files</Filter>
    </ClCompile>
    <ClCompile Include="E:\D\MITK-superbuild\ep\src\VTK\Interaction\Widgets\vtkSplineWidget.cxx">
      <Filter>Source Files</Filter>
    </ClCompile>
    <ClCompile Include="E:\D\MITK-superbuild\ep\src\VTK\Interaction\Widgets\vtkTensorProbeRepresentation.cxx">
      <Filter>Source Files</Filter>
    </ClCompile>
    <ClCompile Include="E:\D\MITK-superbuild\ep\src\VTK\Interaction\Widgets\vtkTensorProbeWidget.cxx">
      <Filter>Source Files</Filter>
    </ClCompile>
    <ClCompile Include="E:\D\MITK-superbuild\ep\src\VTK\Interaction\Widgets\vtkTerrainContourLineInterpolator.cxx">
      <Filter>Source Files</Filter>
    </ClCompile>
    <ClCompile Include="E:\D\MITK-superbuild\ep\src\VTK\Interaction\Widgets\vtkTerrainDataPointPlacer.cxx">
      <Filter>Source Files</Filter>
    </ClCompile>
    <ClCompile Include="E:\D\MITK-superbuild\ep\src\VTK\Interaction\Widgets\vtkTextRepresentation.cxx">
      <Filter>Source Files</Filter>
    </ClCompile>
    <ClCompile Include="E:\D\MITK-superbuild\ep\src\VTK\Interaction\Widgets\vtkTexturedButtonRepresentation2D.cxx">
      <Filter>Source Files</Filter>
    </ClCompile>
    <ClCompile Include="E:\D\MITK-superbuild\ep\src\VTK\Interaction\Widgets\vtkTexturedButtonRepresentation.cxx">
      <Filter>Source Files</Filter>
    </ClCompile>
    <ClCompile Include="E:\D\MITK-superbuild\ep\src\VTK\Interaction\Widgets\vtkTextWidget.cxx">
      <Filter>Source Files</Filter>
    </ClCompile>
    <ClCompile Include="E:\D\MITK-superbuild\ep\src\VTK\Interaction\Widgets\vtkWidgetCallbackMapper.cxx">
      <Filter>Source Files</Filter>
    </ClCompile>
    <ClCompile Include="E:\D\MITK-superbuild\ep\src\VTK\Interaction\Widgets\vtkWidgetEvent.cxx">
      <Filter>Source Files</Filter>
    </ClCompile>
    <ClCompile Include="E:\D\MITK-superbuild\ep\src\VTK\Interaction\Widgets\vtkWidgetEventTranslator.cxx">
      <Filter>Source Files</Filter>
    </ClCompile>
    <ClCompile Include="E:\D\MITK-superbuild\ep\src\VTK\Interaction\Widgets\vtkWidgetRepresentation.cxx">
      <Filter>Source Files</Filter>
    </ClCompile>
    <ClCompile Include="E:\D\MITK-superbuild\ep\src\VTK\Interaction\Widgets\vtkWidgetSet.cxx">
      <Filter>Source Files</Filter>
    </ClCompile>
    <ClCompile Include="E:\D\MITK-superbuild\ep\src\VTK\Interaction\Widgets\vtkXYPlotWidget.cxx">
      <Filter>Source Files</Filter>
    </ClCompile>
    <ClCompile Include="E:\D\MITK-superbuild\ep\src\VTK\Interaction\Widgets\vtkResliceCursorLineRepresentation.cxx">
      <Filter>Source Files</Filter>
    </ClCompile>
    <ClCompile Include="E:\D\MITK-superbuild\ep\src\VTK\Interaction\Widgets\vtkResliceCursorRepresentation.cxx">
      <Filter>Source Files</Filter>
    </ClCompile>
    <ClCompile Include="E:\D\MITK-superbuild\ep\src\VTK\Interaction\Widgets\vtkResliceCursorThickLineRepresentation.cxx">
      <Filter>Source Files</Filter>
    </ClCompile>
    <ClCompile Include="E:\D\MITK-superbuild\ep\src\VTK\Interaction\Widgets\vtkResliceCursorWidget.cxx">
      <Filter>Source Files</Filter>
    </ClCompile>
    <ClCompile Include="E:\D\MITK-superbuild\ep\src\VTK\Interaction\Widgets\vtkResliceCursorActor.cxx">
      <Filter>Source Files</Filter>
    </ClCompile>
    <ClCompile Include="E:\D\MITK-superbuild\ep\src\VTK\Interaction\Widgets\vtkResliceCursorPicker.cxx">
      <Filter>Source Files</Filter>
    </ClCompile>
    <ClCompile Include="E:\D\MITK-superbuild\ep\src\VTK\Interaction\Widgets\vtkResliceCursor.cxx">
      <Filter>Source Files</Filter>
    </ClCompile>
    <ClCompile Include="E:\D\MITK-superbuild\ep\src\VTK\Interaction\Widgets\vtkResliceCursorPolyDataAlgorithm.cxx">
      <Filter>Source Files</Filter>
    </ClCompile>
    <ClCompile Include="E:\D\MITK-superbuild\ep\src\VTK-build\Interaction\Widgets\vtkInteractionWidgetsInstantiator.cxx">
      <Filter>Source Files</Filter>
    </ClCompile>
  </ItemGroup>
  <ItemGroup>
    <ClInclude Include="E:\D\MITK-superbuild\ep\src\VTK\Interaction\Widgets\vtk3DWidget.h">
      <Filter>Header Files</Filter>
    </ClInclude>
    <ClInclude Include="E:\D\MITK-superbuild\ep\src\VTK\Interaction\Widgets\vtkAbstractPolygonalHandleRepresentation3D.h">
      <Filter>Header Files</Filter>
    </ClInclude>
    <ClInclude Include="E:\D\MITK-superbuild\ep\src\VTK\Interaction\Widgets\vtkAbstractWidget.h">
      <Filter>Header Files</Filter>
    </ClInclude>
    <ClInclude Include="E:\D\MITK-superbuild\ep\src\VTK\Interaction\Widgets\vtkAffineRepresentation2D.h">
      <Filter>Header Files</Filter>
    </ClInclude>
    <ClInclude Include="E:\D\MITK-superbuild\ep\src\VTK\Interaction\Widgets\vtkAffineRepresentation.h">
      <Filter>Header Files</Filter>
    </ClInclude>
    <ClInclude Include="E:\D\MITK-superbuild\ep\src\VTK\Interaction\Widgets\vtkAffineWidget.h">
      <Filter>Header Files</Filter>
    </ClInclude>
    <ClInclude Include="E:\D\MITK-superbuild\ep\src\VTK\Interaction\Widgets\vtkAngleRepresentation2D.h">
      <Filter>Header Files</Filter>
    </ClInclude>
    <ClInclude Include="E:\D\MITK-superbuild\ep\src\VTK\Interaction\Widgets\vtkAngleRepresentation3D.h">
      <Filter>Header Files</Filter>
    </ClInclude>
    <ClInclude Include="E:\D\MITK-superbuild\ep\src\VTK\Interaction\Widgets\vtkAngleRepresentation.h">
      <Filter>Header Files</Filter>
    </ClInclude>
    <ClInclude Include="E:\D\MITK-superbuild\ep\src\VTK\Interaction\Widgets\vtkAngleWidget.h">
      <Filter>Header Files</Filter>
    </ClInclude>
    <ClInclude Include="E:\D\MITK-superbuild\ep\src\VTK\Interaction\Widgets\vtkAxesTransformRepresentation.h">
      <Filter>Header Files</Filter>
    </ClInclude>
    <ClInclude Include="E:\D\MITK-superbuild\ep\src\VTK\Interaction\Widgets\vtkAxesTransformWidget.h">
      <Filter>Header Files</Filter>
    </ClInclude>
    <ClInclude Include="E:\D\MITK-superbuild\ep\src\VTK\Interaction\Widgets\vtkBalloonRepresentation.h">
      <Filter>Header Files</Filter>
    </ClInclude>
    <ClInclude Include="E:\D\MITK-superbuild\ep\src\VTK\Interaction\Widgets\vtkBalloonWidget.h">
      <Filter>Header Files</Filter>
    </ClInclude>
    <ClInclude Include="E:\D\MITK-superbuild\ep\src\VTK\Interaction\Widgets\vtkBezierContourLineInterpolator.h">
      <Filter>Header Files</Filter>
    </ClInclude>
    <ClInclude Include="E:\D\MITK-superbuild\ep\src\VTK\Interaction\Widgets\vtkBiDimensionalRepresentation2D.h">
      <Filter>Header Files</Filter>
    </ClInclude>
    <ClInclude Include="E:\D\MITK-superbuild\ep\src\VTK\Interaction\Widgets\vtkBiDimensionalRepresentation.h">
      <Filter>Header Files</Filter>
    </ClInclude>
    <ClInclude Include="E:\D\MITK-superbuild\ep\src\VTK\Interaction\Widgets\vtkBiDimensionalWidget.h">
      <Filter>Header Files</Filter>
    </ClInclude>
    <ClInclude Include="E:\D\MITK-superbuild\ep\src\VTK\Interaction\Widgets\vtkBorderRepresentation.h">
      <Filter>Header Files</Filter>
    </ClInclude>
    <ClInclude Include="E:\D\MITK-superbuild\ep\src\VTK\Interaction\Widgets\vtkBorderWidget.h">
      <Filter>Header Files</Filter>
    </ClInclude>
    <ClInclude Include="E:\D\MITK-superbuild\ep\src\VTK\Interaction\Widgets\vtkBoundedPlanePointPlacer.h">
      <Filter>Header Files</Filter>
    </ClInclude>
    <ClInclude Include="E:\D\MITK-superbuild\ep\src\VTK\Interaction\Widgets\vtkBoxRepresentation.h">
      <Filter>Header Files</Filter>
    </ClInclude>
    <ClInclude Include="E:\D\MITK-superbuild\ep\src\VTK\Interaction\Widgets\vtkBoxWidget2.h">
      <Filter>Header Files</Filter>
    </ClInclude>
    <ClInclude Include="E:\D\MITK-superbuild\ep\src\VTK\Interaction\Widgets\vtkBoxWidget.h">
      <Filter>Header Files</Filter>
    </ClInclude>
    <ClInclude Include="E:\D\MITK-superbuild\ep\src\VTK\Interaction\Widgets\vtkBrokenLineWidget.h">
      <Filter>Header Files</Filter>
    </ClInclude>
    <ClInclude Include="E:\D\MITK-superbuild\ep\src\VTK\Interaction\Widgets\vtkButtonRepresentation.h">
      <Filter>Header Files</Filter>
    </ClInclude>
    <ClInclude Include="E:\D\MITK-superbuild\ep\src\VTK\Interaction\Widgets\vtkButtonWidget.h">
      <Filter>Header Files</Filter>
    </ClInclude>
    <ClInclude Include="E:\D\MITK-superbuild\ep\src\VTK\Interaction\Widgets\vtkCameraRepresentation.h">
      <Filter>Header Files</Filter>
    </ClInclude>
    <ClInclude Include="E:\D\MITK-superbuild\ep\src\VTK\Interaction\Widgets\vtkCameraWidget.h">
      <Filter>Header Files</Filter>
    </ClInclude>
    <ClInclude Include="E:\D\MITK-superbuild\ep\src\VTK\Interaction\Widgets\vtkCaptionRepresentation.h">
      <Filter>Header Files</Filter>
    </ClInclude>
    <ClInclude Include="E:\D\MITK-superbuild\ep\src\VTK\Interaction\Widgets\vtkCaptionWidget.h">
      <Filter>Header Files</Filter>
    </ClInclude>
    <ClInclude Include="E:\D\MITK-superbuild\ep\src\VTK\Interaction\Widgets\vtkCellCentersPointPlacer.h">
      <Filter>Header Files</Filter>
    </ClInclude>
    <ClInclude Include="E:\D\MITK-superbuild\ep\src\VTK\Interaction\Widgets\vtkCenteredSliderRepresentation.h">
      <Filter>Header Files</Filter>
    </ClInclude>
    <ClInclude Include="E:\D\MITK-superbuild\ep\src\VTK\Interaction\Widgets\vtkCenteredSliderWidget.h">
      <Filter>Header Files</Filter>
    </ClInclude>
    <ClInclude Include="E:\D\MITK-superbuild\ep\src\VTK\Interaction\Widgets\vtkCheckerboardRepresentation.h">
      <Filter>Header Files</Filter>
    </ClInclude>
    <ClInclude Include="E:\D\MITK-superbuild\ep\src\VTK\Interaction\Widgets\vtkCheckerboardWidget.h">
      <Filter>Header Files</Filter>
    </ClInclude>
    <ClInclude Include="E:\D\MITK-superbuild\ep\src\VTK\Interaction\Widgets\vtkClosedSurfacePointPlacer.h">
      <Filter>Header Files</Filter>
    </ClInclude>
    <ClInclude Include="E:\D\MITK-superbuild\ep\src\VTK\Interaction\Widgets\vtkConstrainedPointHandleRepresentation.h">
      <Filter>Header Files</Filter>
    </ClInclude>
    <ClInclude Include="E:\D\MITK-superbuild\ep\src\VTK\Interaction\Widgets\vtkContinuousValueWidget.h">
      <Filter>Header Files</Filter>
    </ClInclude>
    <ClInclude Include="E:\D\MITK-superbuild\ep\src\VTK\Interaction\Widgets\vtkContinuousValueWidgetRepresentation.h">
      <Filter>Header Files</Filter>
    </ClInclude>
    <ClInclude Include="E:\D\MITK-superbuild\ep\src\VTK\Interaction\Widgets\vtkContourLineInterpolator.h">
      <Filter>Header Files</Filter>
    </ClInclude>
    <ClInclude Include="E:\D\MITK-superbuild\ep\src\VTK\Interaction\Widgets\vtkContourRepresentation.h">
      <Filter>Header Files</Filter>
    </ClInclude>
    <ClInclude Include="E:\D\MITK-superbuild\ep\src\VTK\Interaction\Widgets\vtkContourWidget.h">
      <Filter>Header Files</Filter>
    </ClInclude>
    <ClInclude Include="E:\D\MITK-superbuild\ep\src\VTK\Interaction\Widgets\vtkDijkstraImageContourLineInterpolator.h">
      <Filter>Header Files</Filter>
    </ClInclude>
    <ClInclude Include="E:\D\MITK-superbuild\ep\src\VTK\Interaction\Widgets\vtkDistanceRepresentation2D.h">
      <Filter>Header Files</Filter>
    </ClInclude>
    <ClInclude Include="E:\D\MITK-superbuild\ep\src\VTK\Interaction\Widgets\vtkDistanceRepresentation3D.h">
      <Filter>Header Files</Filter>
    </ClInclude>
    <ClInclude Include="E:\D\MITK-superbuild\ep\src\VTK\Interaction\Widgets\vtkDistanceRepresentation.h">
      <Filter>Header Files</Filter>
    </ClInclude>
    <ClInclude Include="E:\D\MITK-superbuild\ep\src\VTK\Interaction\Widgets\vtkDistanceWidget.h">
      <Filter>Header Files</Filter>
    </ClInclude>
    <ClInclude Include="E:\D\MITK-superbuild\ep\src\VTK\Interaction\Widgets\vtkEllipsoidTensorProbeRepresentation.h">
      <Filter>Header Files</Filter>
    </ClInclude>
    <ClInclude Include="E:\D\MITK-superbuild\ep\src\VTK\Interaction\Widgets\vtkEvent.h">
      <Filter>Header Files</Filter>
    </ClInclude>
    <ClInclude Include="E:\D\MITK-superbuild\ep\src\VTK\Interaction\Widgets\vtkFixedSizeHandleRepresentation3D.h">
      <Filter>Header Files</Filter>
    </ClInclude>
    <ClInclude Include="E:\D\MITK-superbuild\ep\src\VTK\Interaction\Widgets\vtkFocalPlaneContourRepresentation.h">
      <Filter>Header Files</Filter>
    </ClInclude>
    <ClInclude Include="E:\D\MITK-superbuild\ep\src\VTK\Interaction\Widgets\vtkFocalPlanePointPlacer.h">
      <Filter>Header Files</Filter>
    </ClInclude>
    <ClInclude Include="E:\D\MITK-superbuild\ep\src\VTK\Interaction\Widgets\vtkHandleRepresentation.h">
      <Filter>Header Files</Filter>
    </ClInclude>
    <ClInclude Include="E:\D\MITK-superbuild\ep\src\VTK\Interaction\Widgets\vtkHandleWidget.h">
      <Filter>Header Files</Filter>
    </ClInclude>
    <ClInclude Include="E:\D\MITK-superbuild\ep\src\VTK\Interaction\Widgets\vtkHoverWidget.h">
      <Filter>Header Files</Filter>
    </ClInclude>
    <ClInclude Include="E:\D\MITK-superbuild\ep\src\VTK\Interaction\Widgets\vtkImageActorPointPlacer.h">
      <Filter>Header Files</Filter>
    </ClInclude>
    <ClInclude Include="E:\D\MITK-superbuild\ep\src\VTK\Interaction\Widgets\vtkImageCroppingRegionsWidget.h">
      <Filter>Header Files</Filter>
    </ClInclude>
    <ClInclude Include="E:\D\MITK-superbuild\ep\src\VTK\Interaction\Widgets\vtkImageOrthoPlanes.h">
      <Filter>Header Files</Filter>
    </ClInclude>
    <ClInclude Include="E:\D\MITK-superbuild\ep\src\VTK\Interaction\Widgets\vtkImagePlaneWidget.h">
      <Filter>Header Files</Filter>
    </ClInclude>
    <ClInclude Include="E:\D\MITK-superbuild\ep\src\VTK\Interaction\Widgets\vtkImageTracerWidget.h">
      <Filter>Header Files</Filter>
    </ClInclude>
    <ClInclude Include="E:\D\MITK-superbuild\ep\src\VTK\Interaction\Widgets\vtkImplicitPlaneRepresentation.h">
      <Filter>Header Files</Filter>
    </ClInclude>
    <ClInclude Include="E:\D\MITK-superbuild\ep\src\VTK\Interaction\Widgets\vtkImplicitPlaneWidget2.h">
      <Filter>Header Files</Filter>
    </ClInclude>
    <ClInclude Include="E:\D\MITK-superbuild\ep\src\VTK\Interaction\Widgets\vtkImplicitPlaneWidget.h">
      <Filter>Header Files</Filter>
    </ClInclude>
    <ClInclude Include="E:\D\MITK-superbuild\ep\src\VTK\Interaction\Widgets\vtkLinearContourLineInterpolator.h">
      <Filter>Header Files</Filter>
    </ClInclude>
    <ClInclude Include="E:\D\MITK-superbuild\ep\src\VTK\Interaction\Widgets\vtkLineRepresentation.h">
      <Filter>Header Files</Filter>
    </ClInclude>
    <ClInclude Include="E:\D\MITK-superbuild\ep\src\VTK\Interaction\Widgets\vtkLineWidget2.h">
      <Filter>Header Files</Filter>
    </ClInclude>
    <ClInclude Include="E:\D\MITK-superbuild\ep\src\VTK\Interaction\Widgets\vtkLineWidget.h">
      <Filter>Header Files</Filter>
    </ClInclude>
    <ClInclude Include="E:\D\MITK-superbuild\ep\src\VTK\Interaction\Widgets\vtkLogoRepresentation.h">
      <Filter>Header Files</Filter>
    </ClInclude>
    <ClInclude Include="E:\D\MITK-superbuild\ep\src\VTK\Interaction\Widgets\vtkLogoWidget.h">
      <Filter>Header Files</Filter>
    </ClInclude>
    <ClInclude Include="E:\D\MITK-superbuild\ep\src\VTK\Interaction\Widgets\vtkOrientationMarkerWidget.h">
      <Filter>Header Files</Filter>
    </ClInclude>
    <ClInclude Include="E:\D\MITK-superbuild\ep\src\VTK\Interaction\Widgets\vtkOrientedGlyphContourRepresentation.h">
      <Filter>Header Files</Filter>
    </ClInclude>
    <ClInclude Include="E:\D\MITK-superbuild\ep\src\VTK\Interaction\Widgets\vtkOrientedGlyphFocalPlaneContourRepresentation.h">
      <Filter>Header Files</Filter>
    </ClInclude>
    <ClInclude Include="E:\D\MITK-superbuild\ep\src\VTK\Interaction\Widgets\vtkOrientedPolygonalHandleRepresentation3D.h">
      <Filter>Header Files</Filter>
    </ClInclude>
    <ClInclude Include="E:\D\MITK-superbuild\ep\src\VTK\Interaction\Widgets\vtkParallelopipedRepresentation.h">
      <Filter>Header Files</Filter>
    </ClInclude>
    <ClInclude Include="E:\D\MITK-superbuild\ep\src\VTK\Interaction\Widgets\vtkParallelopipedWidget.h">
      <Filter>Header Files</Filter>
    </ClInclude>
    <ClInclude Include="E:\D\MITK-superbuild\ep\src\VTK\Interaction\Widgets\vtkPlaneWidget.h">
      <Filter>Header Files</Filter>
    </ClInclude>
    <ClInclude Include="E:\D\MITK-superbuild\ep\src\VTK\Interaction\Widgets\vtkPlaybackRepresentation.h">
      <Filter>Header Files</Filter>
    </ClInclude>
    <ClInclude Include="E:\D\MITK-superbuild\ep\src\VTK\Interaction\Widgets\vtkPlaybackWidget.h">
      <Filter>Header Files</Filter>
    </ClInclude>
    <ClInclude Include="E:\D\MITK-superbuild\ep\src\VTK\Interaction\Widgets\vtkPointHandleRepresentation2D.h">
      <Filter>Header Files</Filter>
    </ClInclude>
    <ClInclude Include="E:\D\MITK-superbuild\ep\src\VTK\Interaction\Widgets\vtkPointHandleRepresentation3D.h">
      <Filter>Header Files</Filter>
    </ClInclude>
    <ClInclude Include="E:\D\MITK-superbuild\ep\src\VTK\Interaction\Widgets\vtkPointPlacer.h">
      <Filter>Header Files</Filter>
    </ClInclude>
    <ClInclude Include="E:\D\MITK-superbuild\ep\src\VTK\Interaction\Widgets\vtkPointWidget.h">
      <Filter>Header Files</Filter>
    </ClInclude>
    <ClInclude Include="E:\D\MITK-superbuild\ep\src\VTK\Interaction\Widgets\vtkPolyDataContourLineInterpolator.h">
      <Filter>Header Files</Filter>
    </ClInclude>
    <ClInclude Include="E:\D\MITK-superbuild\ep\src\VTK\Interaction\Widgets\vtkPolyDataPointPlacer.h">
      <Filter>Header Files</Filter>
    </ClInclude>
    <ClInclude Include="E:\D\MITK-superbuild\ep\src\VTK\Interaction\Widgets\vtkPolyDataSourceWidget.h">
      <Filter>Header Files</Filter>
    </ClInclude>
    <ClInclude Include="E:\D\MITK-superbuild\ep\src\VTK\Interaction\Widgets\vtkPolygonalHandleRepresentation3D.h">
      <Filter>Header Files</Filter>
    </ClInclude>
    <ClInclude Include="E:\D\MITK-superbuild\ep\src\VTK\Interaction\Widgets\vtkPolygonalSurfaceContourLineInterpolator.h">
      <Filter>Header Files</Filter>
    </ClInclude>
    <ClInclude Include="E:\D\MITK-superbuild\ep\src\VTK\Interaction\Widgets\vtkPolygonalSurfacePointPlacer.h">
      <Filter>Header Files</Filter>
    </ClInclude>
    <ClInclude Include="E:\D\MITK-superbuild\ep\src\VTK\Interaction\Widgets\vtkProp3DButtonRepresentation.h">
      <Filter>Header Files</Filter>
    </ClInclude>
    <ClInclude Include="E:\D\MITK-superbuild\ep\src\VTK\Interaction\Widgets\vtkRectilinearWipeRepresentation.h">
      <Filter>Header Files</Filter>
    </ClInclude>
    <ClInclude Include="E:\D\MITK-superbuild\ep\src\VTK\Interaction\Widgets\vtkRectilinearWipeWidget.h">
      <Filter>Header Files</Filter>
    </ClInclude>
    <ClInclude Include="E:\D\MITK-superbuild\ep\src\VTK\Interaction\Widgets\vtkScalarBarRepresentation.h">
      <Filter>Header Files</Filter>
    </ClInclude>
    <ClInclude Include="E:\D\MITK-superbuild\ep\src\VTK\Interaction\Widgets\vtkScalarBarWidget.h">
      <Filter>Header Files</Filter>
    </ClInclude>
    <ClInclude Include="E:\D\MITK-superbuild\ep\src\VTK\Interaction\Widgets\vtkSeedRepresentation.h">
      <Filter>Header Files</Filter>
    </ClInclude>
    <ClInclude Include="E:\D\MITK-superbuild\ep\src\VTK\Interaction\Widgets\vtkSeedWidget.h">
      <Filter>Header Files</Filter>
    </ClInclude>
    <ClInclude Include="E:\D\MITK-superbuild\ep\src\VTK\Interaction\Widgets\vtkSliderRepresentation2D.h">
      <Filter>Header Files</Filter>
    </ClInclude>
    <ClInclude Include="E:\D\MITK-superbuild\ep\src\VTK\Interaction\Widgets\vtkSliderRepresentation3D.h">
      <Filter>Header Files</Filter>
    </ClInclude>
    <ClInclude Include="E:\D\MITK-superbuild\ep\src\VTK\Interaction\Widgets\vtkSliderRepresentation.h">
      <Filter>Header Files</Filter>
    </ClInclude>
    <ClInclude Include="E:\D\MITK-superbuild\ep\src\VTK\Interaction\Widgets\vtkSliderWidget.h">
      <Filter>Header Files</Filter>
    </ClInclude>
    <ClInclude Include="E:\D\MITK-superbuild\ep\src\VTK\Interaction\Widgets\vtkSphereHandleRepresentation.h">
      <Filter>Header Files</Filter>
    </ClInclude>
    <ClInclude Include="E:\D\MITK-superbuild\ep\src\VTK\Interaction\Widgets\vtkSphereRepresentation.h">
      <Filter>Header Files</Filter>
    </ClInclude>
    <ClInclude Include="E:\D\MITK-superbuild\ep\src\VTK\Interaction\Widgets\vtkSphereWidget2.h">
      <Filter>Header Files</Filter>
    </ClInclude>
    <ClInclude Include="E:\D\MITK-superbuild\ep\src\VTK\Interaction\Widgets\vtkSphereWidget.h">
      <Filter>Header Files</Filter>
    </ClInclude>
    <ClInclude Include="E:\D\MITK-superbuild\ep\src\VTK\Interaction\Widgets\vtkSplineRepresentation.h">
      <Filter>Header Files</Filter>
    </ClInclude>
    <ClInclude Include="E:\D\MITK-superbuild\ep\src\VTK\Interaction\Widgets\vtkSplineWidget2.h">
      <Filter>Header Files</Filter>
    </ClInclude>
    <ClInclude Include="E:\D\MITK-superbuild\ep\src\VTK\Interaction\Widgets\vtkSplineWidget.h">
      <Filter>Header Files</Filter>
    </ClInclude>
    <ClInclude Include="E:\D\MITK-superbuild\ep\src\VTK\Interaction\Widgets\vtkTensorProbeRepresentation.h">
      <Filter>Header Files</Filter>
    </ClInclude>
    <ClInclude Include="E:\D\MITK-superbuild\ep\src\VTK\Interaction\Widgets\vtkTensorProbeWidget.h">
      <Filter>Header Files</Filter>
    </ClInclude>
    <ClInclude Include="E:\D\MITK-superbuild\ep\src\VTK\Interaction\Widgets\vtkTerrainContourLineInterpolator.h">
      <Filter>Header Files</Filter>
    </ClInclude>
    <ClInclude Include="E:\D\MITK-superbuild\ep\src\VTK\Interaction\Widgets\vtkTerrainDataPointPlacer.h">
      <Filter>Header Files</Filter>
    </ClInclude>
    <ClInclude Include="E:\D\MITK-superbuild\ep\src\VTK\Interaction\Widgets\vtkTextRepresentation.h">
      <Filter>Header Files</Filter>
    </ClInclude>
    <ClInclude Include="E:\D\MITK-superbuild\ep\src\VTK\Interaction\Widgets\vtkTexturedButtonRepresentation2D.h">
      <Filter>Header Files</Filter>
    </ClInclude>
    <ClInclude Include="E:\D\MITK-superbuild\ep\src\VTK\Interaction\Widgets\vtkTexturedButtonRepresentation.h">
      <Filter>Header Files</Filter>
    </ClInclude>
    <ClInclude Include="E:\D\MITK-superbuild\ep\src\VTK\Interaction\Widgets\vtkTextWidget.h">
      <Filter>Header Files</Filter>
    </ClInclude>
    <ClInclude Include="E:\D\MITK-superbuild\ep\src\VTK\Interaction\Widgets\vtkWidgetCallbackMapper.h">
      <Filter>Header Files</Filter>
    </ClInclude>
    <ClInclude Include="E:\D\MITK-superbuild\ep\src\VTK\Interaction\Widgets\vtkWidgetEvent.h">
      <Filter>Header Files</Filter>
    </ClInclude>
    <ClInclude Include="E:\D\MITK-superbuild\ep\src\VTK\Interaction\Widgets\vtkWidgetEventTranslator.h">
      <Filter>Header Files</Filter>
    </ClInclude>
    <ClInclude Include="E:\D\MITK-superbuild\ep\src\VTK\Interaction\Widgets\vtkWidgetRepresentation.h">
      <Filter>Header Files</Filter>
    </ClInclude>
    <ClInclude Include="E:\D\MITK-superbuild\ep\src\VTK\Interaction\Widgets\vtkWidgetSet.h">
      <Filter>Header Files</Filter>
    </ClInclude>
    <ClInclude Include="E:\D\MITK-superbuild\ep\src\VTK\Interaction\Widgets\vtkXYPlotWidget.h">
      <Filter>Header Files</Filter>
    </ClInclude>
    <ClInclude Include="E:\D\MITK-superbuild\ep\src\VTK\Interaction\Widgets\vtkResliceCursorLineRepresentation.h">
      <Filter>Header Files</Filter>
    </ClInclude>
    <ClInclude Include="E:\D\MITK-superbuild\ep\src\VTK\Interaction\Widgets\vtkResliceCursorRepresentation.h">
      <Filter>Header Files</Filter>
    </ClInclude>
    <ClInclude Include="E:\D\MITK-superbuild\ep\src\VTK\Interaction\Widgets\vtkResliceCursorThickLineRepresentation.h">
      <Filter>Header Files</Filter>
    </ClInclude>
    <ClInclude Include="E:\D\MITK-superbuild\ep\src\VTK\Interaction\Widgets\vtkResliceCursorWidget.h">
      <Filter>Header Files</Filter>
    </ClInclude>
    <ClInclude Include="E:\D\MITK-superbuild\ep\src\VTK\Interaction\Widgets\vtkResliceCursorActor.h">
      <Filter>Header Files</Filter>
    </ClInclude>
    <ClInclude Include="E:\D\MITK-superbuild\ep\src\VTK\Interaction\Widgets\vtkResliceCursorPicker.h">
      <Filter>Header Files</Filter>
    </ClInclude>
    <ClInclude Include="E:\D\MITK-superbuild\ep\src\VTK\Interaction\Widgets\vtkResliceCursor.h">
      <Filter>Header Files</Filter>
    </ClInclude>
    <ClInclude Include="E:\D\MITK-superbuild\ep\src\VTK\Interaction\Widgets\vtkResliceCursorPolyDataAlgorithm.h">
      <Filter>Header Files</Filter>
    </ClInclude>
    <ClInclude Include="E:\D\MITK-superbuild\ep\src\VTK-build\Interaction\Widgets\vtkInteractionWidgetsModule.h">
      <Filter>Header Files</Filter>
    </ClInclude>
    <ClInclude Include="E:\D\MITK-superbuild\ep\src\VTK-build\Interaction\Widgets\vtkInteractionWidgetsInstantiator.h">
      <Filter>Header Files</Filter>
    </ClInclude>
  </ItemGroup>
  <ItemGroup>
    <CustomBuild Include="E:\D\MITK-superbuild\ep\src\VTK\Interaction\Widgets\CMakeLists.txt" />
  </ItemGroup>
  <ItemGroup>
    <Filter Include="Source Files">
      <UniqueIdentifier>{B8573E94-36CD-38B9-BB2A-4F9466D8DF17}</UniqueIdentifier>
    </Filter>
    <Filter Include="Header Files">
      <UniqueIdentifier>{2DE3B47B-2DB9-3535-836B-E2F8044C9462}</UniqueIdentifier>
    </Filter>
  </ItemGroup>
</Project>
