<?xml version="1.0" encoding="UTF-8"?>
<Project ToolsVersion="12.0" xmlns="http://schemas.microsoft.com/developer/msbuild/2003">
  <ItemGroup>
    <ClCompile Include="E:\D\MITK-superbuild\ep\src\VTK\Views\Qt\vtkQtAnnotationView.cxx">
      <Filter>Source Files</Filter>
    </ClCompile>
    <ClCompile Include="E:\D\MITK-superbuild\ep\src\VTK\Views\Qt\vtkQtListView.cxx">
      <Filter>Source Files</Filter>
    </ClCompile>
    <ClCompile Include="E:\D\MITK-superbuild\ep\src\VTK\Views\Qt\vtkQtRecordView.cxx">
      <Filter>Source Files</Filter>
    </ClCompile>
    <ClCompile Include="E:\D\MITK-superbuild\ep\src\VTK\Views\Qt\vtkQtTableRepresentation.cxx">
      <Filter>Source Files</Filter>
    </ClCompile>
    <ClCompile Include="E:\D\MITK-superbuild\ep\src\VTK\Views\Qt\vtkQtTableView.cxx">
      <Filter>Source Files</Filter>
    </ClCompile>
    <ClCompile Include="E:\D\MITK-superbuild\ep\src\VTK\Views\Qt\vtkQtTreeView.cxx">
      <Filter>Source Files</Filter>
    </ClCompile>
    <ClCompile Include="E:\D\MITK-superbuild\ep\src\VTK\Views\Qt\vtkQtView.cxx">
      <Filter>Source Files</Filter>
    </ClCompile>
    <ClCompile Include="E:\D\MITK-superbuild\ep\src\VTK-build\Views\Qt\moc_vtkQtAnnotationView.cpp">
      <Filter>Source Files</Filter>
    </ClCompile>
    <ClCompile Include="E:\D\MITK-superbuild\ep\src\VTK-build\Views\Qt\moc_vtkQtListView.cpp">
      <Filter>Source Files</Filter>
    </ClCompile>
    <ClCompile Include="E:\D\MITK-superbuild\ep\src\VTK-build\Views\Qt\moc_vtkQtRecordView.cpp">
      <Filter>Source Files</Filter>
    </ClCompile>
    <ClCompile Include="E:\D\MITK-superbuild\ep\src\VTK-build\Views\Qt\moc_vtkQtTableView.cpp">
      <Filter>Source Files</Filter>
    </ClCompile>
    <ClCompile Include="E:\D\MITK-superbuild\ep\src\VTK-build\Views\Qt\moc_vtkQtTreeView.cpp">
      <Filter>Source Files</Filter>
    </ClCompile>
    <ClCompile Include="E:\D\MITK-superbuild\ep\src\VTK-build\Views\Qt\moc_vtkQtView.cpp">
      <Filter>Source Files</Filter>
    </ClCompile>
  </ItemGroup>
  <ItemGroup>
    <ClInclude Include="E:\D\MITK-superbuild\ep\src\VTK\Views\Qt\vtkQtAnnotationView.h">
      <Filter>Header Files</Filter>
    </ClInclude>
    <ClInclude Include="E:\D\MITK-superbuild\ep\src\VTK\Views\Qt\vtkQtListView.h">
      <Filter>Header Files</Filter>
    </ClInclude>
    <ClInclude Include="E:\D\MITK-superbuild\ep\src\VTK\Views\Qt\vtkQtRecordView.h">
      <Filter>Header Files</Filter>
    </ClInclude>
    <ClInclude Include="E:\D\MITK-superbuild\ep\src\VTK\Views\Qt\vtkQtTableRepresentation.h">
      <Filter>Header Files</Filter>
    </ClInclude>
    <ClInclude Include="E:\D\MITK-superbuild\ep\src\VTK\Views\Qt\vtkQtTableView.h">
      <Filter>Header Files</Filter>
    </ClInclude>
    <ClInclude Include="E:\D\MITK-superbuild\ep\src\VTK\Views\Qt\vtkQtTreeView.h">
      <Filter>Header Files</Filter>
    </ClInclude>
    <ClInclude Include="E:\D\MITK-superbuild\ep\src\VTK\Views\Qt\vtkQtView.h">
      <Filter>Header Files</Filter>
    </ClInclude>
    <ClInclude Include="E:\D\MITK-superbuild\ep\src\VTK-build\Views\Qt\vtkViewsQtModule.h">
      <Filter>Header Files</Filter>
    </ClInclude>
  </ItemGroup>
  <ItemGroup>
    <CustomBuild Include="E:\D\MITK-superbuild\ep\src\VTK\Views\Qt\CMakeLists.txt" />
    <CustomBuild Include="E:\D\MITK-superbuild\ep\src\VTK-build\CMakeFiles\869c18ada883757e1b62b282595706a3\moc_vtkQtAnnotationView.cpp.rule">
      <Filter>CMake Rules</Filter>
    </CustomBuild>
    <CustomBuild Include="E:\D\MITK-superbuild\ep\src\VTK-build\CMakeFiles\869c18ada883757e1b62b282595706a3\moc_vtkQtListView.cpp.rule">
      <Filter>CMake Rules</Filter>
    </CustomBuild>
    <CustomBuild Include="E:\D\MITK-superbuild\ep\src\VTK-build\CMakeFiles\869c18ada883757e1b62b282595706a3\moc_vtkQtRecordView.cpp.rule">
      <Filter>CMake Rules</Filter>
    </CustomBuild>
    <CustomBuild Include="E:\D\MITK-superbuild\ep\src\VTK-build\CMakeFiles\869c18ada883757e1b62b282595706a3\moc_vtkQtTableView.cpp.rule">
      <Filter>CMake Rules</Filter>
    </CustomBuild>
    <CustomBuild Include="E:\D\MITK-superbuild\ep\src\VTK-build\CMakeFiles\869c18ada883757e1b62b282595706a3\moc_vtkQtTreeView.cpp.rule">
      <Filter>CMake Rules</Filter>
    </CustomBuild>
    <CustomBuild Include="E:\D\MITK-superbuild\ep\src\VTK-build\CMakeFiles\869c18ada883757e1b62b282595706a3\moc_vtkQtView.cpp.rule">
      <Filter>CMake Rules</Filter>
    </CustomBuild>
  </ItemGroup>
  <ItemGroup>
    <Filter Include="Source Files">
      <UniqueIdentifier>{B8573E94-36CD-38B9-BB2A-4F9466D8DF17}</UniqueIdentifier>
    </Filter>
    <Filter Include="Header Files">
      <UniqueIdentifier>{2DE3B47B-2DB9-3535-836B-E2F8044C9462}</UniqueIdentifier>
    </Filter>
    <Filter Include="CMake Rules">
      <UniqueIdentifier>{D56134BE-FA6A-3B72-B5C8-CC5DA9F743F2}</UniqueIdentifier>
    </Filter>
  </ItemGroup>
</Project>
