<?xml version="1.0" encoding="UTF-8"?>
<Project ToolsVersion="12.0" xmlns="http://schemas.microsoft.com/developer/msbuild/2003">
  <ItemGroup>
    <ClCompile Include="E:\D\MITK-superbuild\MITK-build\Modules\IOExt\us_init.cpp">
      <Filter>== Source Files ==</Filter>
    </ClCompile>
    <ClCompile Include="E:\D\MITK\Modules\IOExt\Internal\mitkIOExtActivator.cpp">
      <Filter>== Source Files ==</Filter>
    </ClCompile>
    <ClCompile Include="E:\D\MITK\Modules\IOExt\Internal\mitkIOExtObjectFactory.cpp">
      <Filter>== Source Files ==</Filter>
    </ClCompile>
    <ClCompile Include="E:\D\MITK\Modules\IOExt\Internal\mitkObjFileReaderService.cpp">
      <Filter>== Source Files ==</Filter>
    </ClCompile>
    <ClCompile Include="E:\D\MITK\Modules\IOExt\Internal\mitkPlyFileWriterService.cpp">
      <Filter>== Source Files ==</Filter>
    </ClCompile>
    <ClCompile Include="E:\D\MITK\Modules\IOExt\Internal\mitkPlyFileReaderService.cpp">
      <Filter>== Source Files ==</Filter>
    </ClCompile>
    <ClCompile Include="E:\D\MITK\Modules\IOExt\Internal\mitkParRecFileIOFactory.cpp">
      <Filter>== Source Files ==</Filter>
    </ClCompile>
    <ClCompile Include="E:\D\MITK\Modules\IOExt\Internal\mitkParRecFileReader.cpp">
      <Filter>== Source Files ==</Filter>
    </ClCompile>
    <ClCompile Include="E:\D\MITK\Modules\IOExt\Internal\mitkSceneFileReader.cpp">
      <Filter>== Source Files ==</Filter>
    </ClCompile>
    <ClCompile Include="E:\D\MITK\Modules\IOExt\Internal\mitkStlVolumeTimeSeriesIOFactory.cpp">
      <Filter>== Source Files ==</Filter>
    </ClCompile>
    <ClCompile Include="E:\D\MITK\Modules\IOExt\Internal\mitkStlVolumeTimeSeriesReader.cpp">
      <Filter>== Source Files ==</Filter>
    </ClCompile>
    <ClCompile Include="E:\D\MITK\Modules\IOExt\Internal\mitkUnstructuredGridVtkWriter.cpp">
      <Filter>== Source Files ==</Filter>
    </ClCompile>
    <ClCompile Include="E:\D\MITK\Modules\IOExt\Internal\mitkUnstructuredGridVtkWriterFactory.cpp">
      <Filter>== Source Files ==</Filter>
    </ClCompile>
    <ClCompile Include="E:\D\MITK\Modules\IOExt\Internal\mitkVtkUnstructuredGridReader.cpp">
      <Filter>== Source Files ==</Filter>
    </ClCompile>
    <ClCompile Include="E:\D\MITK\Modules\IOExt\Internal\mitkVtkVolumeTimeSeriesIOFactory.cpp">
      <Filter>== Source Files ==</Filter>
    </ClCompile>
    <ClCompile Include="E:\D\MITK\Modules\IOExt\Internal\mitkVtkVolumeTimeSeriesReader.cpp">
      <Filter>== Source Files ==</Filter>
    </ClCompile>
  </ItemGroup>
  <ItemGroup>
    <ClInclude Include="E:\D\MITK\Modules\IOExt\Internal\mitkIOExtActivator.h">
      <Filter>== Header Files ==</Filter>
    </ClInclude>
    <ClInclude Include="E:\D\MITK\Modules\IOExt\Internal\mitkIOExtObjectFactory.h">
      <Filter>== Header Files ==</Filter>
    </ClInclude>
    <ClInclude Include="E:\D\MITK\Modules\IOExt\Internal\mitkObjFileReaderService.h">
      <Filter>== Header Files ==</Filter>
    </ClInclude>
    <ClInclude Include="E:\D\MITK\Modules\IOExt\Internal\mitkPlyFileWriterService.h">
      <Filter>== Header Files ==</Filter>
    </ClInclude>
    <ClInclude Include="E:\D\MITK\Modules\IOExt\Internal\mitkPlyFileReaderService.h">
      <Filter>== Header Files ==</Filter>
    </ClInclude>
    <ClInclude Include="E:\D\MITK\Modules\IOExt\Internal\mitkParRecFileIOFactory.h">
      <Filter>== Header Files ==</Filter>
    </ClInclude>
    <ClInclude Include="E:\D\MITK\Modules\IOExt\Internal\mitkParRecFileReader.h">
      <Filter>== Header Files ==</Filter>
    </ClInclude>
    <ClInclude Include="E:\D\MITK\Modules\IOExt\Internal\mitkSceneFileReader.h">
      <Filter>== Header Files ==</Filter>
    </ClInclude>
    <ClInclude Include="E:\D\MITK\Modules\IOExt\Internal\mitkStlVolumeTimeSeriesIOFactory.h">
      <Filter>== Header Files ==</Filter>
    </ClInclude>
    <ClInclude Include="E:\D\MITK\Modules\IOExt\Internal\mitkStlVolumeTimeSeriesReader.h">
      <Filter>== Header Files ==</Filter>
    </ClInclude>
    <ClInclude Include="E:\D\MITK\Modules\IOExt\Internal\mitkUnstructuredGridVtkWriter.h">
      <Filter>== Header Files ==</Filter>
    </ClInclude>
    <ClInclude Include="E:\D\MITK\Modules\IOExt\Internal\mitkUnstructuredGridVtkWriterFactory.h">
      <Filter>== Header Files ==</Filter>
    </ClInclude>
    <ClInclude Include="E:\D\MITK\Modules\IOExt\Internal\mitkVtkUnstructuredGridReader.h">
      <Filter>== Header Files ==</Filter>
    </ClInclude>
    <ClInclude Include="E:\D\MITK\Modules\IOExt\Internal\mitkVtkVolumeTimeSeriesIOFactory.h">
      <Filter>== Header Files ==</Filter>
    </ClInclude>
    <ClInclude Include="E:\D\MITK\Modules\IOExt\Internal\mitkVtkVolumeTimeSeriesReader.h">
      <Filter>== Header Files ==</Filter>
    </ClInclude>
  </ItemGroup>
  <ItemGroup>
    <CustomBuild Include="E:\D\MITK\Modules\IOExt\CMakeLists.txt" />
  </ItemGroup>
  <ItemGroup>
    <Filter Include="== Source Files ==">
      <UniqueIdentifier>{9CA70B67-B51F-303F-96AF-687940E0FEA8}</UniqueIdentifier>
    </Filter>
    <Filter Include="== Header Files ==">
      <UniqueIdentifier>{4D89E91A-663E-32FD-A047-724E4EC4BA98}</UniqueIdentifier>
    </Filter>
  </ItemGroup>
</Project>
